
Microsoft Visual Studio Solution File, Format Version 12.00
# Visual Studio 15
VisualStudioVersion = 15.0.26730.3
MinimumVisualStudioVersion = 10.0.40219.1
Project("{2150E333-8FDC-42A3-9474-1A3956D46DE8}") = "SDRN Server", "SDRN Server", "{21E7E276-6012-498E-A58D-B5A0D0286465}"
EndProject
Project("{2150E333-8FDC-42A3-9474-1A3956D46DE8}") = "00 DataModels", "00 DataModels", "{A7B201AE-3748-4946-BFC8-4F86AC1FE72C}"
EndProject
Project("{FAE04EC0-301F-11D3-BF4B-00C04F79EFBC}") = "Atdi.DataModels.Sdrns.Device", "DataModels\Atdi.DataModels.Sdrns.Device\Atdi.DataModels.Sdrns.Device.csproj", "{4670DA92-06CF-4CE4-BBF8-67353A907BD0}"
EndProject
Project("{FAE04EC0-301F-11D3-BF4B-00C04F79EFBC}") = "Atdi.DataModels", "DataModels\Atdi.DataModels\Atdi.DataModels.csproj", "{506B3655-4706-42F8-87F1-FB13869AA4C1}"
EndProject
Project("{FAE04EC0-301F-11D3-BF4B-00C04F79EFBC}") = "Atdi.DataModels.Sdrns", "DataModels\Atdi.DataModels.Sdrns\Atdi.DataModels.Sdrns.csproj", "{40EBB60E-FE75-40C7-94FA-DDBADA32F58C}"
EndProject
Project("{2150E333-8FDC-42A3-9474-1A3956D46DE8}") = "01 Contracts", "01 Contracts", "{B7711BCE-372E-4E96-89D1-61E9624EB633}"
EndProject
Project("{2150E333-8FDC-42A3-9474-1A3956D46DE8}") = "01 WcfServices", "01 WcfServices", "{6C62A2AE-2272-474F-AAA4-59F450C528D8}"
EndProject
Project("{FAE04EC0-301F-11D3-BF4B-00C04F79EFBC}") = "Atdi.Contracts.WcfServices.Sdrn.Device", "Contracts\WcfServices\Atdi.Contracts.WcfServices.Sdrn.Device\Atdi.Contracts.WcfServices.Sdrn.Device.csproj", "{BED80A02-9104-477F-A267-F9265EEED6C0}"
EndProject
Project("{2150E333-8FDC-42A3-9474-1A3956D46DE8}") = "99 Test", "99 Test", "{8489C394-6CB0-4100-A850-702CF94BAE52}"
EndProject
Project("{2150E333-8FDC-42A3-9474-1A3956D46DE8}") = "00 Common", "00 Common", "{E3FF213C-828B-4A2B-AA4C-C6975B88B797}"
EndProject
Project("{FAE04EC0-301F-11D3-BF4B-00C04F79EFBC}") = "Atdi.Common", "Common\Atdi.Common\Atdi.Common.csproj", "{D3CFFBA9-C232-4C8D-BACD-5A30DED686D2}"
EndProject
Project("{2150E333-8FDC-42A3-9474-1A3956D46DE8}") = "01 ATDI Platform", "01 ATDI Platform", "{DF9CA18E-B7D0-4718-A421-2F2022AA9878}"
EndProject
Project("{FAE04EC0-301F-11D3-BF4B-00C04F79EFBC}") = "Atdi.Platform", "Platform\Atdi.Platform\Atdi.Platform.csproj", "{2C2B4FDF-FF87-49B5-8080-DA8A5715710A}"
EndProject
Project("{FAE04EC0-301F-11D3-BF4B-00C04F79EFBC}") = "Atdi.Platform.AppServer", "Platform\Atdi.Platform.AppServer\Atdi.Platform.AppServer.csproj", "{20D45626-3779-4FC8-A55A-1C919D95649E}"
EndProject
Project("{FAE04EC0-301F-11D3-BF4B-00C04F79EFBC}") = "Atdi.Platform.Configurator", "Platform\Atdi.Platform.Configurator\Atdi.Platform.Configurator.csproj", "{98E79B80-3176-4CAD-B7BA-B5CAA6752FAB}"
EndProject
Project("{FAE04EC0-301F-11D3-BF4B-00C04F79EFBC}") = "Atdi.Platform.Logging", "Platform\Atdi.Platform.Logging\Atdi.Platform.Logging.csproj", "{1389B99F-FF39-4671-9789-D2E1AA91527C}"
EndProject
Project("{FAE04EC0-301F-11D3-BF4B-00C04F79EFBC}") = "Atdi.Platform.ServicesContainer", "Platform\Atdi.Platform.ServicesContainer\Atdi.Platform.ServicesContainer.csproj", "{153006DA-1F99-4D33-B490-D3A87E7DFD03}"
EndProject
Project("{2150E333-8FDC-42A3-9474-1A3956D46DE8}") = "02 WCF Services", "02 WCF Services", "{20DE7274-E0E0-40A8-B59F-B32300858BB8}"
EndProject
Project("{FAE04EC0-301F-11D3-BF4B-00C04F79EFBC}") = "Atdi.WcfServices", "WcfServices\Atdi.WcfServices\Atdi.WcfServices.csproj", "{1554F596-9B1C-4E35-8D9A-E9A0232790A5}"
EndProject
Project("{FAE04EC0-301F-11D3-BF4B-00C04F79EFBC}") = "Atdi.WcfServices.Sdrn.Device", "WcfServices\Atdi.WcfServices.Sdrn.Device\Atdi.WcfServices.Sdrn.Device.csproj", "{6DE6D960-919F-449E-AEDA-993D0722BCDA}"
EndProject
Project("{2150E333-8FDC-42A3-9474-1A3956D46DE8}") = "10 Hosts", "10 Hosts", "{EB682B5B-04B4-4401-BDCF-DED2F6CE83D2}"
EndProject
Project("{2150E333-8FDC-42A3-9474-1A3956D46DE8}") = "03 App Units", "03 App Units", "{D6ABFCC0-41D6-441D-9CB0-9729127FC5BC}"
EndProject
Project("{FAE04EC0-301F-11D3-BF4B-00C04F79EFBC}") = "Atdi.AppUnits.Sdrn.BusController", "AppUnits\Atdi.AppUnits.Sdrn.BusController\Atdi.AppUnits.Sdrn.BusController.csproj", "{6AE823E9-2C99-4FFF-A94C-C5EE46B74C69}"
EndProject
Project("{FAE04EC0-301F-11D3-BF4B-00C04F79EFBC}") = "Atdi.AppServer.Sdrn.Server.Console", "Hosts\Atdi.AppServer.Sdrn.Server.Console\Atdi.AppServer.Sdrn.Server.Console.csproj", "{C3F44526-F9EA-4923-9A28-72C23D66DD26}"
EndProject
Project("{FAE04EC0-301F-11D3-BF4B-00C04F79EFBC}") = "Atdi.AppUnits", "AppUnits\Atdi.AppUnits\Atdi.AppUnits.csproj", "{AA445E89-A706-4A2A-B28E-EDBAE056652B}"
EndProject
Project("{2150E333-8FDC-42A3-9474-1A3956D46DE8}") = "80 Building", "80 Building", "{63B2DE19-0D82-4671-8371-2FCD60E49357}"
EndProject
Project("{FAE04EC0-301F-11D3-BF4B-00C04F79EFBC}") = "Atdi.Test.MeasTasksBus.WcfClient", "Delivery\Atdi.Sdrn\Device\WcfClient\Test\Atdi.Test.MeasTasksBus.WcfClient\Atdi.Test.MeasTasksBus.WcfClient.csproj", "{823BA943-C30D-46D6-8634-617AA3CFDEA8}"
EndProject
Project("{FAE04EC0-301F-11D3-BF4B-00C04F79EFBC}") = "Atdi.AppServer.Console", "Hosts\Atdi.AppServer.Console\Atdi.AppServer.Console.csproj", "{B551E073-CC82-4B4E-ABA5-A183C949496D}"
EndProject
Project("{FAE04EC0-301F-11D3-BF4B-00C04F79EFBC}") = "Atdi.AppServer.Svchost", "Hosts\Atdi.AppServer.Svchost\Atdi.AppServer.Svchost.csproj", "{C9D6ED82-ABF9-4585-AA7C-B49FE0BF8EB9}"
EndProject
Project("{2150E333-8FDC-42A3-9474-1A3956D46DE8}") = "Common", "Common", "{CB59302C-D181-4944-A702-167FE7D81CB7}"
EndProject
Project("{2150E333-8FDC-42A3-9474-1A3956D46DE8}") = "05 Modules", "05 Modules", "{0497EBF9-0192-40AE-AA53-2A256FCBEDB0}"
EndProject
Project("{FAE04EC0-301F-11D3-BF4B-00C04F79EFBC}") = "Atdi.Modules.Licensing", "Modules\Atdi.Modules.Licensing\Atdi.Modules.Licensing.csproj", "{829D7FF8-518C-4844-B3E0-DC8FFE091775}"
EndProject
Project("{2150E333-8FDC-42A3-9474-1A3956D46DE8}") = "90 Installers", "90 Installers", "{395AD4CE-F673-4D90-85F2-50D701AE7C0A}"
EndProject
Project("{2150E333-8FDC-42A3-9474-1A3956D46DE8}") = "95 ConfigWizards", "95 ConfigWizards", "{84D47736-3EB1-4B81-98DB-8D99522E19D5}"
EndProject
Project("{FAE04EC0-301F-11D3-BF4B-00C04F79EFBC}") = "Atdi.ConfigWizard.Sdrn.Device.WcfService", "ConfigWizards\Atdi.ConfigWizard.Sdrn.Device.WcfService\Atdi.ConfigWizard.Sdrn.Device.WcfService.csproj", "{488D28B2-E9AE-4A2F-BF3C-5B18F3D79B5F}"
EndProject
Project("{54435603-DBB4-11D2-8724-00A0C9A8B90C}") = "Atdi.Installer.Sdrn.Device.WcfService.x64", "Installers\Atdi.Installer.Sdrn.Device.WcfService.x64\Atdi.Installer.Sdrn.Device.WcfService.x64.vdproj", "{38131DAF-70E4-4A95-9706-F88D905EAA96}"
EndProject
Project("{54435603-DBB4-11D2-8724-00A0C9A8B90C}") = "Atdi.Installer.Sdrn.Device.WcfService.x86", "Installers\Atdi.Installer.Sdrn.Device.WcfService.x86\Atdi.Installer.Sdrn.Device.WcfService.x86.vdproj", "{CCE80E59-A8FA-455D-9648-7314A4F7BF25}"
EndProject
Project("{2150E333-8FDC-42A3-9474-1A3956D46DE8}") = "98 Tools", "98 Tools", "{AE94C3B3-3576-42C1-98FD-A7DCEF480CF5}"
EndProject
Project("{FAE04EC0-301F-11D3-BF4B-00C04F79EFBC}") = "Atdi.Tools.LicenseAnalyzer", "Tools\Atdi.Tools.LicenseAnalyzer\Atdi.Tools.LicenseAnalyzer.csproj", "{7A762E12-0F04-4B0B-A8A4-D888CCD74B28}"
EndProject
Project("{2150E333-8FDC-42A3-9474-1A3956D46DE8}") = "07 API", "07 API", "{6FCC7E98-38E6-424B-B827-AF35140C6BD3}"
EndProject
Project("{FAE04EC0-301F-11D3-BF4B-00C04F79EFBC}") = "Atdi.Api.Sdrn.Device.BusController", "Api\Atdi.Api.Sdrn.Device.BusController\Atdi.Api.Sdrn.Device.BusController.csproj", "{09E46AA5-52C9-4D38-A86B-A26BC7846A75}"
EndProject
Project("{2150E333-8FDC-42A3-9474-1A3956D46DE8}") = "02 Api", "02 Api", "{00BA3C1B-8A9B-496B-8BDD-9A5774A1B442}"
EndProject
Project("{FAE04EC0-301F-11D3-BF4B-00C04F79EFBC}") = "Atdi.Contracts.Api.Sdrn.MessageBus", "Contracts\Api\Atdi.Contracts.Api.Sdrn.MessageBus\Atdi.Contracts.Api.Sdrn.MessageBus.csproj", "{CC08C3FA-E295-4C68-B35E-995D4B2D66D0}"
EndProject
Project("{FAE04EC0-301F-11D3-BF4B-00C04F79EFBC}") = "Atdi.Test.Api.Sdrn.Device.BusController", "Test\Atdi.Test.Api.Sdrn.Device.BusController\Atdi.Test.Api.Sdrn.Device.BusController.csproj", "{291436B1-151E-44AD-9153-3AE2F8F70E0C}"
EndProject
Project("{FAE04EC0-301F-11D3-BF4B-00C04F79EFBC}") = "Atdi.Modules.Sdrn.MessageBus", "Modules\Atdi.Modules.Sdrn.MessageBus\Atdi.Modules.Sdrn.MessageBus.csproj", "{B44EAF91-883A-4BB5-B9E8-FEA420AFCCA3}"
EndProject
Project("{2150E333-8FDC-42A3-9474-1A3956D46DE8}") = "00 CoreServices", "00 CoreServices", "{63A6FB0B-388B-4046-8217-BF15794BACB4}"
EndProject
Project("{FAE04EC0-301F-11D3-BF4B-00C04F79EFBC}") = "Atdi.Contracts.CoreServices.DataLayer", "Contracts\CoreServices\Atdi.Contracts.CoreServices.DataLayer\Atdi.Contracts.CoreServices.DataLayer.csproj", "{E5011DD5-16C5-4CD0-ADA3-D783F11C7C61}"
EndProject
Project("{FAE04EC0-301F-11D3-BF4B-00C04F79EFBC}") = "Atdi.Contracts.CoreServices.EntityOrm", "Contracts\CoreServices\Atdi.Contracts.CoreServices.EntityOrm\Atdi.Contracts.CoreServices.EntityOrm.csproj", "{4247B867-4FAB-40DE-A539-7026D30CC245}"
EndProject
Project("{2150E333-8FDC-42A3-9474-1A3956D46DE8}") = "Device.WcfService", "Device.WcfService", "{B00A0C05-168E-4502-BE77-ECC6D3F248AA}"
EndProject
Project("{2150E333-8FDC-42A3-9474-1A3956D46DE8}") = "Device", "Device", "{B9B440AC-36B8-404C-AB0C-74DBD5770F2C}"
EndProject
Project("{2150E333-8FDC-42A3-9474-1A3956D46DE8}") = "Server.AppServer", "Server.AppServer", "{DE425CCF-85D0-4626-A26C-8FAC72F718E6}"
EndProject
Project("{FAE04EC0-301F-11D3-BF4B-00C04F79EFBC}") = "Atdi.Build.Sdrn.Server.v2", "Build\Atdi.Build.Sdrn.Server.v2\Atdi.Build.Sdrn.Server.v2.csproj", "{2DAE4FC9-3BA3-4270-9F25-450B7030A877}"
EndProject
Project("{2150E333-8FDC-42A3-9474-1A3956D46DE8}") = "04 CoreServices", "04 CoreServices", "{04D085DB-BB60-4C7F-923F-050CCD2FBAD3}"
EndProject
Project("{FAE04EC0-301F-11D3-BF4B-00C04F79EFBC}") = "Atdi.Tools.EntityOrm.Deployer", "Tools\Atdi.Tools.EntityOrm.Deployer\Atdi.Tools.EntityOrm.Deployer.csproj", "{0A712B5F-6BCD-45C3-8C38-C6E8671DF5B1}"
EndProject
Project("{FAE04EC0-301F-11D3-BF4B-00C04F79EFBC}") = "Atdi.Tools.EntityOrm.CodeGenerator", "Tools\Atdi.Tools.EntityOrm.CodeGenerator\Atdi.Tools.EntityOrm.CodeGenerator.csproj", "{EE47797B-FFE0-4D3A-890C-EF2B7EEC7411}"
EndProject
Project("{FAE04EC0-301F-11D3-BF4B-00C04F79EFBC}") = "Atdi.CoreServices.DataLayer", "CoreServices\Atdi.CoreServices.DataLayer\Atdi.CoreServices.DataLayer.csproj", "{EDDA5CCC-25B7-4B50-A8D7-CCB617727497}"
EndProject
Project("{FAE04EC0-301F-11D3-BF4B-00C04F79EFBC}") = "Atdi.CoreServices.EntityOrm", "CoreServices\Atdi.CoreServices.EntityOrm\Atdi.CoreServices.EntityOrm.csproj", "{0284CBA5-D336-4A39-8519-3F2C48D433D7}"
EndProject
Project("{FAE04EC0-301F-11D3-BF4B-00C04F79EFBC}") = "Atdi.DataModels.EntityOrm", "DataModels\Atdi.DataModels.EntityOrm\Atdi.DataModels.EntityOrm.csproj", "{73C8791E-3FC5-4C91-84E5-C19C98096F10}"
EndProject
Project("{FAE04EC0-301F-11D3-BF4B-00C04F79EFBC}") = "Atdi.Contracts.Sdrn.Server", "Contracts\Sdrn\Atdi.Contracts.Sdrn.Server\Atdi.Contracts.Sdrn.Server.csproj", "{B6324D12-6E97-4E02-9499-31265565467A}"
EndProject
Project("{FAE04EC0-301F-11D3-BF4B-00C04F79EFBC}") = "Atdi.AppUnits.Sdrn.Server.PrimaryHandlers", "AppUnits\Atdi.AppUnits.Sdrn.Server.PrimaryHandlers\Atdi.AppUnits.Sdrn.Server.PrimaryHandlers.csproj", "{DC9F7815-C9CA-495C-A383-234913FCCCE6}"
EndProject
Project("{FAE04EC0-301F-11D3-BF4B-00C04F79EFBC}") = "Atdi.Contracts.Api.EventSystem", "Contracts\Api\Atdi.Contracts.Api.EventSystem\Atdi.Contracts.Api.EventSystem.csproj", "{608FAC29-91CB-43AF-A45B-1A0F31870041}"
EndProject
Project("{2150E333-8FDC-42A3-9474-1A3956D46DE8}") = "Unit Testing", "Unit Testing", "{B1F391AB-F495-43E9-83D1-34AD84944B81}"
EndProject
Project("{2150E333-8FDC-42A3-9474-1A3956D46DE8}") = "70 Unit Testing", "70 Unit Testing", "{4613EA7F-1451-43AC-85CF-2D569D780F25}"
EndProject
Project("{2150E333-8FDC-42A3-9474-1A3956D46DE8}") = "03 App Units", "03 App Units", "{06CF8424-8B52-4088-8AE5-9F0DBB529AE1}"
EndProject
Project("{FAE04EC0-301F-11D3-BF4B-00C04F79EFBC}") = "Atdi.UnitTest.AppUnits.Sdrn.Server.PrimaryHandlers", "UnitTesting\AppUnits\Atdi.UnitTest.AppUnits.Sdrn.Server.PrimaryHandlers\Atdi.UnitTest.AppUnits.Sdrn.Server.PrimaryHandlers.csproj", "{5BD0B400-C8A6-45B4-99D8-4BBD5CEADD32}"
EndProject
Project("{FAE04EC0-301F-11D3-BF4B-00C04F79EFBC}") = "Atdi.Modules.Sdrn.AmqpBroker", "Modules\Atdi.Modules.Sdrn.AmqpBroker\Atdi.Modules.Sdrn.AmqpBroker.csproj", "{40DB43B1-2836-4495-AF60-E81AC0C96713}"
EndProject
Project("{FAE04EC0-301F-11D3-BF4B-00C04F79EFBC}") = "Atdi.Test.Modules.Sdrn.AmqpBroker", "Test\Atdi.Test.Modules.Sdrn.AmqpBroker\Atdi.Test.Modules.Sdrn.AmqpBroker.csproj", "{0AE42B3E-676A-41CD-BCB7-CDAAEBF24289}"
EndProject
Project("{FAE04EC0-301F-11D3-BF4B-00C04F79EFBC}") = "Atdi.AppUnits.Sdrn.Server", "AppUnits\Atdi.AppUnits.Sdrn.Server\Atdi.AppUnits.Sdrn.Server.csproj", "{12ABD3C4-F328-465B-AC49-C4FABBFE187C}"
EndProject
Project("{FAE04EC0-301F-11D3-BF4B-00C04F79EFBC}") = "Atdi.Api.EventSystem", "Api\Atdi.Api.EventSystem\Atdi.Api.EventSystem.csproj", "{27D90280-16DB-4751-82D9-50015C5B87A1}"
EndProject
Project("{FAE04EC0-301F-11D3-BF4B-00C04F79EFBC}") = "Atdi.Modules.AmqpBroker", "Modules\Atdi.Modules.AmqpBroker\Atdi.Modules.AmqpBroker.csproj", "{714F342F-3838-4088-80E5-A54C4173B0EA}"
EndProject
Project("{FAE04EC0-301F-11D3-BF4B-00C04F79EFBC}") = "Atdi.UnitTest.CoreServices.EntityOrm", "UnitTesting\CoreServices\Atdi.UnitTest.CoreServices.EntityOrm\Atdi.UnitTest.CoreServices.EntityOrm.csproj", "{9F3031CB-5AD2-496F-B804-C906C66E9B25}"
EndProject
Project("{FAE04EC0-301F-11D3-BF4B-00C04F79EFBC}") = "Atdi.Build.Sdrn.Device.ClientAPI", "Build\Atdi.Build.Sdrn.Device.ClientAPI\Atdi.Build.Sdrn.Device.ClientAPI.csproj", "{E3A7B4C3-AB48-4A3D-87B3-E71508636E99}"
EndProject
Project("{FAE04EC0-301F-11D3-BF4B-00C04F79EFBC}") = "Atdi.Build.Sdrn.Device.WcfService", "Build\Atdi.Build.Sdrn.Device.WcfService\Atdi.Build.Sdrn.Device.WcfService.csproj", "{67FCCDAD-57F1-4159-8FC1-F8DCDB2888E5}"
EndProject
Project("{FAE04EC0-301F-11D3-BF4B-00C04F79EFBC}") = "Atdi.Modules.MonitoringProcess", "Modules\Atdi.Modules.MonitoringProcess\Atdi.Modules.MonitoringProcess.csproj", "{BBEE6FDF-95CE-4549-8D30-28E9B1A1A5BC}"
EndProject
Project("{FAE04EC0-301F-11D3-BF4B-00C04F79EFBC}") = "Atdi.DataModels.Sdrns.Server.Entities2", "Test\Atdi.DataModels.Sdrns.Server.Entities2\Atdi.DataModels.Sdrns.Server.Entities2.csproj", "{F3E641DA-37A7-4137-BBCB-151B6474A62F}"
EndProject
Project("{FAE04EC0-301F-11D3-BF4B-00C04F79EFBC}") = "Atdi.DataModels.Sdrns.Server.Entities", "DataModels\Atdi.DataModels.Sdrns.Server.Entities\Atdi.DataModels.Sdrns.Server.Entities.csproj", "{4178C008-8B0F-4EA8-A1D9-1B86BF8DC428}"
EndProject
Project("{FAE04EC0-301F-11D3-BF4B-00C04F79EFBC}") = "Atdi.AppServer.Sdrn.DeviceService.Console", "Hosts\Atdi.AppServer.Sdrn.DeviceService.Console\Atdi.AppServer.Sdrn.DeviceService.Console.csproj", "{97846F04-4D7D-43DA-95D8-A7A111B2D7BB}"
EndProject
Global
	GlobalSection(SolutionConfigurationPlatforms) = preSolution
		Debug|Any CPU = Debug|Any CPU
		Debug|x64 = Debug|x64
		Release|Any CPU = Release|Any CPU
		Release|x64 = Release|x64
	EndGlobalSection
	GlobalSection(ProjectConfigurationPlatforms) = postSolution
		{4670DA92-06CF-4CE4-BBF8-67353A907BD0}.Debug|Any CPU.ActiveCfg = Debug|Any CPU
		{4670DA92-06CF-4CE4-BBF8-67353A907BD0}.Debug|Any CPU.Build.0 = Debug|Any CPU
		{4670DA92-06CF-4CE4-BBF8-67353A907BD0}.Debug|x64.ActiveCfg = Debug|Any CPU
		{4670DA92-06CF-4CE4-BBF8-67353A907BD0}.Debug|x64.Build.0 = Debug|Any CPU
		{4670DA92-06CF-4CE4-BBF8-67353A907BD0}.Release|Any CPU.ActiveCfg = Release|Any CPU
		{4670DA92-06CF-4CE4-BBF8-67353A907BD0}.Release|Any CPU.Build.0 = Release|Any CPU
		{4670DA92-06CF-4CE4-BBF8-67353A907BD0}.Release|x64.ActiveCfg = Release|Any CPU
		{4670DA92-06CF-4CE4-BBF8-67353A907BD0}.Release|x64.Build.0 = Release|Any CPU
		{506B3655-4706-42F8-87F1-FB13869AA4C1}.Debug|Any CPU.ActiveCfg = Debug|Any CPU
		{506B3655-4706-42F8-87F1-FB13869AA4C1}.Debug|Any CPU.Build.0 = Debug|Any CPU
		{506B3655-4706-42F8-87F1-FB13869AA4C1}.Debug|x64.ActiveCfg = Debug|Any CPU
		{506B3655-4706-42F8-87F1-FB13869AA4C1}.Debug|x64.Build.0 = Debug|Any CPU
		{506B3655-4706-42F8-87F1-FB13869AA4C1}.Release|Any CPU.ActiveCfg = Release|Any CPU
		{506B3655-4706-42F8-87F1-FB13869AA4C1}.Release|Any CPU.Build.0 = Release|Any CPU
		{506B3655-4706-42F8-87F1-FB13869AA4C1}.Release|x64.ActiveCfg = Release|Any CPU
		{506B3655-4706-42F8-87F1-FB13869AA4C1}.Release|x64.Build.0 = Release|Any CPU
		{40EBB60E-FE75-40C7-94FA-DDBADA32F58C}.Debug|Any CPU.ActiveCfg = Debug|Any CPU
		{40EBB60E-FE75-40C7-94FA-DDBADA32F58C}.Debug|Any CPU.Build.0 = Debug|Any CPU
		{40EBB60E-FE75-40C7-94FA-DDBADA32F58C}.Debug|x64.ActiveCfg = Debug|Any CPU
		{40EBB60E-FE75-40C7-94FA-DDBADA32F58C}.Debug|x64.Build.0 = Debug|Any CPU
		{40EBB60E-FE75-40C7-94FA-DDBADA32F58C}.Release|Any CPU.ActiveCfg = Release|Any CPU
		{40EBB60E-FE75-40C7-94FA-DDBADA32F58C}.Release|Any CPU.Build.0 = Release|Any CPU
		{40EBB60E-FE75-40C7-94FA-DDBADA32F58C}.Release|x64.ActiveCfg = Release|Any CPU
		{40EBB60E-FE75-40C7-94FA-DDBADA32F58C}.Release|x64.Build.0 = Release|Any CPU
		{BED80A02-9104-477F-A267-F9265EEED6C0}.Debug|Any CPU.ActiveCfg = Debug|Any CPU
		{BED80A02-9104-477F-A267-F9265EEED6C0}.Debug|Any CPU.Build.0 = Debug|Any CPU
		{BED80A02-9104-477F-A267-F9265EEED6C0}.Debug|x64.ActiveCfg = Debug|Any CPU
		{BED80A02-9104-477F-A267-F9265EEED6C0}.Debug|x64.Build.0 = Debug|Any CPU
		{BED80A02-9104-477F-A267-F9265EEED6C0}.Release|Any CPU.ActiveCfg = Release|Any CPU
		{BED80A02-9104-477F-A267-F9265EEED6C0}.Release|Any CPU.Build.0 = Release|Any CPU
		{BED80A02-9104-477F-A267-F9265EEED6C0}.Release|x64.ActiveCfg = Release|Any CPU
		{BED80A02-9104-477F-A267-F9265EEED6C0}.Release|x64.Build.0 = Release|Any CPU
		{D3CFFBA9-C232-4C8D-BACD-5A30DED686D2}.Debug|Any CPU.ActiveCfg = Debug|Any CPU
		{D3CFFBA9-C232-4C8D-BACD-5A30DED686D2}.Debug|Any CPU.Build.0 = Debug|Any CPU
		{D3CFFBA9-C232-4C8D-BACD-5A30DED686D2}.Debug|x64.ActiveCfg = Debug|Any CPU
		{D3CFFBA9-C232-4C8D-BACD-5A30DED686D2}.Debug|x64.Build.0 = Debug|Any CPU
		{D3CFFBA9-C232-4C8D-BACD-5A30DED686D2}.Release|Any CPU.ActiveCfg = Release|Any CPU
		{D3CFFBA9-C232-4C8D-BACD-5A30DED686D2}.Release|Any CPU.Build.0 = Release|Any CPU
		{D3CFFBA9-C232-4C8D-BACD-5A30DED686D2}.Release|x64.ActiveCfg = Release|Any CPU
		{D3CFFBA9-C232-4C8D-BACD-5A30DED686D2}.Release|x64.Build.0 = Release|Any CPU
		{2C2B4FDF-FF87-49B5-8080-DA8A5715710A}.Debug|Any CPU.ActiveCfg = Debug|Any CPU
		{2C2B4FDF-FF87-49B5-8080-DA8A5715710A}.Debug|Any CPU.Build.0 = Debug|Any CPU
		{2C2B4FDF-FF87-49B5-8080-DA8A5715710A}.Debug|x64.ActiveCfg = Debug|Any CPU
		{2C2B4FDF-FF87-49B5-8080-DA8A5715710A}.Debug|x64.Build.0 = Debug|Any CPU
		{2C2B4FDF-FF87-49B5-8080-DA8A5715710A}.Release|Any CPU.ActiveCfg = Release|Any CPU
		{2C2B4FDF-FF87-49B5-8080-DA8A5715710A}.Release|Any CPU.Build.0 = Release|Any CPU
		{2C2B4FDF-FF87-49B5-8080-DA8A5715710A}.Release|x64.ActiveCfg = Release|Any CPU
		{2C2B4FDF-FF87-49B5-8080-DA8A5715710A}.Release|x64.Build.0 = Release|Any CPU
		{20D45626-3779-4FC8-A55A-1C919D95649E}.Debug|Any CPU.ActiveCfg = Debug|Any CPU
		{20D45626-3779-4FC8-A55A-1C919D95649E}.Debug|Any CPU.Build.0 = Debug|Any CPU
		{20D45626-3779-4FC8-A55A-1C919D95649E}.Debug|x64.ActiveCfg = Debug|Any CPU
		{20D45626-3779-4FC8-A55A-1C919D95649E}.Debug|x64.Build.0 = Debug|Any CPU
		{20D45626-3779-4FC8-A55A-1C919D95649E}.Release|Any CPU.ActiveCfg = Release|Any CPU
		{20D45626-3779-4FC8-A55A-1C919D95649E}.Release|Any CPU.Build.0 = Release|Any CPU
		{20D45626-3779-4FC8-A55A-1C919D95649E}.Release|x64.ActiveCfg = Release|Any CPU
		{20D45626-3779-4FC8-A55A-1C919D95649E}.Release|x64.Build.0 = Release|Any CPU
		{98E79B80-3176-4CAD-B7BA-B5CAA6752FAB}.Debug|Any CPU.ActiveCfg = Debug|Any CPU
		{98E79B80-3176-4CAD-B7BA-B5CAA6752FAB}.Debug|Any CPU.Build.0 = Debug|Any CPU
		{98E79B80-3176-4CAD-B7BA-B5CAA6752FAB}.Debug|x64.ActiveCfg = Debug|Any CPU
		{98E79B80-3176-4CAD-B7BA-B5CAA6752FAB}.Debug|x64.Build.0 = Debug|Any CPU
		{98E79B80-3176-4CAD-B7BA-B5CAA6752FAB}.Release|Any CPU.ActiveCfg = Release|Any CPU
		{98E79B80-3176-4CAD-B7BA-B5CAA6752FAB}.Release|Any CPU.Build.0 = Release|Any CPU
		{98E79B80-3176-4CAD-B7BA-B5CAA6752FAB}.Release|x64.ActiveCfg = Release|Any CPU
		{98E79B80-3176-4CAD-B7BA-B5CAA6752FAB}.Release|x64.Build.0 = Release|Any CPU
		{1389B99F-FF39-4671-9789-D2E1AA91527C}.Debug|Any CPU.ActiveCfg = Debug|Any CPU
		{1389B99F-FF39-4671-9789-D2E1AA91527C}.Debug|Any CPU.Build.0 = Debug|Any CPU
		{1389B99F-FF39-4671-9789-D2E1AA91527C}.Debug|x64.ActiveCfg = Debug|Any CPU
		{1389B99F-FF39-4671-9789-D2E1AA91527C}.Debug|x64.Build.0 = Debug|Any CPU
		{1389B99F-FF39-4671-9789-D2E1AA91527C}.Release|Any CPU.ActiveCfg = Release|Any CPU
		{1389B99F-FF39-4671-9789-D2E1AA91527C}.Release|Any CPU.Build.0 = Release|Any CPU
		{1389B99F-FF39-4671-9789-D2E1AA91527C}.Release|x64.ActiveCfg = Release|Any CPU
		{1389B99F-FF39-4671-9789-D2E1AA91527C}.Release|x64.Build.0 = Release|Any CPU
		{153006DA-1F99-4D33-B490-D3A87E7DFD03}.Debug|Any CPU.ActiveCfg = Debug|Any CPU
		{153006DA-1F99-4D33-B490-D3A87E7DFD03}.Debug|Any CPU.Build.0 = Debug|Any CPU
		{153006DA-1F99-4D33-B490-D3A87E7DFD03}.Debug|x64.ActiveCfg = Debug|Any CPU
		{153006DA-1F99-4D33-B490-D3A87E7DFD03}.Debug|x64.Build.0 = Debug|Any CPU
		{153006DA-1F99-4D33-B490-D3A87E7DFD03}.Release|Any CPU.ActiveCfg = Release|Any CPU
		{153006DA-1F99-4D33-B490-D3A87E7DFD03}.Release|Any CPU.Build.0 = Release|Any CPU
		{153006DA-1F99-4D33-B490-D3A87E7DFD03}.Release|x64.ActiveCfg = Release|Any CPU
		{153006DA-1F99-4D33-B490-D3A87E7DFD03}.Release|x64.Build.0 = Release|Any CPU
		{1554F596-9B1C-4E35-8D9A-E9A0232790A5}.Debug|Any CPU.ActiveCfg = Debug|Any CPU
		{1554F596-9B1C-4E35-8D9A-E9A0232790A5}.Debug|x64.ActiveCfg = Debug|Any CPU
		{1554F596-9B1C-4E35-8D9A-E9A0232790A5}.Debug|x64.Build.0 = Debug|Any CPU
		{1554F596-9B1C-4E35-8D9A-E9A0232790A5}.Release|Any CPU.ActiveCfg = Release|Any CPU
		{1554F596-9B1C-4E35-8D9A-E9A0232790A5}.Release|Any CPU.Build.0 = Release|Any CPU
		{1554F596-9B1C-4E35-8D9A-E9A0232790A5}.Release|x64.ActiveCfg = Release|Any CPU
		{1554F596-9B1C-4E35-8D9A-E9A0232790A5}.Release|x64.Build.0 = Release|Any CPU
		{6DE6D960-919F-449E-AEDA-993D0722BCDA}.Debug|Any CPU.ActiveCfg = Debug|Any CPU
		{6DE6D960-919F-449E-AEDA-993D0722BCDA}.Debug|x64.ActiveCfg = Debug|Any CPU
		{6DE6D960-919F-449E-AEDA-993D0722BCDA}.Debug|x64.Build.0 = Debug|Any CPU
		{6DE6D960-919F-449E-AEDA-993D0722BCDA}.Release|Any CPU.ActiveCfg = Release|Any CPU
		{6DE6D960-919F-449E-AEDA-993D0722BCDA}.Release|Any CPU.Build.0 = Release|Any CPU
		{6DE6D960-919F-449E-AEDA-993D0722BCDA}.Release|x64.ActiveCfg = Release|Any CPU
		{6DE6D960-919F-449E-AEDA-993D0722BCDA}.Release|x64.Build.0 = Release|Any CPU
		{6AE823E9-2C99-4FFF-A94C-C5EE46B74C69}.Debug|Any CPU.ActiveCfg = Debug|Any CPU
		{6AE823E9-2C99-4FFF-A94C-C5EE46B74C69}.Debug|Any CPU.Build.0 = Debug|Any CPU
		{6AE823E9-2C99-4FFF-A94C-C5EE46B74C69}.Debug|x64.ActiveCfg = Debug|Any CPU
		{6AE823E9-2C99-4FFF-A94C-C5EE46B74C69}.Debug|x64.Build.0 = Debug|Any CPU
		{6AE823E9-2C99-4FFF-A94C-C5EE46B74C69}.Release|Any CPU.ActiveCfg = Release|Any CPU
		{6AE823E9-2C99-4FFF-A94C-C5EE46B74C69}.Release|Any CPU.Build.0 = Release|Any CPU
		{6AE823E9-2C99-4FFF-A94C-C5EE46B74C69}.Release|x64.ActiveCfg = Release|Any CPU
		{6AE823E9-2C99-4FFF-A94C-C5EE46B74C69}.Release|x64.Build.0 = Release|Any CPU
		{C3F44526-F9EA-4923-9A28-72C23D66DD26}.Debug|Any CPU.ActiveCfg = Debug|Any CPU
		{C3F44526-F9EA-4923-9A28-72C23D66DD26}.Debug|Any CPU.Build.0 = Debug|Any CPU
		{C3F44526-F9EA-4923-9A28-72C23D66DD26}.Debug|x64.ActiveCfg = Debug|Any CPU
		{C3F44526-F9EA-4923-9A28-72C23D66DD26}.Debug|x64.Build.0 = Debug|Any CPU
		{C3F44526-F9EA-4923-9A28-72C23D66DD26}.Release|Any CPU.ActiveCfg = Release|Any CPU
		{C3F44526-F9EA-4923-9A28-72C23D66DD26}.Release|Any CPU.Build.0 = Release|Any CPU
		{C3F44526-F9EA-4923-9A28-72C23D66DD26}.Release|x64.ActiveCfg = Release|Any CPU
		{C3F44526-F9EA-4923-9A28-72C23D66DD26}.Release|x64.Build.0 = Release|Any CPU
		{AA445E89-A706-4A2A-B28E-EDBAE056652B}.Debug|Any CPU.ActiveCfg = Debug|Any CPU
		{AA445E89-A706-4A2A-B28E-EDBAE056652B}.Debug|Any CPU.Build.0 = Debug|Any CPU
		{AA445E89-A706-4A2A-B28E-EDBAE056652B}.Debug|x64.ActiveCfg = Debug|Any CPU
		{AA445E89-A706-4A2A-B28E-EDBAE056652B}.Debug|x64.Build.0 = Debug|Any CPU
		{AA445E89-A706-4A2A-B28E-EDBAE056652B}.Release|Any CPU.ActiveCfg = Release|Any CPU
		{AA445E89-A706-4A2A-B28E-EDBAE056652B}.Release|Any CPU.Build.0 = Release|Any CPU
		{AA445E89-A706-4A2A-B28E-EDBAE056652B}.Release|x64.ActiveCfg = Release|Any CPU
		{AA445E89-A706-4A2A-B28E-EDBAE056652B}.Release|x64.Build.0 = Release|Any CPU
		{823BA943-C30D-46D6-8634-617AA3CFDEA8}.Debug|Any CPU.ActiveCfg = Debug|Any CPU
		{823BA943-C30D-46D6-8634-617AA3CFDEA8}.Debug|x64.ActiveCfg = Debug|Any CPU
		{823BA943-C30D-46D6-8634-617AA3CFDEA8}.Debug|x64.Build.0 = Debug|Any CPU
		{823BA943-C30D-46D6-8634-617AA3CFDEA8}.Release|Any CPU.ActiveCfg = Release|Any CPU
		{823BA943-C30D-46D6-8634-617AA3CFDEA8}.Release|Any CPU.Build.0 = Release|Any CPU
		{823BA943-C30D-46D6-8634-617AA3CFDEA8}.Release|x64.ActiveCfg = Release|Any CPU
		{823BA943-C30D-46D6-8634-617AA3CFDEA8}.Release|x64.Build.0 = Release|Any CPU
		{B551E073-CC82-4B4E-ABA5-A183C949496D}.Debug|Any CPU.ActiveCfg = Debug|Any CPU
		{B551E073-CC82-4B4E-ABA5-A183C949496D}.Debug|x64.ActiveCfg = Debug|Any CPU
		{B551E073-CC82-4B4E-ABA5-A183C949496D}.Debug|x64.Build.0 = Debug|Any CPU
		{B551E073-CC82-4B4E-ABA5-A183C949496D}.Release|Any CPU.ActiveCfg = Release|Any CPU
		{B551E073-CC82-4B4E-ABA5-A183C949496D}.Release|x64.ActiveCfg = Release|Any CPU
		{B551E073-CC82-4B4E-ABA5-A183C949496D}.Release|x64.Build.0 = Release|Any CPU
		{C9D6ED82-ABF9-4585-AA7C-B49FE0BF8EB9}.Debug|Any CPU.ActiveCfg = Debug|Any CPU
		{C9D6ED82-ABF9-4585-AA7C-B49FE0BF8EB9}.Debug|x64.ActiveCfg = Debug|Any CPU
		{C9D6ED82-ABF9-4585-AA7C-B49FE0BF8EB9}.Debug|x64.Build.0 = Debug|Any CPU
		{C9D6ED82-ABF9-4585-AA7C-B49FE0BF8EB9}.Release|Any CPU.ActiveCfg = Release|Any CPU
		{C9D6ED82-ABF9-4585-AA7C-B49FE0BF8EB9}.Release|x64.ActiveCfg = Release|Any CPU
		{C9D6ED82-ABF9-4585-AA7C-B49FE0BF8EB9}.Release|x64.Build.0 = Release|Any CPU
		{829D7FF8-518C-4844-B3E0-DC8FFE091775}.Debug|Any CPU.ActiveCfg = Debug|Any CPU
		{829D7FF8-518C-4844-B3E0-DC8FFE091775}.Debug|Any CPU.Build.0 = Debug|Any CPU
		{829D7FF8-518C-4844-B3E0-DC8FFE091775}.Debug|x64.ActiveCfg = Debug|Any CPU
		{829D7FF8-518C-4844-B3E0-DC8FFE091775}.Debug|x64.Build.0 = Debug|Any CPU
		{829D7FF8-518C-4844-B3E0-DC8FFE091775}.Release|Any CPU.ActiveCfg = Release|Any CPU
		{829D7FF8-518C-4844-B3E0-DC8FFE091775}.Release|Any CPU.Build.0 = Release|Any CPU
		{829D7FF8-518C-4844-B3E0-DC8FFE091775}.Release|x64.ActiveCfg = Release|Any CPU
		{829D7FF8-518C-4844-B3E0-DC8FFE091775}.Release|x64.Build.0 = Release|Any CPU
		{488D28B2-E9AE-4A2F-BF3C-5B18F3D79B5F}.Debug|Any CPU.ActiveCfg = Debug|Any CPU
		{488D28B2-E9AE-4A2F-BF3C-5B18F3D79B5F}.Debug|x64.ActiveCfg = Debug|Any CPU
		{488D28B2-E9AE-4A2F-BF3C-5B18F3D79B5F}.Debug|x64.Build.0 = Debug|Any CPU
		{488D28B2-E9AE-4A2F-BF3C-5B18F3D79B5F}.Release|Any CPU.ActiveCfg = Release|Any CPU
		{488D28B2-E9AE-4A2F-BF3C-5B18F3D79B5F}.Release|x64.ActiveCfg = Release|Any CPU
		{488D28B2-E9AE-4A2F-BF3C-5B18F3D79B5F}.Release|x64.Build.0 = Release|Any CPU
		{38131DAF-70E4-4A95-9706-F88D905EAA96}.Debug|Any CPU.ActiveCfg = Debug
		{38131DAF-70E4-4A95-9706-F88D905EAA96}.Debug|x64.ActiveCfg = Debug
		{38131DAF-70E4-4A95-9706-F88D905EAA96}.Release|Any CPU.ActiveCfg = Release
		{38131DAF-70E4-4A95-9706-F88D905EAA96}.Release|x64.ActiveCfg = Release
		{CCE80E59-A8FA-455D-9648-7314A4F7BF25}.Debug|Any CPU.ActiveCfg = Debug
		{CCE80E59-A8FA-455D-9648-7314A4F7BF25}.Debug|x64.ActiveCfg = Debug
		{CCE80E59-A8FA-455D-9648-7314A4F7BF25}.Release|Any CPU.ActiveCfg = Release
		{CCE80E59-A8FA-455D-9648-7314A4F7BF25}.Release|x64.ActiveCfg = Release
		{7A762E12-0F04-4B0B-A8A4-D888CCD74B28}.Debug|Any CPU.ActiveCfg = Debug|Any CPU
		{7A762E12-0F04-4B0B-A8A4-D888CCD74B28}.Debug|x64.ActiveCfg = Debug|Any CPU
		{7A762E12-0F04-4B0B-A8A4-D888CCD74B28}.Debug|x64.Build.0 = Debug|Any CPU
		{7A762E12-0F04-4B0B-A8A4-D888CCD74B28}.Release|Any CPU.ActiveCfg = Release|Any CPU
		{7A762E12-0F04-4B0B-A8A4-D888CCD74B28}.Release|x64.ActiveCfg = Release|Any CPU
		{7A762E12-0F04-4B0B-A8A4-D888CCD74B28}.Release|x64.Build.0 = Release|Any CPU
		{09E46AA5-52C9-4D38-A86B-A26BC7846A75}.Debug|Any CPU.ActiveCfg = Debug|Any CPU
		{09E46AA5-52C9-4D38-A86B-A26BC7846A75}.Debug|Any CPU.Build.0 = Debug|Any CPU
		{09E46AA5-52C9-4D38-A86B-A26BC7846A75}.Debug|x64.ActiveCfg = Debug|Any CPU
		{09E46AA5-52C9-4D38-A86B-A26BC7846A75}.Debug|x64.Build.0 = Debug|Any CPU
		{09E46AA5-52C9-4D38-A86B-A26BC7846A75}.Release|Any CPU.ActiveCfg = Release|Any CPU
		{09E46AA5-52C9-4D38-A86B-A26BC7846A75}.Release|Any CPU.Build.0 = Release|Any CPU
		{09E46AA5-52C9-4D38-A86B-A26BC7846A75}.Release|x64.ActiveCfg = Release|Any CPU
		{09E46AA5-52C9-4D38-A86B-A26BC7846A75}.Release|x64.Build.0 = Release|Any CPU
		{CC08C3FA-E295-4C68-B35E-995D4B2D66D0}.Debug|Any CPU.ActiveCfg = Debug|Any CPU
		{CC08C3FA-E295-4C68-B35E-995D4B2D66D0}.Debug|Any CPU.Build.0 = Debug|Any CPU
		{CC08C3FA-E295-4C68-B35E-995D4B2D66D0}.Debug|x64.ActiveCfg = Debug|Any CPU
		{CC08C3FA-E295-4C68-B35E-995D4B2D66D0}.Debug|x64.Build.0 = Debug|Any CPU
		{CC08C3FA-E295-4C68-B35E-995D4B2D66D0}.Release|Any CPU.ActiveCfg = Release|Any CPU
		{CC08C3FA-E295-4C68-B35E-995D4B2D66D0}.Release|Any CPU.Build.0 = Release|Any CPU
		{CC08C3FA-E295-4C68-B35E-995D4B2D66D0}.Release|x64.ActiveCfg = Release|Any CPU
		{CC08C3FA-E295-4C68-B35E-995D4B2D66D0}.Release|x64.Build.0 = Release|Any CPU
		{291436B1-151E-44AD-9153-3AE2F8F70E0C}.Debug|Any CPU.ActiveCfg = Debug|Any CPU
		{291436B1-151E-44AD-9153-3AE2F8F70E0C}.Debug|x64.ActiveCfg = Debug|Any CPU
		{291436B1-151E-44AD-9153-3AE2F8F70E0C}.Debug|x64.Build.0 = Debug|Any CPU
		{291436B1-151E-44AD-9153-3AE2F8F70E0C}.Release|Any CPU.ActiveCfg = Release|Any CPU
		{291436B1-151E-44AD-9153-3AE2F8F70E0C}.Release|Any CPU.Build.0 = Release|Any CPU
		{291436B1-151E-44AD-9153-3AE2F8F70E0C}.Release|x64.ActiveCfg = Release|Any CPU
		{291436B1-151E-44AD-9153-3AE2F8F70E0C}.Release|x64.Build.0 = Release|Any CPU
		{B44EAF91-883A-4BB5-B9E8-FEA420AFCCA3}.Debug|Any CPU.ActiveCfg = Debug|Any CPU
		{B44EAF91-883A-4BB5-B9E8-FEA420AFCCA3}.Debug|Any CPU.Build.0 = Debug|Any CPU
		{B44EAF91-883A-4BB5-B9E8-FEA420AFCCA3}.Debug|x64.ActiveCfg = Debug|Any CPU
		{B44EAF91-883A-4BB5-B9E8-FEA420AFCCA3}.Debug|x64.Build.0 = Debug|Any CPU
		{B44EAF91-883A-4BB5-B9E8-FEA420AFCCA3}.Release|Any CPU.ActiveCfg = Release|Any CPU
		{B44EAF91-883A-4BB5-B9E8-FEA420AFCCA3}.Release|Any CPU.Build.0 = Release|Any CPU
		{B44EAF91-883A-4BB5-B9E8-FEA420AFCCA3}.Release|x64.ActiveCfg = Release|Any CPU
		{B44EAF91-883A-4BB5-B9E8-FEA420AFCCA3}.Release|x64.Build.0 = Release|Any CPU
		{E5011DD5-16C5-4CD0-ADA3-D783F11C7C61}.Debug|Any CPU.ActiveCfg = Debug|Any CPU
		{E5011DD5-16C5-4CD0-ADA3-D783F11C7C61}.Debug|Any CPU.Build.0 = Debug|Any CPU
		{E5011DD5-16C5-4CD0-ADA3-D783F11C7C61}.Debug|x64.ActiveCfg = Debug|Any CPU
		{E5011DD5-16C5-4CD0-ADA3-D783F11C7C61}.Debug|x64.Build.0 = Debug|Any CPU
		{E5011DD5-16C5-4CD0-ADA3-D783F11C7C61}.Release|Any CPU.ActiveCfg = Release|Any CPU
		{E5011DD5-16C5-4CD0-ADA3-D783F11C7C61}.Release|Any CPU.Build.0 = Release|Any CPU
		{E5011DD5-16C5-4CD0-ADA3-D783F11C7C61}.Release|x64.ActiveCfg = Release|Any CPU
		{E5011DD5-16C5-4CD0-ADA3-D783F11C7C61}.Release|x64.Build.0 = Release|Any CPU
		{4247B867-4FAB-40DE-A539-7026D30CC245}.Debug|Any CPU.ActiveCfg = Debug|Any CPU
		{4247B867-4FAB-40DE-A539-7026D30CC245}.Debug|Any CPU.Build.0 = Debug|Any CPU
		{4247B867-4FAB-40DE-A539-7026D30CC245}.Debug|x64.ActiveCfg = Debug|Any CPU
		{4247B867-4FAB-40DE-A539-7026D30CC245}.Debug|x64.Build.0 = Debug|Any CPU
		{4247B867-4FAB-40DE-A539-7026D30CC245}.Release|Any CPU.ActiveCfg = Release|Any CPU
		{4247B867-4FAB-40DE-A539-7026D30CC245}.Release|Any CPU.Build.0 = Release|Any CPU
		{4247B867-4FAB-40DE-A539-7026D30CC245}.Release|x64.ActiveCfg = Release|Any CPU
		{4247B867-4FAB-40DE-A539-7026D30CC245}.Release|x64.Build.0 = Release|Any CPU
		{2DAE4FC9-3BA3-4270-9F25-450B7030A877}.Debug|Any CPU.ActiveCfg = Debug|Any CPU
		{2DAE4FC9-3BA3-4270-9F25-450B7030A877}.Debug|Any CPU.Build.0 = Debug|Any CPU
		{2DAE4FC9-3BA3-4270-9F25-450B7030A877}.Debug|x64.ActiveCfg = Debug|Any CPU
		{2DAE4FC9-3BA3-4270-9F25-450B7030A877}.Debug|x64.Build.0 = Debug|Any CPU
		{2DAE4FC9-3BA3-4270-9F25-450B7030A877}.Release|Any CPU.ActiveCfg = Release|Any CPU
		{2DAE4FC9-3BA3-4270-9F25-450B7030A877}.Release|Any CPU.Build.0 = Release|Any CPU
		{2DAE4FC9-3BA3-4270-9F25-450B7030A877}.Release|x64.ActiveCfg = Release|Any CPU
		{2DAE4FC9-3BA3-4270-9F25-450B7030A877}.Release|x64.Build.0 = Release|Any CPU
		{0A712B5F-6BCD-45C3-8C38-C6E8671DF5B1}.Debug|Any CPU.ActiveCfg = Debug|Any CPU
		{0A712B5F-6BCD-45C3-8C38-C6E8671DF5B1}.Debug|x64.ActiveCfg = Debug|Any CPU
		{0A712B5F-6BCD-45C3-8C38-C6E8671DF5B1}.Debug|x64.Build.0 = Debug|Any CPU
		{0A712B5F-6BCD-45C3-8C38-C6E8671DF5B1}.Release|Any CPU.ActiveCfg = Release|Any CPU
		{0A712B5F-6BCD-45C3-8C38-C6E8671DF5B1}.Release|Any CPU.Build.0 = Release|Any CPU
		{0A712B5F-6BCD-45C3-8C38-C6E8671DF5B1}.Release|x64.ActiveCfg = Release|Any CPU
		{0A712B5F-6BCD-45C3-8C38-C6E8671DF5B1}.Release|x64.Build.0 = Release|Any CPU
		{EE47797B-FFE0-4D3A-890C-EF2B7EEC7411}.Debug|Any CPU.ActiveCfg = Debug|Any CPU
		{EE47797B-FFE0-4D3A-890C-EF2B7EEC7411}.Debug|x64.ActiveCfg = Debug|Any CPU
		{EE47797B-FFE0-4D3A-890C-EF2B7EEC7411}.Debug|x64.Build.0 = Debug|Any CPU
		{EE47797B-FFE0-4D3A-890C-EF2B7EEC7411}.Release|Any CPU.ActiveCfg = Release|Any CPU
		{EE47797B-FFE0-4D3A-890C-EF2B7EEC7411}.Release|Any CPU.Build.0 = Release|Any CPU
		{EE47797B-FFE0-4D3A-890C-EF2B7EEC7411}.Release|x64.ActiveCfg = Release|Any CPU
		{EE47797B-FFE0-4D3A-890C-EF2B7EEC7411}.Release|x64.Build.0 = Release|Any CPU
		{EDDA5CCC-25B7-4B50-A8D7-CCB617727497}.Debug|Any CPU.ActiveCfg = Debug|Any CPU
		{EDDA5CCC-25B7-4B50-A8D7-CCB617727497}.Debug|Any CPU.Build.0 = Debug|Any CPU
		{EDDA5CCC-25B7-4B50-A8D7-CCB617727497}.Debug|x64.ActiveCfg = Debug|Any CPU
		{EDDA5CCC-25B7-4B50-A8D7-CCB617727497}.Debug|x64.Build.0 = Debug|Any CPU
		{EDDA5CCC-25B7-4B50-A8D7-CCB617727497}.Release|Any CPU.ActiveCfg = Release|Any CPU
		{EDDA5CCC-25B7-4B50-A8D7-CCB617727497}.Release|Any CPU.Build.0 = Release|Any CPU
		{EDDA5CCC-25B7-4B50-A8D7-CCB617727497}.Release|x64.ActiveCfg = Release|Any CPU
		{EDDA5CCC-25B7-4B50-A8D7-CCB617727497}.Release|x64.Build.0 = Release|Any CPU
		{0284CBA5-D336-4A39-8519-3F2C48D433D7}.Debug|Any CPU.ActiveCfg = Debug|Any CPU
		{0284CBA5-D336-4A39-8519-3F2C48D433D7}.Debug|Any CPU.Build.0 = Debug|Any CPU
		{0284CBA5-D336-4A39-8519-3F2C48D433D7}.Debug|x64.ActiveCfg = Debug|Any CPU
		{0284CBA5-D336-4A39-8519-3F2C48D433D7}.Debug|x64.Build.0 = Debug|Any CPU
		{0284CBA5-D336-4A39-8519-3F2C48D433D7}.Release|Any CPU.ActiveCfg = Release|Any CPU
		{0284CBA5-D336-4A39-8519-3F2C48D433D7}.Release|Any CPU.Build.0 = Release|Any CPU
		{0284CBA5-D336-4A39-8519-3F2C48D433D7}.Release|x64.ActiveCfg = Release|Any CPU
		{0284CBA5-D336-4A39-8519-3F2C48D433D7}.Release|x64.Build.0 = Release|Any CPU
		{73C8791E-3FC5-4C91-84E5-C19C98096F10}.Debug|Any CPU.ActiveCfg = Debug|Any CPU
		{73C8791E-3FC5-4C91-84E5-C19C98096F10}.Debug|Any CPU.Build.0 = Debug|Any CPU
		{73C8791E-3FC5-4C91-84E5-C19C98096F10}.Debug|x64.ActiveCfg = Debug|Any CPU
		{73C8791E-3FC5-4C91-84E5-C19C98096F10}.Debug|x64.Build.0 = Debug|Any CPU
		{73C8791E-3FC5-4C91-84E5-C19C98096F10}.Release|Any CPU.ActiveCfg = Release|Any CPU
		{73C8791E-3FC5-4C91-84E5-C19C98096F10}.Release|Any CPU.Build.0 = Release|Any CPU
		{73C8791E-3FC5-4C91-84E5-C19C98096F10}.Release|x64.ActiveCfg = Release|Any CPU
		{73C8791E-3FC5-4C91-84E5-C19C98096F10}.Release|x64.Build.0 = Release|Any CPU
		{B6324D12-6E97-4E02-9499-31265565467A}.Debug|Any CPU.ActiveCfg = Debug|Any CPU
		{B6324D12-6E97-4E02-9499-31265565467A}.Debug|Any CPU.Build.0 = Debug|Any CPU
		{B6324D12-6E97-4E02-9499-31265565467A}.Debug|x64.ActiveCfg = Debug|Any CPU
		{B6324D12-6E97-4E02-9499-31265565467A}.Debug|x64.Build.0 = Debug|Any CPU
		{B6324D12-6E97-4E02-9499-31265565467A}.Release|Any CPU.ActiveCfg = Release|Any CPU
		{B6324D12-6E97-4E02-9499-31265565467A}.Release|Any CPU.Build.0 = Release|Any CPU
		{B6324D12-6E97-4E02-9499-31265565467A}.Release|x64.ActiveCfg = Release|Any CPU
		{B6324D12-6E97-4E02-9499-31265565467A}.Release|x64.Build.0 = Release|Any CPU
		{DC9F7815-C9CA-495C-A383-234913FCCCE6}.Debug|Any CPU.ActiveCfg = Debug|Any CPU
		{DC9F7815-C9CA-495C-A383-234913FCCCE6}.Debug|Any CPU.Build.0 = Debug|Any CPU
		{DC9F7815-C9CA-495C-A383-234913FCCCE6}.Debug|x64.ActiveCfg = Debug|Any CPU
		{DC9F7815-C9CA-495C-A383-234913FCCCE6}.Debug|x64.Build.0 = Debug|Any CPU
		{DC9F7815-C9CA-495C-A383-234913FCCCE6}.Release|Any CPU.ActiveCfg = Release|Any CPU
		{DC9F7815-C9CA-495C-A383-234913FCCCE6}.Release|Any CPU.Build.0 = Release|Any CPU
		{DC9F7815-C9CA-495C-A383-234913FCCCE6}.Release|x64.ActiveCfg = Release|Any CPU
		{DC9F7815-C9CA-495C-A383-234913FCCCE6}.Release|x64.Build.0 = Release|Any CPU
		{608FAC29-91CB-43AF-A45B-1A0F31870041}.Debug|Any CPU.ActiveCfg = Debug|Any CPU
		{608FAC29-91CB-43AF-A45B-1A0F31870041}.Debug|Any CPU.Build.0 = Debug|Any CPU
		{608FAC29-91CB-43AF-A45B-1A0F31870041}.Debug|x64.ActiveCfg = Debug|Any CPU
		{608FAC29-91CB-43AF-A45B-1A0F31870041}.Debug|x64.Build.0 = Debug|Any CPU
		{608FAC29-91CB-43AF-A45B-1A0F31870041}.Release|Any CPU.ActiveCfg = Release|Any CPU
		{608FAC29-91CB-43AF-A45B-1A0F31870041}.Release|Any CPU.Build.0 = Release|Any CPU
		{608FAC29-91CB-43AF-A45B-1A0F31870041}.Release|x64.ActiveCfg = Release|Any CPU
		{608FAC29-91CB-43AF-A45B-1A0F31870041}.Release|x64.Build.0 = Release|Any CPU
		{5BD0B400-C8A6-45B4-99D8-4BBD5CEADD32}.Debug|Any CPU.ActiveCfg = Debug|Any CPU
		{5BD0B400-C8A6-45B4-99D8-4BBD5CEADD32}.Debug|x64.ActiveCfg = Debug|Any CPU
		{5BD0B400-C8A6-45B4-99D8-4BBD5CEADD32}.Debug|x64.Build.0 = Debug|Any CPU
		{5BD0B400-C8A6-45B4-99D8-4BBD5CEADD32}.Release|Any CPU.ActiveCfg = Release|Any CPU
		{5BD0B400-C8A6-45B4-99D8-4BBD5CEADD32}.Release|Any CPU.Build.0 = Release|Any CPU
		{5BD0B400-C8A6-45B4-99D8-4BBD5CEADD32}.Release|x64.ActiveCfg = Release|Any CPU
		{5BD0B400-C8A6-45B4-99D8-4BBD5CEADD32}.Release|x64.Build.0 = Release|Any CPU
		{40DB43B1-2836-4495-AF60-E81AC0C96713}.Debug|Any CPU.ActiveCfg = Debug|Any CPU
		{40DB43B1-2836-4495-AF60-E81AC0C96713}.Debug|Any CPU.Build.0 = Debug|Any CPU
		{40DB43B1-2836-4495-AF60-E81AC0C96713}.Debug|x64.ActiveCfg = Debug|Any CPU
		{40DB43B1-2836-4495-AF60-E81AC0C96713}.Debug|x64.Build.0 = Debug|Any CPU
		{40DB43B1-2836-4495-AF60-E81AC0C96713}.Release|Any CPU.ActiveCfg = Release|Any CPU
		{40DB43B1-2836-4495-AF60-E81AC0C96713}.Release|Any CPU.Build.0 = Release|Any CPU
		{40DB43B1-2836-4495-AF60-E81AC0C96713}.Release|x64.ActiveCfg = Release|Any CPU
		{40DB43B1-2836-4495-AF60-E81AC0C96713}.Release|x64.Build.0 = Release|Any CPU
		{0AE42B3E-676A-41CD-BCB7-CDAAEBF24289}.Debug|Any CPU.ActiveCfg = Debug|Any CPU
		{0AE42B3E-676A-41CD-BCB7-CDAAEBF24289}.Debug|x64.ActiveCfg = Debug|Any CPU
		{0AE42B3E-676A-41CD-BCB7-CDAAEBF24289}.Debug|x64.Build.0 = Debug|Any CPU
		{0AE42B3E-676A-41CD-BCB7-CDAAEBF24289}.Release|Any CPU.ActiveCfg = Release|Any CPU
		{0AE42B3E-676A-41CD-BCB7-CDAAEBF24289}.Release|Any CPU.Build.0 = Release|Any CPU
		{0AE42B3E-676A-41CD-BCB7-CDAAEBF24289}.Release|x64.ActiveCfg = Release|Any CPU
		{0AE42B3E-676A-41CD-BCB7-CDAAEBF24289}.Release|x64.Build.0 = Release|Any CPU
		{12ABD3C4-F328-465B-AC49-C4FABBFE187C}.Debug|Any CPU.ActiveCfg = Debug|Any CPU
		{12ABD3C4-F328-465B-AC49-C4FABBFE187C}.Debug|Any CPU.Build.0 = Debug|Any CPU
		{12ABD3C4-F328-465B-AC49-C4FABBFE187C}.Debug|x64.ActiveCfg = Debug|Any CPU
		{12ABD3C4-F328-465B-AC49-C4FABBFE187C}.Debug|x64.Build.0 = Debug|Any CPU
		{12ABD3C4-F328-465B-AC49-C4FABBFE187C}.Release|Any CPU.ActiveCfg = Release|Any CPU
		{12ABD3C4-F328-465B-AC49-C4FABBFE187C}.Release|Any CPU.Build.0 = Release|Any CPU
		{12ABD3C4-F328-465B-AC49-C4FABBFE187C}.Release|x64.ActiveCfg = Release|Any CPU
		{12ABD3C4-F328-465B-AC49-C4FABBFE187C}.Release|x64.Build.0 = Release|Any CPU
		{27D90280-16DB-4751-82D9-50015C5B87A1}.Debug|Any CPU.ActiveCfg = Debug|Any CPU
		{27D90280-16DB-4751-82D9-50015C5B87A1}.Debug|Any CPU.Build.0 = Debug|Any CPU
		{27D90280-16DB-4751-82D9-50015C5B87A1}.Debug|x64.ActiveCfg = Debug|Any CPU
		{27D90280-16DB-4751-82D9-50015C5B87A1}.Debug|x64.Build.0 = Debug|Any CPU
		{27D90280-16DB-4751-82D9-50015C5B87A1}.Release|Any CPU.ActiveCfg = Release|Any CPU
		{27D90280-16DB-4751-82D9-50015C5B87A1}.Release|Any CPU.Build.0 = Release|Any CPU
		{27D90280-16DB-4751-82D9-50015C5B87A1}.Release|x64.ActiveCfg = Release|Any CPU
		{27D90280-16DB-4751-82D9-50015C5B87A1}.Release|x64.Build.0 = Release|Any CPU
		{714F342F-3838-4088-80E5-A54C4173B0EA}.Debug|Any CPU.ActiveCfg = Debug|Any CPU
		{714F342F-3838-4088-80E5-A54C4173B0EA}.Debug|Any CPU.Build.0 = Debug|Any CPU
		{714F342F-3838-4088-80E5-A54C4173B0EA}.Debug|x64.ActiveCfg = Debug|Any CPU
		{714F342F-3838-4088-80E5-A54C4173B0EA}.Debug|x64.Build.0 = Debug|Any CPU
		{714F342F-3838-4088-80E5-A54C4173B0EA}.Release|Any CPU.ActiveCfg = Release|Any CPU
		{714F342F-3838-4088-80E5-A54C4173B0EA}.Release|Any CPU.Build.0 = Release|Any CPU
		{714F342F-3838-4088-80E5-A54C4173B0EA}.Release|x64.ActiveCfg = Release|Any CPU
		{714F342F-3838-4088-80E5-A54C4173B0EA}.Release|x64.Build.0 = Release|Any CPU
		{9F3031CB-5AD2-496F-B804-C906C66E9B25}.Debug|Any CPU.ActiveCfg = Debug|Any CPU
		{9F3031CB-5AD2-496F-B804-C906C66E9B25}.Debug|Any CPU.Build.0 = Debug|Any CPU
		{9F3031CB-5AD2-496F-B804-C906C66E9B25}.Debug|x64.ActiveCfg = Debug|Any CPU
		{9F3031CB-5AD2-496F-B804-C906C66E9B25}.Debug|x64.Build.0 = Debug|Any CPU
		{9F3031CB-5AD2-496F-B804-C906C66E9B25}.Release|Any CPU.ActiveCfg = Release|Any CPU
		{9F3031CB-5AD2-496F-B804-C906C66E9B25}.Release|Any CPU.Build.0 = Release|Any CPU
		{9F3031CB-5AD2-496F-B804-C906C66E9B25}.Release|x64.ActiveCfg = Release|Any CPU
		{9F3031CB-5AD2-496F-B804-C906C66E9B25}.Release|x64.Build.0 = Release|Any CPU
		{E3A7B4C3-AB48-4A3D-87B3-E71508636E99}.Debug|Any CPU.ActiveCfg = Debug|Any CPU
		{E3A7B4C3-AB48-4A3D-87B3-E71508636E99}.Debug|Any CPU.Build.0 = Debug|Any CPU
		{E3A7B4C3-AB48-4A3D-87B3-E71508636E99}.Debug|x64.ActiveCfg = Debug|Any CPU
		{E3A7B4C3-AB48-4A3D-87B3-E71508636E99}.Debug|x64.Build.0 = Debug|Any CPU
		{E3A7B4C3-AB48-4A3D-87B3-E71508636E99}.Release|Any CPU.ActiveCfg = Release|Any CPU
		{E3A7B4C3-AB48-4A3D-87B3-E71508636E99}.Release|Any CPU.Build.0 = Release|Any CPU
		{E3A7B4C3-AB48-4A3D-87B3-E71508636E99}.Release|x64.ActiveCfg = Release|Any CPU
		{E3A7B4C3-AB48-4A3D-87B3-E71508636E99}.Release|x64.Build.0 = Release|Any CPU
		{67FCCDAD-57F1-4159-8FC1-F8DCDB2888E5}.Debug|Any CPU.ActiveCfg = Debug|Any CPU
		{67FCCDAD-57F1-4159-8FC1-F8DCDB2888E5}.Debug|Any CPU.Build.0 = Debug|Any CPU
		{67FCCDAD-57F1-4159-8FC1-F8DCDB2888E5}.Debug|x64.ActiveCfg = Debug|Any CPU
		{67FCCDAD-57F1-4159-8FC1-F8DCDB2888E5}.Debug|x64.Build.0 = Debug|Any CPU
		{67FCCDAD-57F1-4159-8FC1-F8DCDB2888E5}.Release|Any CPU.ActiveCfg = Release|Any CPU
		{67FCCDAD-57F1-4159-8FC1-F8DCDB2888E5}.Release|Any CPU.Build.0 = Release|Any CPU
		{67FCCDAD-57F1-4159-8FC1-F8DCDB2888E5}.Release|x64.ActiveCfg = Release|Any CPU
		{67FCCDAD-57F1-4159-8FC1-F8DCDB2888E5}.Release|x64.Build.0 = Release|Any CPU
		{BBEE6FDF-95CE-4549-8D30-28E9B1A1A5BC}.Debug|Any CPU.ActiveCfg = Debug|Any CPU
		{BBEE6FDF-95CE-4549-8D30-28E9B1A1A5BC}.Debug|Any CPU.Build.0 = Debug|Any CPU
		{BBEE6FDF-95CE-4549-8D30-28E9B1A1A5BC}.Debug|x64.ActiveCfg = Debug|x64
		{BBEE6FDF-95CE-4549-8D30-28E9B1A1A5BC}.Debug|x64.Build.0 = Debug|x64
		{BBEE6FDF-95CE-4549-8D30-28E9B1A1A5BC}.Release|Any CPU.ActiveCfg = Release|Any CPU
		{BBEE6FDF-95CE-4549-8D30-28E9B1A1A5BC}.Release|Any CPU.Build.0 = Release|Any CPU
		{BBEE6FDF-95CE-4549-8D30-28E9B1A1A5BC}.Release|x64.ActiveCfg = Release|x64
		{BBEE6FDF-95CE-4549-8D30-28E9B1A1A5BC}.Release|x64.Build.0 = Release|x64
		{F3E641DA-37A7-4137-BBCB-151B6474A62F}.Debug|Any CPU.ActiveCfg = Debug|Any CPU
		{F3E641DA-37A7-4137-BBCB-151B6474A62F}.Debug|x64.ActiveCfg = Debug|Any CPU
		{F3E641DA-37A7-4137-BBCB-151B6474A62F}.Debug|x64.Build.0 = Debug|Any CPU
		{F3E641DA-37A7-4137-BBCB-151B6474A62F}.Release|Any CPU.ActiveCfg = Release|Any CPU
		{F3E641DA-37A7-4137-BBCB-151B6474A62F}.Release|Any CPU.Build.0 = Release|Any CPU
		{F3E641DA-37A7-4137-BBCB-151B6474A62F}.Release|x64.ActiveCfg = Release|Any CPU
		{F3E641DA-37A7-4137-BBCB-151B6474A62F}.Release|x64.Build.0 = Release|Any CPU
		{4178C008-8B0F-4EA8-A1D9-1B86BF8DC428}.Debug|Any CPU.ActiveCfg = Debug|Any CPU
		{4178C008-8B0F-4EA8-A1D9-1B86BF8DC428}.Debug|Any CPU.Build.0 = Debug|Any CPU
		{4178C008-8B0F-4EA8-A1D9-1B86BF8DC428}.Debug|x64.ActiveCfg = Debug|Any CPU
		{4178C008-8B0F-4EA8-A1D9-1B86BF8DC428}.Debug|x64.Build.0 = Debug|Any CPU
		{4178C008-8B0F-4EA8-A1D9-1B86BF8DC428}.Release|Any CPU.ActiveCfg = Release|Any CPU
		{4178C008-8B0F-4EA8-A1D9-1B86BF8DC428}.Release|Any CPU.Build.0 = Release|Any CPU
		{4178C008-8B0F-4EA8-A1D9-1B86BF8DC428}.Release|x64.ActiveCfg = Release|Any CPU
		{4178C008-8B0F-4EA8-A1D9-1B86BF8DC428}.Release|x64.Build.0 = Release|Any CPU
		{97846F04-4D7D-43DA-95D8-A7A111B2D7BB}.Debug|Any CPU.ActiveCfg = Debug|Any CPU
		{97846F04-4D7D-43DA-95D8-A7A111B2D7BB}.Debug|Any CPU.Build.0 = Debug|Any CPU
		{97846F04-4D7D-43DA-95D8-A7A111B2D7BB}.Debug|x64.ActiveCfg = Debug|Any CPU
		{97846F04-4D7D-43DA-95D8-A7A111B2D7BB}.Debug|x64.Build.0 = Debug|Any CPU
		{97846F04-4D7D-43DA-95D8-A7A111B2D7BB}.Release|Any CPU.ActiveCfg = Release|Any CPU
		{97846F04-4D7D-43DA-95D8-A7A111B2D7BB}.Release|Any CPU.Build.0 = Release|Any CPU
		{97846F04-4D7D-43DA-95D8-A7A111B2D7BB}.Release|x64.ActiveCfg = Release|Any CPU
		{97846F04-4D7D-43DA-95D8-A7A111B2D7BB}.Release|x64.Build.0 = Release|Any CPU
	EndGlobalSection
	GlobalSection(SolutionProperties) = preSolution
		HideSolutionNode = FALSE
	EndGlobalSection
	GlobalSection(NestedProjects) = preSolution
		{A7B201AE-3748-4946-BFC8-4F86AC1FE72C} = {21E7E276-6012-498E-A58D-B5A0D0286465}
		{4670DA92-06CF-4CE4-BBF8-67353A907BD0} = {A7B201AE-3748-4946-BFC8-4F86AC1FE72C}
		{506B3655-4706-42F8-87F1-FB13869AA4C1} = {A7B201AE-3748-4946-BFC8-4F86AC1FE72C}
		{40EBB60E-FE75-40C7-94FA-DDBADA32F58C} = {A7B201AE-3748-4946-BFC8-4F86AC1FE72C}
		{B7711BCE-372E-4E96-89D1-61E9624EB633} = {21E7E276-6012-498E-A58D-B5A0D0286465}
		{6C62A2AE-2272-474F-AAA4-59F450C528D8} = {B7711BCE-372E-4E96-89D1-61E9624EB633}
		{BED80A02-9104-477F-A267-F9265EEED6C0} = {6C62A2AE-2272-474F-AAA4-59F450C528D8}
		{8489C394-6CB0-4100-A850-702CF94BAE52} = {21E7E276-6012-498E-A58D-B5A0D0286465}
		{D3CFFBA9-C232-4C8D-BACD-5A30DED686D2} = {E3FF213C-828B-4A2B-AA4C-C6975B88B797}
		{2C2B4FDF-FF87-49B5-8080-DA8A5715710A} = {DF9CA18E-B7D0-4718-A421-2F2022AA9878}
		{20D45626-3779-4FC8-A55A-1C919D95649E} = {DF9CA18E-B7D0-4718-A421-2F2022AA9878}
		{98E79B80-3176-4CAD-B7BA-B5CAA6752FAB} = {DF9CA18E-B7D0-4718-A421-2F2022AA9878}
		{1389B99F-FF39-4671-9789-D2E1AA91527C} = {DF9CA18E-B7D0-4718-A421-2F2022AA9878}
		{153006DA-1F99-4D33-B490-D3A87E7DFD03} = {DF9CA18E-B7D0-4718-A421-2F2022AA9878}
		{20DE7274-E0E0-40A8-B59F-B32300858BB8} = {21E7E276-6012-498E-A58D-B5A0D0286465}
		{1554F596-9B1C-4E35-8D9A-E9A0232790A5} = {20DE7274-E0E0-40A8-B59F-B32300858BB8}
		{6DE6D960-919F-449E-AEDA-993D0722BCDA} = {20DE7274-E0E0-40A8-B59F-B32300858BB8}
		{EB682B5B-04B4-4401-BDCF-DED2F6CE83D2} = {21E7E276-6012-498E-A58D-B5A0D0286465}
		{D6ABFCC0-41D6-441D-9CB0-9729127FC5BC} = {21E7E276-6012-498E-A58D-B5A0D0286465}
		{6AE823E9-2C99-4FFF-A94C-C5EE46B74C69} = {D6ABFCC0-41D6-441D-9CB0-9729127FC5BC}
		{C3F44526-F9EA-4923-9A28-72C23D66DD26} = {EB682B5B-04B4-4401-BDCF-DED2F6CE83D2}
		{AA445E89-A706-4A2A-B28E-EDBAE056652B} = {D6ABFCC0-41D6-441D-9CB0-9729127FC5BC}
		{63B2DE19-0D82-4671-8371-2FCD60E49357} = {21E7E276-6012-498E-A58D-B5A0D0286465}
		{823BA943-C30D-46D6-8634-617AA3CFDEA8} = {8489C394-6CB0-4100-A850-702CF94BAE52}
		{B551E073-CC82-4B4E-ABA5-A183C949496D} = {CB59302C-D181-4944-A702-167FE7D81CB7}
		{C9D6ED82-ABF9-4585-AA7C-B49FE0BF8EB9} = {CB59302C-D181-4944-A702-167FE7D81CB7}
		{CB59302C-D181-4944-A702-167FE7D81CB7} = {EB682B5B-04B4-4401-BDCF-DED2F6CE83D2}
		{0497EBF9-0192-40AE-AA53-2A256FCBEDB0} = {21E7E276-6012-498E-A58D-B5A0D0286465}
		{829D7FF8-518C-4844-B3E0-DC8FFE091775} = {0497EBF9-0192-40AE-AA53-2A256FCBEDB0}
		{395AD4CE-F673-4D90-85F2-50D701AE7C0A} = {21E7E276-6012-498E-A58D-B5A0D0286465}
		{84D47736-3EB1-4B81-98DB-8D99522E19D5} = {21E7E276-6012-498E-A58D-B5A0D0286465}
		{488D28B2-E9AE-4A2F-BF3C-5B18F3D79B5F} = {84D47736-3EB1-4B81-98DB-8D99522E19D5}
		{38131DAF-70E4-4A95-9706-F88D905EAA96} = {B00A0C05-168E-4502-BE77-ECC6D3F248AA}
		{CCE80E59-A8FA-455D-9648-7314A4F7BF25} = {B00A0C05-168E-4502-BE77-ECC6D3F248AA}
		{AE94C3B3-3576-42C1-98FD-A7DCEF480CF5} = {21E7E276-6012-498E-A58D-B5A0D0286465}
		{7A762E12-0F04-4B0B-A8A4-D888CCD74B28} = {AE94C3B3-3576-42C1-98FD-A7DCEF480CF5}
		{6FCC7E98-38E6-424B-B827-AF35140C6BD3} = {21E7E276-6012-498E-A58D-B5A0D0286465}
		{09E46AA5-52C9-4D38-A86B-A26BC7846A75} = {6FCC7E98-38E6-424B-B827-AF35140C6BD3}
		{00BA3C1B-8A9B-496B-8BDD-9A5774A1B442} = {B7711BCE-372E-4E96-89D1-61E9624EB633}
		{CC08C3FA-E295-4C68-B35E-995D4B2D66D0} = {00BA3C1B-8A9B-496B-8BDD-9A5774A1B442}
		{291436B1-151E-44AD-9153-3AE2F8F70E0C} = {8489C394-6CB0-4100-A850-702CF94BAE52}
		{B44EAF91-883A-4BB5-B9E8-FEA420AFCCA3} = {0497EBF9-0192-40AE-AA53-2A256FCBEDB0}
		{63A6FB0B-388B-4046-8217-BF15794BACB4} = {B7711BCE-372E-4E96-89D1-61E9624EB633}
		{E5011DD5-16C5-4CD0-ADA3-D783F11C7C61} = {63A6FB0B-388B-4046-8217-BF15794BACB4}
		{4247B867-4FAB-40DE-A539-7026D30CC245} = {63A6FB0B-388B-4046-8217-BF15794BACB4}
		{B00A0C05-168E-4502-BE77-ECC6D3F248AA} = {395AD4CE-F673-4D90-85F2-50D701AE7C0A}
		{B9B440AC-36B8-404C-AB0C-74DBD5770F2C} = {63B2DE19-0D82-4671-8371-2FCD60E49357}
		{DE425CCF-85D0-4626-A26C-8FAC72F718E6} = {63B2DE19-0D82-4671-8371-2FCD60E49357}
		{2DAE4FC9-3BA3-4270-9F25-450B7030A877} = {DE425CCF-85D0-4626-A26C-8FAC72F718E6}
		{04D085DB-BB60-4C7F-923F-050CCD2FBAD3} = {21E7E276-6012-498E-A58D-B5A0D0286465}
		{0A712B5F-6BCD-45C3-8C38-C6E8671DF5B1} = {AE94C3B3-3576-42C1-98FD-A7DCEF480CF5}
		{EE47797B-FFE0-4D3A-890C-EF2B7EEC7411} = {AE94C3B3-3576-42C1-98FD-A7DCEF480CF5}
		{EDDA5CCC-25B7-4B50-A8D7-CCB617727497} = {04D085DB-BB60-4C7F-923F-050CCD2FBAD3}
		{0284CBA5-D336-4A39-8519-3F2C48D433D7} = {04D085DB-BB60-4C7F-923F-050CCD2FBAD3}
		{73C8791E-3FC5-4C91-84E5-C19C98096F10} = {A7B201AE-3748-4946-BFC8-4F86AC1FE72C}
		{B6324D12-6E97-4E02-9499-31265565467A} = {63A6FB0B-388B-4046-8217-BF15794BACB4}
		{DC9F7815-C9CA-495C-A383-234913FCCCE6} = {D6ABFCC0-41D6-441D-9CB0-9729127FC5BC}
		{608FAC29-91CB-43AF-A45B-1A0F31870041} = {00BA3C1B-8A9B-496B-8BDD-9A5774A1B442}
		{B1F391AB-F495-43E9-83D1-34AD84944B81} = {DF9CA18E-B7D0-4718-A421-2F2022AA9878}
		{4613EA7F-1451-43AC-85CF-2D569D780F25} = {21E7E276-6012-498E-A58D-B5A0D0286465}
		{06CF8424-8B52-4088-8AE5-9F0DBB529AE1} = {4613EA7F-1451-43AC-85CF-2D569D780F25}
		{5BD0B400-C8A6-45B4-99D8-4BBD5CEADD32} = {06CF8424-8B52-4088-8AE5-9F0DBB529AE1}
		{40DB43B1-2836-4495-AF60-E81AC0C96713} = {0497EBF9-0192-40AE-AA53-2A256FCBEDB0}
		{0AE42B3E-676A-41CD-BCB7-CDAAEBF24289} = {8489C394-6CB0-4100-A850-702CF94BAE52}
		{12ABD3C4-F328-465B-AC49-C4FABBFE187C} = {D6ABFCC0-41D6-441D-9CB0-9729127FC5BC}
		{27D90280-16DB-4751-82D9-50015C5B87A1} = {6FCC7E98-38E6-424B-B827-AF35140C6BD3}
		{714F342F-3838-4088-80E5-A54C4173B0EA} = {0497EBF9-0192-40AE-AA53-2A256FCBEDB0}
		{9F3031CB-5AD2-496F-B804-C906C66E9B25} = {06CF8424-8B52-4088-8AE5-9F0DBB529AE1}
		{E3A7B4C3-AB48-4A3D-87B3-E71508636E99} = {B9B440AC-36B8-404C-AB0C-74DBD5770F2C}
		{67FCCDAD-57F1-4159-8FC1-F8DCDB2888E5} = {B9B440AC-36B8-404C-AB0C-74DBD5770F2C}
		{BBEE6FDF-95CE-4549-8D30-28E9B1A1A5BC} = {0497EBF9-0192-40AE-AA53-2A256FCBEDB0}
		{F3E641DA-37A7-4137-BBCB-151B6474A62F} = {A7B201AE-3748-4946-BFC8-4F86AC1FE72C}
		{4178C008-8B0F-4EA8-A1D9-1B86BF8DC428} = {A7B201AE-3748-4946-BFC8-4F86AC1FE72C}
		{97846F04-4D7D-43DA-95D8-A7A111B2D7BB} = {EB682B5B-04B4-4401-BDCF-DED2F6CE83D2}
	EndGlobalSection
	GlobalSection(ExtensibilityGlobals) = postSolution
		SolutionGuid = {5098ACB0-865F-4136-B16E-747897FBA792}
	EndGlobalSection
EndGlobal
