
Microsoft Visual Studio Solution File, Format Version 12.00
# Visual Studio 15
VisualStudioVersion = 15.0.28010.2046
MinimumVisualStudioVersion = 10.0.40219.1
Project("{FAE04EC0-301F-11D3-BF4B-00C04F79EFBC}") = "Atdi.Modules.Licensing", "Modules\Atdi.Modules.Licensing\Atdi.Modules.Licensing.csproj", "{829D7FF8-518C-4844-B3E0-DC8FFE091775}"
EndProject
Project("{FAE04EC0-301F-11D3-BF4B-00C04F79EFBC}") = "Atdi.Modules.LicenseGenerator", "Modules\Atdi.Modules.LicenseGenerator\Atdi.Modules.LicenseGenerator.csproj", "{96E4C222-4AAB-480F-8A70-0C914A7F1504}"
EndProject
Project("{FAE04EC0-301F-11D3-BF4B-00C04F79EFBC}") = "Atdi.Tools.LicenseAnalyzer", "Tools\Atdi.Tools.LicenseAnalyzer\Atdi.Tools.LicenseAnalyzer.csproj", "{7A762E12-0F04-4B0B-A8A4-D888CCD74B28}"
EndProject
Project("{FAE04EC0-301F-11D3-BF4B-00C04F79EFBC}") = "Atdi.Platform", "Platform\Atdi.Platform\Atdi.Platform.csproj", "{2C2B4FDF-FF87-49B5-8080-DA8A5715710A}"
EndProject
Global
	GlobalSection(SolutionConfigurationPlatforms) = preSolution
		Debug|Any CPU = Debug|Any CPU
		Release|Any CPU = Release|Any CPU
	EndGlobalSection
	GlobalSection(ProjectConfigurationPlatforms) = postSolution
		{829D7FF8-518C-4844-B3E0-DC8FFE091775}.Debug|Any CPU.ActiveCfg = Debug|Any CPU
		{829D7FF8-518C-4844-B3E0-DC8FFE091775}.Debug|Any CPU.Build.0 = Debug|Any CPU
		{829D7FF8-518C-4844-B3E0-DC8FFE091775}.Release|Any CPU.ActiveCfg = Release|Any CPU
		{829D7FF8-518C-4844-B3E0-DC8FFE091775}.Release|Any CPU.Build.0 = Release|Any CPU
		{96E4C222-4AAB-480F-8A70-0C914A7F1504}.Debug|Any CPU.ActiveCfg = Debug|Any CPU
		{96E4C222-4AAB-480F-8A70-0C914A7F1504}.Debug|Any CPU.Build.0 = Debug|Any CPU
		{96E4C222-4AAB-480F-8A70-0C914A7F1504}.Release|Any CPU.ActiveCfg = Release|Any CPU
		{96E4C222-4AAB-480F-8A70-0C914A7F1504}.Release|Any CPU.Build.0 = Release|Any CPU
		{7A762E12-0F04-4B0B-A8A4-D888CCD74B28}.Debug|Any CPU.ActiveCfg = Debug|Any CPU
		{7A762E12-0F04-4B0B-A8A4-D888CCD74B28}.Debug|Any CPU.Build.0 = Debug|Any CPU
		{7A762E12-0F04-4B0B-A8A4-D888CCD74B28}.Release|Any CPU.ActiveCfg = Release|Any CPU
		{7A762E12-0F04-4B0B-A8A4-D888CCD74B28}.Release|Any CPU.Build.0 = Release|Any CPU
		{2C2B4FDF-FF87-49B5-8080-DA8A5715710A}.Debug|Any CPU.ActiveCfg = Debug|Any CPU
		{2C2B4FDF-FF87-49B5-8080-DA8A5715710A}.Debug|Any CPU.Build.0 = Debug|Any CPU
		{2C2B4FDF-FF87-49B5-8080-DA8A5715710A}.Release|Any CPU.ActiveCfg = Release|Any CPU
		{2C2B4FDF-FF87-49B5-8080-DA8A5715710A}.Release|Any CPU.Build.0 = Release|Any CPU
	EndGlobalSection
	GlobalSection(SolutionProperties) = preSolution
		HideSolutionNode = FALSE
	EndGlobalSection
	GlobalSection(ExtensibilityGlobals) = postSolution
		SolutionGuid = {EA360E00-05F1-490B-8065-02C631855EAC}
	EndGlobalSection
EndGlobal
