
Microsoft Visual Studio Solution File, Format Version 12.00
# Visual Studio 15
VisualStudioVersion = 15.0.28010.2046
MinimumVisualStudioVersion = 10.0.40219.1
Project("{2150E333-8FDC-42A3-9474-1A3956D46DE8}") = "00 Common", "00 Common", "{60A56F13-E1C9-4B8C-9D6D-C6C9CD0FC5F0}"
EndProject
Project("{2150E333-8FDC-42A3-9474-1A3956D46DE8}") = "01 DataModels", "01 DataModels", "{9B81A520-A492-437C-B7B6-BE4344413F4F}"
EndProject
Project("{2150E333-8FDC-42A3-9474-1A3956D46DE8}") = "02 Contracts", "02 Contracts", "{67E676F5-6832-4C47-AD3C-39478AD57213}"
EndProject
Project("{2150E333-8FDC-42A3-9474-1A3956D46DE8}") = "03 Plugin", "03 Plugin", "{E19DB19E-4EB2-482B-BB1F-C9E2B10AA13D}"
EndProject
Project("{FAE04EC0-301F-11D3-BF4B-00C04F79EFBC}") = "Atdi.Common", "Common\Atdi.Common\Atdi.Common.csproj", "{D3CFFBA9-C232-4C8D-BACD-5A30DED686D2}"
EndProject
Project("{FAE04EC0-301F-11D3-BF4B-00C04F79EFBC}") = "Atdi.DataModels", "DataModels\Atdi.DataModels\Atdi.DataModels.csproj", "{506B3655-4706-42F8-87F1-FB13869AA4C1}"
EndProject
Project("{FAE04EC0-301F-11D3-BF4B-00C04F79EFBC}") = "Atdi.DataModels.Api.DataBus", "DataModels\Atdi.DataModels.Api.DataBus\Atdi.DataModels.Api.DataBus.csproj", "{F43550A2-FB1B-459C-A839-EA13CD5CD95B}"
EndProject
Project("{FAE04EC0-301F-11D3-BF4B-00C04F79EFBC}") = "Atdi.DataModels.Sdrns", "DataModels\Atdi.DataModels.Sdrns\Atdi.DataModels.Sdrns.csproj", "{40EBB60E-FE75-40C7-94FA-DDBADA32F58C}"
EndProject
Project("{FAE04EC0-301F-11D3-BF4B-00C04F79EFBC}") = "Atdi.DataModels.Sdrns.Server", "DataModels\Atdi.DataModels.Sdrns.Server\Atdi.DataModels.Sdrns.Server.csproj", "{E1234FEA-9BB0-402A-AAD1-9EE393C25D1F}"
EndProject
Project("{FAE04EC0-301F-11D3-BF4B-00C04F79EFBC}") = "Atdi.Contracts.WcfServices.Sdrn.Server", "Contracts\WcfServices\Atdi.Contracts.WcfServices.Sdrn.Server\Atdi.Contracts.WcfServices.Sdrn.Server.csproj", "{BB70F260-1614-4683-B693-BD5FB8848C55}"
EndProject
Project("{FAE04EC0-301F-11D3-BF4B-00C04F79EFBC}") = "ICS Control Client", "IcsmPlugins\ICS Control Client\ICS Control Client.csproj", "{8943C072-6F62-4601-BCDA-1295DDE93C3A}"
	ProjectSection(ProjectDependencies) = postProject
		{40EBB60E-FE75-40C7-94FA-DDBADA32F58C} = {40EBB60E-FE75-40C7-94FA-DDBADA32F58C}
		{506B3655-4706-42F8-87F1-FB13869AA4C1} = {506B3655-4706-42F8-87F1-FB13869AA4C1}
		{BB70F260-1614-4683-B693-BD5FB8848C55} = {BB70F260-1614-4683-B693-BD5FB8848C55}
		{F43550A2-FB1B-459C-A839-EA13CD5CD95B} = {F43550A2-FB1B-459C-A839-EA13CD5CD95B}
		{E1234FEA-9BB0-402A-AAD1-9EE393C25D1F} = {E1234FEA-9BB0-402A-AAD1-9EE393C25D1F}
	EndProjectSection
EndProject
Project("{2150E333-8FDC-42A3-9474-1A3956D46DE8}") = "10 Build", "10 Build", "{63FE4FE2-BCBE-46AE-AF52-19CA7138DF2F}"
EndProject
Project("{FAE04EC0-301F-11D3-BF4B-00C04F79EFBC}") = "Atdi.Build.Sdrn.Plugin", "Build\Atdi.Build.Sdrn.Plugin\Atdi.Build.Sdrn.Plugin.csproj", "{37316D9D-5AFE-4FF0-85E6-36A096FBD8F4}"
	ProjectSection(ProjectDependencies) = postProject
		{40EBB60E-FE75-40C7-94FA-DDBADA32F58C} = {40EBB60E-FE75-40C7-94FA-DDBADA32F58C}
		{506B3655-4706-42F8-87F1-FB13869AA4C1} = {506B3655-4706-42F8-87F1-FB13869AA4C1}
		{BB70F260-1614-4683-B693-BD5FB8848C55} = {BB70F260-1614-4683-B693-BD5FB8848C55}
		{F43550A2-FB1B-459C-A839-EA13CD5CD95B} = {F43550A2-FB1B-459C-A839-EA13CD5CD95B}
		{D3CFFBA9-C232-4C8D-BACD-5A30DED686D2} = {D3CFFBA9-C232-4C8D-BACD-5A30DED686D2}
		{E1234FEA-9BB0-402A-AAD1-9EE393C25D1F} = {E1234FEA-9BB0-402A-AAD1-9EE393C25D1F}
	EndProjectSection
EndProject
Project("{FAE04EC0-301F-11D3-BF4B-00C04F79EFBC}") = "Atdi.DataModels.Sdrns.Device", "DataModels\Atdi.DataModels.Sdrns.Device\Atdi.DataModels.Sdrns.Device.csproj", "{4670DA92-06CF-4CE4-BBF8-67353A907BD0}"
EndProject
Global
	GlobalSection(SolutionConfigurationPlatforms) = preSolution
		Debug|Any CPU = Debug|Any CPU
		Debug|x64 = Debug|x64
		Release|Any CPU = Release|Any CPU
		Release|x64 = Release|x64
	EndGlobalSection
	GlobalSection(ProjectConfigurationPlatforms) = postSolution
		{D3CFFBA9-C232-4C8D-BACD-5A30DED686D2}.Debug|Any CPU.ActiveCfg = Debug|Any CPU
		{D3CFFBA9-C232-4C8D-BACD-5A30DED686D2}.Debug|Any CPU.Build.0 = Debug|Any CPU
		{D3CFFBA9-C232-4C8D-BACD-5A30DED686D2}.Debug|x64.ActiveCfg = Debug|Any CPU
		{D3CFFBA9-C232-4C8D-BACD-5A30DED686D2}.Debug|x64.Build.0 = Debug|Any CPU
		{D3CFFBA9-C232-4C8D-BACD-5A30DED686D2}.Release|Any CPU.ActiveCfg = Release|Any CPU
		{D3CFFBA9-C232-4C8D-BACD-5A30DED686D2}.Release|Any CPU.Build.0 = Release|Any CPU
		{D3CFFBA9-C232-4C8D-BACD-5A30DED686D2}.Release|x64.ActiveCfg = Release|Any CPU
		{D3CFFBA9-C232-4C8D-BACD-5A30DED686D2}.Release|x64.Build.0 = Release|Any CPU
		{506B3655-4706-42F8-87F1-FB13869AA4C1}.Debug|Any CPU.ActiveCfg = Debug|Any CPU
		{506B3655-4706-42F8-87F1-FB13869AA4C1}.Debug|Any CPU.Build.0 = Debug|Any CPU
		{506B3655-4706-42F8-87F1-FB13869AA4C1}.Debug|x64.ActiveCfg = Debug|x64
		{506B3655-4706-42F8-87F1-FB13869AA4C1}.Debug|x64.Build.0 = Debug|x64
		{506B3655-4706-42F8-87F1-FB13869AA4C1}.Release|Any CPU.ActiveCfg = Release|Any CPU
		{506B3655-4706-42F8-87F1-FB13869AA4C1}.Release|Any CPU.Build.0 = Release|Any CPU
		{506B3655-4706-42F8-87F1-FB13869AA4C1}.Release|x64.ActiveCfg = Release|x64
		{506B3655-4706-42F8-87F1-FB13869AA4C1}.Release|x64.Build.0 = Release|x64
		{F43550A2-FB1B-459C-A839-EA13CD5CD95B}.Debug|Any CPU.ActiveCfg = Debug|Any CPU
		{F43550A2-FB1B-459C-A839-EA13CD5CD95B}.Debug|Any CPU.Build.0 = Debug|Any CPU
		{F43550A2-FB1B-459C-A839-EA13CD5CD95B}.Debug|x64.ActiveCfg = Debug|Any CPU
		{F43550A2-FB1B-459C-A839-EA13CD5CD95B}.Debug|x64.Build.0 = Debug|Any CPU
		{F43550A2-FB1B-459C-A839-EA13CD5CD95B}.Release|Any CPU.ActiveCfg = Release|Any CPU
		{F43550A2-FB1B-459C-A839-EA13CD5CD95B}.Release|Any CPU.Build.0 = Release|Any CPU
		{F43550A2-FB1B-459C-A839-EA13CD5CD95B}.Release|x64.ActiveCfg = Release|Any CPU
		{F43550A2-FB1B-459C-A839-EA13CD5CD95B}.Release|x64.Build.0 = Release|Any CPU
		{40EBB60E-FE75-40C7-94FA-DDBADA32F58C}.Debug|Any CPU.ActiveCfg = Debug|Any CPU
		{40EBB60E-FE75-40C7-94FA-DDBADA32F58C}.Debug|Any CPU.Build.0 = Debug|Any CPU
		{40EBB60E-FE75-40C7-94FA-DDBADA32F58C}.Debug|x64.ActiveCfg = Debug|x64
		{40EBB60E-FE75-40C7-94FA-DDBADA32F58C}.Debug|x64.Build.0 = Debug|x64
		{40EBB60E-FE75-40C7-94FA-DDBADA32F58C}.Release|Any CPU.ActiveCfg = Release|Any CPU
		{40EBB60E-FE75-40C7-94FA-DDBADA32F58C}.Release|Any CPU.Build.0 = Release|Any CPU
		{40EBB60E-FE75-40C7-94FA-DDBADA32F58C}.Release|x64.ActiveCfg = Release|x64
		{40EBB60E-FE75-40C7-94FA-DDBADA32F58C}.Release|x64.Build.0 = Release|x64
		{E1234FEA-9BB0-402A-AAD1-9EE393C25D1F}.Debug|Any CPU.ActiveCfg = Debug|Any CPU
		{E1234FEA-9BB0-402A-AAD1-9EE393C25D1F}.Debug|Any CPU.Build.0 = Debug|Any CPU
		{E1234FEA-9BB0-402A-AAD1-9EE393C25D1F}.Debug|x64.ActiveCfg = Debug|Any CPU
		{E1234FEA-9BB0-402A-AAD1-9EE393C25D1F}.Debug|x64.Build.0 = Debug|Any CPU
		{E1234FEA-9BB0-402A-AAD1-9EE393C25D1F}.Release|Any CPU.ActiveCfg = Release|Any CPU
		{E1234FEA-9BB0-402A-AAD1-9EE393C25D1F}.Release|Any CPU.Build.0 = Release|Any CPU
		{E1234FEA-9BB0-402A-AAD1-9EE393C25D1F}.Release|x64.ActiveCfg = Release|Any CPU
		{E1234FEA-9BB0-402A-AAD1-9EE393C25D1F}.Release|x64.Build.0 = Release|Any CPU
		{BB70F260-1614-4683-B693-BD5FB8848C55}.Debug|Any CPU.ActiveCfg = Debug|Any CPU
		{BB70F260-1614-4683-B693-BD5FB8848C55}.Debug|Any CPU.Build.0 = Debug|Any CPU
		{BB70F260-1614-4683-B693-BD5FB8848C55}.Debug|x64.ActiveCfg = Debug|Any CPU
		{BB70F260-1614-4683-B693-BD5FB8848C55}.Debug|x64.Build.0 = Debug|Any CPU
		{BB70F260-1614-4683-B693-BD5FB8848C55}.Release|Any CPU.ActiveCfg = Release|Any CPU
		{BB70F260-1614-4683-B693-BD5FB8848C55}.Release|Any CPU.Build.0 = Release|Any CPU
		{BB70F260-1614-4683-B693-BD5FB8848C55}.Release|x64.ActiveCfg = Release|Any CPU
		{BB70F260-1614-4683-B693-BD5FB8848C55}.Release|x64.Build.0 = Release|Any CPU
		{8943C072-6F62-4601-BCDA-1295DDE93C3A}.Debug|Any CPU.ActiveCfg = Debug|Any CPU
		{8943C072-6F62-4601-BCDA-1295DDE93C3A}.Debug|Any CPU.Build.0 = Debug|Any CPU
		{8943C072-6F62-4601-BCDA-1295DDE93C3A}.Debug|x64.ActiveCfg = Debug|Any CPU
		{8943C072-6F62-4601-BCDA-1295DDE93C3A}.Debug|x64.Build.0 = Debug|Any CPU
		{8943C072-6F62-4601-BCDA-1295DDE93C3A}.Release|Any CPU.ActiveCfg = Release|Any CPU
		{8943C072-6F62-4601-BCDA-1295DDE93C3A}.Release|Any CPU.Build.0 = Release|Any CPU
		{8943C072-6F62-4601-BCDA-1295DDE93C3A}.Release|x64.ActiveCfg = Release|Any CPU
		{8943C072-6F62-4601-BCDA-1295DDE93C3A}.Release|x64.Build.0 = Release|Any CPU
		{37316D9D-5AFE-4FF0-85E6-36A096FBD8F4}.Debug|Any CPU.ActiveCfg = Debug|Any CPU
		{37316D9D-5AFE-4FF0-85E6-36A096FBD8F4}.Debug|Any CPU.Build.0 = Debug|Any CPU
		{37316D9D-5AFE-4FF0-85E6-36A096FBD8F4}.Debug|x64.ActiveCfg = Debug|Any CPU
		{37316D9D-5AFE-4FF0-85E6-36A096FBD8F4}.Debug|x64.Build.0 = Debug|Any CPU
		{37316D9D-5AFE-4FF0-85E6-36A096FBD8F4}.Release|Any CPU.ActiveCfg = Release|Any CPU
		{37316D9D-5AFE-4FF0-85E6-36A096FBD8F4}.Release|Any CPU.Build.0 = Release|Any CPU
		{37316D9D-5AFE-4FF0-85E6-36A096FBD8F4}.Release|x64.ActiveCfg = Release|Any CPU
		{37316D9D-5AFE-4FF0-85E6-36A096FBD8F4}.Release|x64.Build.0 = Release|Any CPU
		{4670DA92-06CF-4CE4-BBF8-67353A907BD0}.Debug|Any CPU.ActiveCfg = Debug|Any CPU
		{4670DA92-06CF-4CE4-BBF8-67353A907BD0}.Debug|Any CPU.Build.0 = Debug|Any CPU
		{4670DA92-06CF-4CE4-BBF8-67353A907BD0}.Debug|x64.ActiveCfg = Debug|x64
		{4670DA92-06CF-4CE4-BBF8-67353A907BD0}.Debug|x64.Build.0 = Debug|x64
		{4670DA92-06CF-4CE4-BBF8-67353A907BD0}.Release|Any CPU.ActiveCfg = Release|Any CPU
		{4670DA92-06CF-4CE4-BBF8-67353A907BD0}.Release|Any CPU.Build.0 = Release|Any CPU
		{4670DA92-06CF-4CE4-BBF8-67353A907BD0}.Release|x64.ActiveCfg = Release|x64
		{4670DA92-06CF-4CE4-BBF8-67353A907BD0}.Release|x64.Build.0 = Release|x64
	EndGlobalSection
	GlobalSection(SolutionProperties) = preSolution
		HideSolutionNode = FALSE
	EndGlobalSection
	GlobalSection(NestedProjects) = preSolution
		{D3CFFBA9-C232-4C8D-BACD-5A30DED686D2} = {60A56F13-E1C9-4B8C-9D6D-C6C9CD0FC5F0}
		{506B3655-4706-42F8-87F1-FB13869AA4C1} = {9B81A520-A492-437C-B7B6-BE4344413F4F}
		{F43550A2-FB1B-459C-A839-EA13CD5CD95B} = {9B81A520-A492-437C-B7B6-BE4344413F4F}
		{40EBB60E-FE75-40C7-94FA-DDBADA32F58C} = {9B81A520-A492-437C-B7B6-BE4344413F4F}
		{E1234FEA-9BB0-402A-AAD1-9EE393C25D1F} = {9B81A520-A492-437C-B7B6-BE4344413F4F}
		{BB70F260-1614-4683-B693-BD5FB8848C55} = {67E676F5-6832-4C47-AD3C-39478AD57213}
		{8943C072-6F62-4601-BCDA-1295DDE93C3A} = {E19DB19E-4EB2-482B-BB1F-C9E2B10AA13D}
		{37316D9D-5AFE-4FF0-85E6-36A096FBD8F4} = {63FE4FE2-BCBE-46AE-AF52-19CA7138DF2F}
		{4670DA92-06CF-4CE4-BBF8-67353A907BD0} = {9B81A520-A492-437C-B7B6-BE4344413F4F}
	EndGlobalSection
	GlobalSection(ExtensibilityGlobals) = postSolution
		SolutionGuid = {FDA55F7E-79F8-4A00-A01B-88B5699308E4}
	EndGlobalSection
EndGlobal
