
Microsoft Visual Studio Solution File, Format Version 12.00
# Visual Studio 15
VisualStudioVersion = 15.0.27428.2037
MinimumVisualStudioVersion = 10.0.40219.1
Project("{2150E333-8FDC-42A3-9474-1A3956D46DE8}") = "SDRN Server", "SDRN Server", "{21E7E276-6012-498E-A58D-B5A0D0286465}"
EndProject
Project("{2150E333-8FDC-42A3-9474-1A3956D46DE8}") = "00 DataModels", "00 DataModels", "{A7B201AE-3748-4946-BFC8-4F86AC1FE72C}"
EndProject
Project("{FAE04EC0-301F-11D3-BF4B-00C04F79EFBC}") = "Atdi.DataModels.Sdrns.Device", "DataModels\Atdi.DataModels.Sdrns.Device\Atdi.DataModels.Sdrns.Device.csproj", "{4670DA92-06CF-4CE4-BBF8-67353A907BD0}"
EndProject
Project("{FAE04EC0-301F-11D3-BF4B-00C04F79EFBC}") = "Atdi.DataModels", "DataModels\Atdi.DataModels\Atdi.DataModels.csproj", "{506B3655-4706-42F8-87F1-FB13869AA4C1}"
EndProject
Project("{FAE04EC0-301F-11D3-BF4B-00C04F79EFBC}") = "Atdi.DataModels.Sdrns", "DataModels\Atdi.DataModels.Sdrns\Atdi.DataModels.Sdrns.csproj", "{40EBB60E-FE75-40C7-94FA-DDBADA32F58C}"
EndProject
Project("{2150E333-8FDC-42A3-9474-1A3956D46DE8}") = "01 Contracts", "01 Contracts", "{B7711BCE-372E-4E96-89D1-61E9624EB633}"
EndProject
Project("{2150E333-8FDC-42A3-9474-1A3956D46DE8}") = "01 WcfServices", "01 WcfServices", "{6C62A2AE-2272-474F-AAA4-59F450C528D8}"
EndProject
Project("{FAE04EC0-301F-11D3-BF4B-00C04F79EFBC}") = "Atdi.Contracts.WcfServices.Sdrn.Device", "Contracts\WcfServices\Atdi.Contracts.WcfServices.Sdrn.Device\Atdi.Contracts.WcfServices.Sdrn.Device.csproj", "{BED80A02-9104-477F-A267-F9265EEED6C0}"
EndProject
Project("{2150E333-8FDC-42A3-9474-1A3956D46DE8}") = "99 Test", "99 Test", "{8489C394-6CB0-4100-A850-702CF94BAE52}"
EndProject
Project("{2150E333-8FDC-42A3-9474-1A3956D46DE8}") = "00 Common", "00 Common", "{E3FF213C-828B-4A2B-AA4C-C6975B88B797}"
EndProject
Project("{FAE04EC0-301F-11D3-BF4B-00C04F79EFBC}") = "Atdi.Common", "Common\Atdi.Common\Atdi.Common.csproj", "{D3CFFBA9-C232-4C8D-BACD-5A30DED686D2}"
EndProject
Project("{2150E333-8FDC-42A3-9474-1A3956D46DE8}") = "01 ATDI Platform", "01 ATDI Platform", "{DF9CA18E-B7D0-4718-A421-2F2022AA9878}"
EndProject
Project("{FAE04EC0-301F-11D3-BF4B-00C04F79EFBC}") = "Atdi.Platform", "Platform\Atdi.Platform\Atdi.Platform.csproj", "{2C2B4FDF-FF87-49B5-8080-DA8A5715710A}"
EndProject
Project("{FAE04EC0-301F-11D3-BF4B-00C04F79EFBC}") = "Atdi.Platform.AppServer", "Platform\Atdi.Platform.AppServer\Atdi.Platform.AppServer.csproj", "{20D45626-3779-4FC8-A55A-1C919D95649E}"
EndProject
Project("{FAE04EC0-301F-11D3-BF4B-00C04F79EFBC}") = "Atdi.Platform.Configurator", "Platform\Atdi.Platform.Configurator\Atdi.Platform.Configurator.csproj", "{98E79B80-3176-4CAD-B7BA-B5CAA6752FAB}"
EndProject
Project("{FAE04EC0-301F-11D3-BF4B-00C04F79EFBC}") = "Atdi.Platform.Logging", "Platform\Atdi.Platform.Logging\Atdi.Platform.Logging.csproj", "{1389B99F-FF39-4671-9789-D2E1AA91527C}"
EndProject
Project("{FAE04EC0-301F-11D3-BF4B-00C04F79EFBC}") = "Atdi.Platform.ServicesContainer", "Platform\Atdi.Platform.ServicesContainer\Atdi.Platform.ServicesContainer.csproj", "{153006DA-1F99-4D33-B490-D3A87E7DFD03}"
EndProject
Project("{2150E333-8FDC-42A3-9474-1A3956D46DE8}") = "02 WCF Services", "02 WCF Services", "{20DE7274-E0E0-40A8-B59F-B32300858BB8}"
EndProject
Project("{FAE04EC0-301F-11D3-BF4B-00C04F79EFBC}") = "Atdi.WcfServices", "WcfServices\Atdi.WcfServices\Atdi.WcfServices.csproj", "{1554F596-9B1C-4E35-8D9A-E9A0232790A5}"
EndProject
Project("{FAE04EC0-301F-11D3-BF4B-00C04F79EFBC}") = "Atdi.WcfServices.Sdrn.Device", "WcfServices\Atdi.WcfServices.Sdrn.Device\Atdi.WcfServices.Sdrn.Device.csproj", "{6DE6D960-919F-449E-AEDA-993D0722BCDA}"
EndProject
Project("{2150E333-8FDC-42A3-9474-1A3956D46DE8}") = "10 Hosts", "10 Hosts", "{EB682B5B-04B4-4401-BDCF-DED2F6CE83D2}"
EndProject
Project("{FAE04EC0-301F-11D3-BF4B-00C04F79EFBC}") = "Atdi.AppServer.Sdrn.Device.Console", "Hosts\Atdi.AppServer.Sdrn.Device.Console\Atdi.AppServer.Sdrn.Device.Console.csproj", "{97846F04-4D7D-43DA-95D8-A7A111B2D7BB}"
EndProject
Project("{2150E333-8FDC-42A3-9474-1A3956D46DE8}") = "03 App Units", "03 App Units", "{D6ABFCC0-41D6-441D-9CB0-9729127FC5BC}"
EndProject
Project("{FAE04EC0-301F-11D3-BF4B-00C04F79EFBC}") = "Atdi.AppUnits.Sdrn.BusController", "AppUnits\Atdi.AppUnits.Sdrn.BusController\Atdi.AppUnits.Sdrn.BusController.csproj", "{6AE823E9-2C99-4FFF-A94C-C5EE46B74C69}"
EndProject
Project("{FAE04EC0-301F-11D3-BF4B-00C04F79EFBC}") = "Atdi.AppServer.Sdrn.Server.Console", "Hosts\Atdi.AppServer.Sdrn.Server.Console\Atdi.AppServer.Sdrn.Server.Console.csproj", "{C3F44526-F9EA-4923-9A28-72C23D66DD26}"
EndProject
Project("{FAE04EC0-301F-11D3-BF4B-00C04F79EFBC}") = "Atdi.AppUnits", "AppUnits\Atdi.AppUnits\Atdi.AppUnits.csproj", "{AA445E89-A706-4A2A-B28E-EDBAE056652B}"
EndProject
Project("{2150E333-8FDC-42A3-9474-1A3956D46DE8}") = "80 Building", "80 Building", "{63B2DE19-0D82-4671-8371-2FCD60E49357}"
EndProject
Project("{FAE04EC0-301F-11D3-BF4B-00C04F79EFBC}") = "Atdi.Build.Sdrn.Device", "Build\Atdi.Build.Sdrn.Device\Atdi.Build.Sdrn.Device.csproj", "{67FCCDAD-57F1-4159-8FC1-F8DCDB2888E5}"
EndProject
Project("{FAE04EC0-301F-11D3-BF4B-00C04F79EFBC}") = "Atdi.Test.MeasTasksBus.WcfClient", "Delivery\Atdi.Sdrn\Device\WcfClient\Test\Atdi.Test.MeasTasksBus.WcfClient\Atdi.Test.MeasTasksBus.WcfClient.csproj", "{823BA943-C30D-46D6-8634-617AA3CFDEA8}"
EndProject
Project("{FAE04EC0-301F-11D3-BF4B-00C04F79EFBC}") = "Atdi.AppServer.Console", "Hosts\Atdi.AppServer.Console\Atdi.AppServer.Console.csproj", "{B551E073-CC82-4B4E-ABA5-A183C949496D}"
EndProject
Project("{FAE04EC0-301F-11D3-BF4B-00C04F79EFBC}") = "Atdi.AppServer.Svchost", "Hosts\Atdi.AppServer.Svchost\Atdi.AppServer.Svchost.csproj", "{C9D6ED82-ABF9-4585-AA7C-B49FE0BF8EB9}"
EndProject
Project("{2150E333-8FDC-42A3-9474-1A3956D46DE8}") = "Common", "Common", "{CB59302C-D181-4944-A702-167FE7D81CB7}"
EndProject
Global
	GlobalSection(SolutionConfigurationPlatforms) = preSolution
		Debug|Any CPU = Debug|Any CPU
		Release|Any CPU = Release|Any CPU
	EndGlobalSection
	GlobalSection(ProjectConfigurationPlatforms) = postSolution
		{4670DA92-06CF-4CE4-BBF8-67353A907BD0}.Debug|Any CPU.ActiveCfg = Debug|Any CPU
		{4670DA92-06CF-4CE4-BBF8-67353A907BD0}.Debug|Any CPU.Build.0 = Debug|Any CPU
		{4670DA92-06CF-4CE4-BBF8-67353A907BD0}.Release|Any CPU.ActiveCfg = Release|Any CPU
		{4670DA92-06CF-4CE4-BBF8-67353A907BD0}.Release|Any CPU.Build.0 = Release|Any CPU
		{506B3655-4706-42F8-87F1-FB13869AA4C1}.Debug|Any CPU.ActiveCfg = Debug|Any CPU
		{506B3655-4706-42F8-87F1-FB13869AA4C1}.Debug|Any CPU.Build.0 = Debug|Any CPU
		{506B3655-4706-42F8-87F1-FB13869AA4C1}.Release|Any CPU.ActiveCfg = Release|Any CPU
		{506B3655-4706-42F8-87F1-FB13869AA4C1}.Release|Any CPU.Build.0 = Release|Any CPU
		{40EBB60E-FE75-40C7-94FA-DDBADA32F58C}.Debug|Any CPU.ActiveCfg = Debug|Any CPU
		{40EBB60E-FE75-40C7-94FA-DDBADA32F58C}.Debug|Any CPU.Build.0 = Debug|Any CPU
		{40EBB60E-FE75-40C7-94FA-DDBADA32F58C}.Release|Any CPU.ActiveCfg = Release|Any CPU
		{40EBB60E-FE75-40C7-94FA-DDBADA32F58C}.Release|Any CPU.Build.0 = Release|Any CPU
		{BED80A02-9104-477F-A267-F9265EEED6C0}.Debug|Any CPU.ActiveCfg = Debug|Any CPU
		{BED80A02-9104-477F-A267-F9265EEED6C0}.Debug|Any CPU.Build.0 = Debug|Any CPU
		{BED80A02-9104-477F-A267-F9265EEED6C0}.Release|Any CPU.ActiveCfg = Release|Any CPU
		{BED80A02-9104-477F-A267-F9265EEED6C0}.Release|Any CPU.Build.0 = Release|Any CPU
		{D3CFFBA9-C232-4C8D-BACD-5A30DED686D2}.Debug|Any CPU.ActiveCfg = Debug|Any CPU
		{D3CFFBA9-C232-4C8D-BACD-5A30DED686D2}.Debug|Any CPU.Build.0 = Debug|Any CPU
		{D3CFFBA9-C232-4C8D-BACD-5A30DED686D2}.Release|Any CPU.ActiveCfg = Release|Any CPU
		{D3CFFBA9-C232-4C8D-BACD-5A30DED686D2}.Release|Any CPU.Build.0 = Release|Any CPU
		{2C2B4FDF-FF87-49B5-8080-DA8A5715710A}.Debug|Any CPU.ActiveCfg = Debug|Any CPU
		{2C2B4FDF-FF87-49B5-8080-DA8A5715710A}.Debug|Any CPU.Build.0 = Debug|Any CPU
		{2C2B4FDF-FF87-49B5-8080-DA8A5715710A}.Release|Any CPU.ActiveCfg = Release|Any CPU
		{2C2B4FDF-FF87-49B5-8080-DA8A5715710A}.Release|Any CPU.Build.0 = Release|Any CPU
		{20D45626-3779-4FC8-A55A-1C919D95649E}.Debug|Any CPU.ActiveCfg = Debug|Any CPU
		{20D45626-3779-4FC8-A55A-1C919D95649E}.Debug|Any CPU.Build.0 = Debug|Any CPU
		{20D45626-3779-4FC8-A55A-1C919D95649E}.Release|Any CPU.ActiveCfg = Release|Any CPU
		{20D45626-3779-4FC8-A55A-1C919D95649E}.Release|Any CPU.Build.0 = Release|Any CPU
		{98E79B80-3176-4CAD-B7BA-B5CAA6752FAB}.Debug|Any CPU.ActiveCfg = Debug|Any CPU
		{98E79B80-3176-4CAD-B7BA-B5CAA6752FAB}.Debug|Any CPU.Build.0 = Debug|Any CPU
		{98E79B80-3176-4CAD-B7BA-B5CAA6752FAB}.Release|Any CPU.ActiveCfg = Release|Any CPU
		{98E79B80-3176-4CAD-B7BA-B5CAA6752FAB}.Release|Any CPU.Build.0 = Release|Any CPU
		{1389B99F-FF39-4671-9789-D2E1AA91527C}.Debug|Any CPU.ActiveCfg = Debug|Any CPU
		{1389B99F-FF39-4671-9789-D2E1AA91527C}.Debug|Any CPU.Build.0 = Debug|Any CPU
		{1389B99F-FF39-4671-9789-D2E1AA91527C}.Release|Any CPU.ActiveCfg = Release|Any CPU
		{1389B99F-FF39-4671-9789-D2E1AA91527C}.Release|Any CPU.Build.0 = Release|Any CPU
		{153006DA-1F99-4D33-B490-D3A87E7DFD03}.Debug|Any CPU.ActiveCfg = Debug|Any CPU
		{153006DA-1F99-4D33-B490-D3A87E7DFD03}.Debug|Any CPU.Build.0 = Debug|Any CPU
		{153006DA-1F99-4D33-B490-D3A87E7DFD03}.Release|Any CPU.ActiveCfg = Release|Any CPU
		{153006DA-1F99-4D33-B490-D3A87E7DFD03}.Release|Any CPU.Build.0 = Release|Any CPU
		{1554F596-9B1C-4E35-8D9A-E9A0232790A5}.Debug|Any CPU.ActiveCfg = Debug|Any CPU
		{1554F596-9B1C-4E35-8D9A-E9A0232790A5}.Debug|Any CPU.Build.0 = Debug|Any CPU
		{1554F596-9B1C-4E35-8D9A-E9A0232790A5}.Release|Any CPU.ActiveCfg = Release|Any CPU
		{1554F596-9B1C-4E35-8D9A-E9A0232790A5}.Release|Any CPU.Build.0 = Release|Any CPU
		{6DE6D960-919F-449E-AEDA-993D0722BCDA}.Debug|Any CPU.ActiveCfg = Debug|Any CPU
		{6DE6D960-919F-449E-AEDA-993D0722BCDA}.Debug|Any CPU.Build.0 = Debug|Any CPU
		{6DE6D960-919F-449E-AEDA-993D0722BCDA}.Release|Any CPU.ActiveCfg = Release|Any CPU
		{6DE6D960-919F-449E-AEDA-993D0722BCDA}.Release|Any CPU.Build.0 = Release|Any CPU
		{97846F04-4D7D-43DA-95D8-A7A111B2D7BB}.Debug|Any CPU.ActiveCfg = Debug|Any CPU
		{97846F04-4D7D-43DA-95D8-A7A111B2D7BB}.Debug|Any CPU.Build.0 = Debug|Any CPU
		{97846F04-4D7D-43DA-95D8-A7A111B2D7BB}.Release|Any CPU.ActiveCfg = Release|Any CPU
		{97846F04-4D7D-43DA-95D8-A7A111B2D7BB}.Release|Any CPU.Build.0 = Release|Any CPU
		{6AE823E9-2C99-4FFF-A94C-C5EE46B74C69}.Debug|Any CPU.ActiveCfg = Debug|Any CPU
		{6AE823E9-2C99-4FFF-A94C-C5EE46B74C69}.Debug|Any CPU.Build.0 = Debug|Any CPU
		{6AE823E9-2C99-4FFF-A94C-C5EE46B74C69}.Release|Any CPU.ActiveCfg = Release|Any CPU
		{6AE823E9-2C99-4FFF-A94C-C5EE46B74C69}.Release|Any CPU.Build.0 = Release|Any CPU
		{C3F44526-F9EA-4923-9A28-72C23D66DD26}.Debug|Any CPU.ActiveCfg = Debug|Any CPU
		{C3F44526-F9EA-4923-9A28-72C23D66DD26}.Debug|Any CPU.Build.0 = Debug|Any CPU
		{C3F44526-F9EA-4923-9A28-72C23D66DD26}.Release|Any CPU.ActiveCfg = Release|Any CPU
		{C3F44526-F9EA-4923-9A28-72C23D66DD26}.Release|Any CPU.Build.0 = Release|Any CPU
		{AA445E89-A706-4A2A-B28E-EDBAE056652B}.Debug|Any CPU.ActiveCfg = Debug|Any CPU
		{AA445E89-A706-4A2A-B28E-EDBAE056652B}.Debug|Any CPU.Build.0 = Debug|Any CPU
		{AA445E89-A706-4A2A-B28E-EDBAE056652B}.Release|Any CPU.ActiveCfg = Release|Any CPU
		{AA445E89-A706-4A2A-B28E-EDBAE056652B}.Release|Any CPU.Build.0 = Release|Any CPU
		{67FCCDAD-57F1-4159-8FC1-F8DCDB2888E5}.Debug|Any CPU.ActiveCfg = Debug|Any CPU
		{67FCCDAD-57F1-4159-8FC1-F8DCDB2888E5}.Release|Any CPU.ActiveCfg = Release|Any CPU
		{67FCCDAD-57F1-4159-8FC1-F8DCDB2888E5}.Release|Any CPU.Build.0 = Release|Any CPU
		{823BA943-C30D-46D6-8634-617AA3CFDEA8}.Debug|Any CPU.ActiveCfg = Debug|Any CPU
		{823BA943-C30D-46D6-8634-617AA3CFDEA8}.Debug|Any CPU.Build.0 = Debug|Any CPU
		{823BA943-C30D-46D6-8634-617AA3CFDEA8}.Release|Any CPU.ActiveCfg = Release|Any CPU
		{823BA943-C30D-46D6-8634-617AA3CFDEA8}.Release|Any CPU.Build.0 = Release|Any CPU
		{B551E073-CC82-4B4E-ABA5-A183C949496D}.Debug|Any CPU.ActiveCfg = Debug|Any CPU
		{B551E073-CC82-4B4E-ABA5-A183C949496D}.Release|Any CPU.ActiveCfg = Release|Any CPU
		{B551E073-CC82-4B4E-ABA5-A183C949496D}.Release|Any CPU.Build.0 = Release|Any CPU
		{C9D6ED82-ABF9-4585-AA7C-B49FE0BF8EB9}.Debug|Any CPU.ActiveCfg = Debug|Any CPU
		{C9D6ED82-ABF9-4585-AA7C-B49FE0BF8EB9}.Release|Any CPU.ActiveCfg = Release|Any CPU
		{C9D6ED82-ABF9-4585-AA7C-B49FE0BF8EB9}.Release|Any CPU.Build.0 = Release|Any CPU
	EndGlobalSection
	GlobalSection(SolutionProperties) = preSolution
		HideSolutionNode = FALSE
	EndGlobalSection
	GlobalSection(NestedProjects) = preSolution
		{A7B201AE-3748-4946-BFC8-4F86AC1FE72C} = {21E7E276-6012-498E-A58D-B5A0D0286465}
		{4670DA92-06CF-4CE4-BBF8-67353A907BD0} = {A7B201AE-3748-4946-BFC8-4F86AC1FE72C}
		{506B3655-4706-42F8-87F1-FB13869AA4C1} = {A7B201AE-3748-4946-BFC8-4F86AC1FE72C}
		{40EBB60E-FE75-40C7-94FA-DDBADA32F58C} = {A7B201AE-3748-4946-BFC8-4F86AC1FE72C}
		{B7711BCE-372E-4E96-89D1-61E9624EB633} = {21E7E276-6012-498E-A58D-B5A0D0286465}
		{6C62A2AE-2272-474F-AAA4-59F450C528D8} = {B7711BCE-372E-4E96-89D1-61E9624EB633}
		{BED80A02-9104-477F-A267-F9265EEED6C0} = {6C62A2AE-2272-474F-AAA4-59F450C528D8}
		{8489C394-6CB0-4100-A850-702CF94BAE52} = {21E7E276-6012-498E-A58D-B5A0D0286465}
		{D3CFFBA9-C232-4C8D-BACD-5A30DED686D2} = {E3FF213C-828B-4A2B-AA4C-C6975B88B797}
		{2C2B4FDF-FF87-49B5-8080-DA8A5715710A} = {DF9CA18E-B7D0-4718-A421-2F2022AA9878}
		{20D45626-3779-4FC8-A55A-1C919D95649E} = {DF9CA18E-B7D0-4718-A421-2F2022AA9878}
		{98E79B80-3176-4CAD-B7BA-B5CAA6752FAB} = {DF9CA18E-B7D0-4718-A421-2F2022AA9878}
		{1389B99F-FF39-4671-9789-D2E1AA91527C} = {DF9CA18E-B7D0-4718-A421-2F2022AA9878}
		{153006DA-1F99-4D33-B490-D3A87E7DFD03} = {DF9CA18E-B7D0-4718-A421-2F2022AA9878}
		{20DE7274-E0E0-40A8-B59F-B32300858BB8} = {21E7E276-6012-498E-A58D-B5A0D0286465}
		{1554F596-9B1C-4E35-8D9A-E9A0232790A5} = {20DE7274-E0E0-40A8-B59F-B32300858BB8}
		{6DE6D960-919F-449E-AEDA-993D0722BCDA} = {20DE7274-E0E0-40A8-B59F-B32300858BB8}
		{EB682B5B-04B4-4401-BDCF-DED2F6CE83D2} = {21E7E276-6012-498E-A58D-B5A0D0286465}
		{97846F04-4D7D-43DA-95D8-A7A111B2D7BB} = {EB682B5B-04B4-4401-BDCF-DED2F6CE83D2}
		{D6ABFCC0-41D6-441D-9CB0-9729127FC5BC} = {21E7E276-6012-498E-A58D-B5A0D0286465}
		{6AE823E9-2C99-4FFF-A94C-C5EE46B74C69} = {D6ABFCC0-41D6-441D-9CB0-9729127FC5BC}
		{C3F44526-F9EA-4923-9A28-72C23D66DD26} = {EB682B5B-04B4-4401-BDCF-DED2F6CE83D2}
		{AA445E89-A706-4A2A-B28E-EDBAE056652B} = {D6ABFCC0-41D6-441D-9CB0-9729127FC5BC}
		{63B2DE19-0D82-4671-8371-2FCD60E49357} = {21E7E276-6012-498E-A58D-B5A0D0286465}
		{67FCCDAD-57F1-4159-8FC1-F8DCDB2888E5} = {63B2DE19-0D82-4671-8371-2FCD60E49357}
		{823BA943-C30D-46D6-8634-617AA3CFDEA8} = {8489C394-6CB0-4100-A850-702CF94BAE52}
		{B551E073-CC82-4B4E-ABA5-A183C949496D} = {CB59302C-D181-4944-A702-167FE7D81CB7}
		{C9D6ED82-ABF9-4585-AA7C-B49FE0BF8EB9} = {CB59302C-D181-4944-A702-167FE7D81CB7}
		{CB59302C-D181-4944-A702-167FE7D81CB7} = {EB682B5B-04B4-4401-BDCF-DED2F6CE83D2}
	EndGlobalSection
	GlobalSection(ExtensibilityGlobals) = postSolution
		SolutionGuid = {5098ACB0-865F-4136-B16E-747897FBA792}
	EndGlobalSection
EndGlobal
