
Microsoft Visual Studio Solution File, Format Version 12.00
# Visual Studio 15
VisualStudioVersion = 15.0.26730.3
MinimumVisualStudioVersion = 10.0.40219.1
Project("{2150E333-8FDC-42A3-9474-1A3956D46DE8}") = "SDRN Device App Server", "SDRN Device App Server", "{21E7E276-6012-498E-A58D-B5A0D0286465}"
EndProject
Project("{2150E333-8FDC-42A3-9474-1A3956D46DE8}") = "00 DataModels", "00 DataModels", "{A7B201AE-3748-4946-BFC8-4F86AC1FE72C}"
EndProject
Project("{FAE04EC0-301F-11D3-BF4B-00C04F79EFBC}") = "Atdi.DataModels.Sdrns.Device", "DataModels\Atdi.DataModels.Sdrns.Device\Atdi.DataModels.Sdrns.Device.csproj", "{4670DA92-06CF-4CE4-BBF8-67353A907BD0}"
EndProject
Project("{FAE04EC0-301F-11D3-BF4B-00C04F79EFBC}") = "Atdi.DataModels", "DataModels\Atdi.DataModels\Atdi.DataModels.csproj", "{506B3655-4706-42F8-87F1-FB13869AA4C1}"
EndProject
Project("{FAE04EC0-301F-11D3-BF4B-00C04F79EFBC}") = "Atdi.DataModels.Sdrns", "DataModels\Atdi.DataModels.Sdrns\Atdi.DataModels.Sdrns.csproj", "{40EBB60E-FE75-40C7-94FA-DDBADA32F58C}"
EndProject
Project("{2150E333-8FDC-42A3-9474-1A3956D46DE8}") = "01 Contracts", "01 Contracts", "{B7711BCE-372E-4E96-89D1-61E9624EB633}"
EndProject
Project("{2150E333-8FDC-42A3-9474-1A3956D46DE8}") = "99 Test", "99 Test", "{8489C394-6CB0-4100-A850-702CF94BAE52}"
EndProject
Project("{2150E333-8FDC-42A3-9474-1A3956D46DE8}") = "00 Common", "00 Common", "{E3FF213C-828B-4A2B-AA4C-C6975B88B797}"
EndProject
Project("{FAE04EC0-301F-11D3-BF4B-00C04F79EFBC}") = "Atdi.Common", "Common\Atdi.Common\Atdi.Common.csproj", "{D3CFFBA9-C232-4C8D-BACD-5A30DED686D2}"
EndProject
Project("{2150E333-8FDC-42A3-9474-1A3956D46DE8}") = "01 ATDI Platform", "01 ATDI Platform", "{DF9CA18E-B7D0-4718-A421-2F2022AA9878}"
EndProject
Project("{FAE04EC0-301F-11D3-BF4B-00C04F79EFBC}") = "Atdi.Platform", "Platform\Atdi.Platform\Atdi.Platform.csproj", "{2C2B4FDF-FF87-49B5-8080-DA8A5715710A}"
EndProject
Project("{FAE04EC0-301F-11D3-BF4B-00C04F79EFBC}") = "Atdi.Platform.AppServer", "Platform\Atdi.Platform.AppServer\Atdi.Platform.AppServer.csproj", "{20D45626-3779-4FC8-A55A-1C919D95649E}"
EndProject
Project("{FAE04EC0-301F-11D3-BF4B-00C04F79EFBC}") = "Atdi.Platform.Configurator", "Platform\Atdi.Platform.Configurator\Atdi.Platform.Configurator.csproj", "{98E79B80-3176-4CAD-B7BA-B5CAA6752FAB}"
EndProject
Project("{FAE04EC0-301F-11D3-BF4B-00C04F79EFBC}") = "Atdi.Platform.Logging", "Platform\Atdi.Platform.Logging\Atdi.Platform.Logging.csproj", "{1389B99F-FF39-4671-9789-D2E1AA91527C}"
EndProject
Project("{FAE04EC0-301F-11D3-BF4B-00C04F79EFBC}") = "Atdi.Platform.ServicesContainer", "Platform\Atdi.Platform.ServicesContainer\Atdi.Platform.ServicesContainer.csproj", "{153006DA-1F99-4D33-B490-D3A87E7DFD03}"
EndProject
Project("{2150E333-8FDC-42A3-9474-1A3956D46DE8}") = "10 Hosts", "10 Hosts", "{EB682B5B-04B4-4401-BDCF-DED2F6CE83D2}"
EndProject
Project("{2150E333-8FDC-42A3-9474-1A3956D46DE8}") = "03 App Units", "03 App Units", "{D6ABFCC0-41D6-441D-9CB0-9729127FC5BC}"
EndProject
Project("{FAE04EC0-301F-11D3-BF4B-00C04F79EFBC}") = "Atdi.AppUnits", "AppUnits\Atdi.AppUnits\Atdi.AppUnits.csproj", "{AA445E89-A706-4A2A-B28E-EDBAE056652B}"
EndProject
Project("{2150E333-8FDC-42A3-9474-1A3956D46DE8}") = "80 Building", "80 Building", "{63B2DE19-0D82-4671-8371-2FCD60E49357}"
EndProject
Project("{FAE04EC0-301F-11D3-BF4B-00C04F79EFBC}") = "Atdi.AppServer.Console", "Hosts\Atdi.AppServer.Console\Atdi.AppServer.Console.csproj", "{B551E073-CC82-4B4E-ABA5-A183C949496D}"
EndProject
Project("{FAE04EC0-301F-11D3-BF4B-00C04F79EFBC}") = "Atdi.AppServer.Svchost", "Hosts\Atdi.AppServer.Svchost\Atdi.AppServer.Svchost.csproj", "{C9D6ED82-ABF9-4585-AA7C-B49FE0BF8EB9}"
EndProject
Project("{2150E333-8FDC-42A3-9474-1A3956D46DE8}") = "Common", "Common", "{CB59302C-D181-4944-A702-167FE7D81CB7}"
EndProject
Project("{2150E333-8FDC-42A3-9474-1A3956D46DE8}") = "05 Modules", "05 Modules", "{0497EBF9-0192-40AE-AA53-2A256FCBEDB0}"
EndProject
Project("{FAE04EC0-301F-11D3-BF4B-00C04F79EFBC}") = "Atdi.Modules.Licensing", "Modules\Atdi.Modules.Licensing\Atdi.Modules.Licensing.csproj", "{829D7FF8-518C-4844-B3E0-DC8FFE091775}"
EndProject
Project("{2150E333-8FDC-42A3-9474-1A3956D46DE8}") = "90 Installers", "90 Installers", "{395AD4CE-F673-4D90-85F2-50D701AE7C0A}"
EndProject
Project("{2150E333-8FDC-42A3-9474-1A3956D46DE8}") = "98 Tools", "98 Tools", "{AE94C3B3-3576-42C1-98FD-A7DCEF480CF5}"
EndProject
Project("{FAE04EC0-301F-11D3-BF4B-00C04F79EFBC}") = "Atdi.Tools.LicenseAnalyzer", "Tools\Atdi.Tools.LicenseAnalyzer\Atdi.Tools.LicenseAnalyzer.csproj", "{7A762E12-0F04-4B0B-A8A4-D888CCD74B28}"
EndProject
Project("{2150E333-8FDC-42A3-9474-1A3956D46DE8}") = "07 API", "07 API", "{6FCC7E98-38E6-424B-B827-AF35140C6BD3}"
EndProject
Project("{FAE04EC0-301F-11D3-BF4B-00C04F79EFBC}") = "Atdi.Api.Sdrn.Device.BusController", "Api\Atdi.Api.Sdrn.Device.BusController\Atdi.Api.Sdrn.Device.BusController.csproj", "{09E46AA5-52C9-4D38-A86B-A26BC7846A75}"
EndProject
Project("{2150E333-8FDC-42A3-9474-1A3956D46DE8}") = "02 Api", "02 Api", "{00BA3C1B-8A9B-496B-8BDD-9A5774A1B442}"
EndProject
Project("{FAE04EC0-301F-11D3-BF4B-00C04F79EFBC}") = "Atdi.Contracts.Api.Sdrn.MessageBus", "Contracts\Api\Atdi.Contracts.Api.Sdrn.MessageBus\Atdi.Contracts.Api.Sdrn.MessageBus.csproj", "{CC08C3FA-E295-4C68-B35E-995D4B2D66D0}"
EndProject
Project("{FAE04EC0-301F-11D3-BF4B-00C04F79EFBC}") = "Atdi.Modules.Sdrn.MessageBus", "Modules\Atdi.Modules.Sdrn.MessageBus\Atdi.Modules.Sdrn.MessageBus.csproj", "{B44EAF91-883A-4BB5-B9E8-FEA420AFCCA3}"
EndProject
Project("{2150E333-8FDC-42A3-9474-1A3956D46DE8}") = "Device", "Device", "{B9B440AC-36B8-404C-AB0C-74DBD5770F2C}"
EndProject
Project("{2150E333-8FDC-42A3-9474-1A3956D46DE8}") = "04 CoreServices", "04 CoreServices", "{04D085DB-BB60-4C7F-923F-050CCD2FBAD3}"
EndProject
Project("{2150E333-8FDC-42A3-9474-1A3956D46DE8}") = "70 Unit Testing", "70 Unit Testing", "{4613EA7F-1451-43AC-85CF-2D569D780F25}"
EndProject
Project("{FAE04EC0-301F-11D3-BF4B-00C04F79EFBC}") = "Atdi.Modules.Sdrn.AmqpBroker", "Modules\Atdi.Modules.Sdrn.AmqpBroker\Atdi.Modules.Sdrn.AmqpBroker.csproj", "{40DB43B1-2836-4495-AF60-E81AC0C96713}"
EndProject
Project("{FAE04EC0-301F-11D3-BF4B-00C04F79EFBC}") = "Atdi.Modules.AmqpBroker", "Modules\Atdi.Modules.AmqpBroker\Atdi.Modules.AmqpBroker.csproj", "{714F342F-3838-4088-80E5-A54C4173B0EA}"
EndProject
Project("{FAE04EC0-301F-11D3-BF4B-00C04F79EFBC}") = "Atdi.Build.Sdrn.Device.ClientAPI", "Build\Atdi.Build.Sdrn.Device.ClientAPI\Atdi.Build.Sdrn.Device.ClientAPI.csproj", "{E3A7B4C3-AB48-4A3D-87B3-E71508636E99}"
EndProject
Project("{FAE04EC0-301F-11D3-BF4B-00C04F79EFBC}") = "Atdi.Modules.MonitoringProcess", "Modules\Atdi.Modules.MonitoringProcess\Atdi.Modules.MonitoringProcess.csproj", "{BBEE6FDF-95CE-4549-8D30-28E9B1A1A5BC}"
EndProject
Project("{FAE04EC0-301F-11D3-BF4B-00C04F79EFBC}") = "Atdi.AppServer.Sdrn.ControlA.Console", "Hosts\Atdi.AppServer.Sdrn.ControlA.Console\Atdi.AppServer.Sdrn.ControlA.Console.csproj", "{FC847D51-2CA1-49DF-A322-A993238EFD4E}"
EndProject
Project("{FAE04EC0-301F-11D3-BF4B-00C04F79EFBC}") = "Atdi.Build.Sdrn.ControlA", "Build\Atdi.Build.Sdrn.ControlA\Atdi.Build.Sdrn.ControlA.csproj", "{82246780-3611-456E-BEE5-B97855FB0639}"
EndProject
Project("{FAE04EC0-301F-11D3-BF4B-00C04F79EFBC}") = "Atdi.AppUnits.Sdrn.ControlA", "AppUnits\Atdi.AppUnits.Sdrn.ControlA\Atdi.AppUnits.Sdrn.ControlA.csproj", "{03A4EA9A-9225-4A61-BE34-E26A2EA22F4B}"
EndProject
Project("{FAE04EC0-301F-11D3-BF4B-00C04F79EFBC}") = "Atdi.Test.Api.Sdrn.Device.BusController", "Test\Atdi.Test.Api.Sdrn.Device.BusController\Atdi.Test.Api.Sdrn.Device.BusController.csproj", "{291436B1-151E-44AD-9153-3AE2F8F70E0C}"
EndProject
Project("{FAE04EC0-301F-11D3-BF4B-00C04F79EFBC}") = "Atdi.AppServer.Contracts.Sdrns", "AppServer\Contracts\Atdi.AppServer.Contracts.Sdrns\Atdi.AppServer.Contracts.Sdrns.csproj", "{6D87B586-9D0C-4B2F-9D8A-0D0EBD504421}"
EndProject
Project("{FAE04EC0-301F-11D3-BF4B-00C04F79EFBC}") = "Atdi.Modules.Sdrn.MonitoringProcess", "Modules\Atdi.Modules.Sdrn.MonitoringProcess\Atdi.Modules.Sdrn.MonitoringProcess.csproj", "{D0646810-7C18-4C1D-92D7-CDE38DE1AED6}"
EndProject
Global
	GlobalSection(SolutionConfigurationPlatforms) = preSolution
		Debug|Any CPU = Debug|Any CPU
		Debug|x64 = Debug|x64
		Release|Any CPU = Release|Any CPU
		Release|x64 = Release|x64
	EndGlobalSection
	GlobalSection(ProjectConfigurationPlatforms) = postSolution
		{4670DA92-06CF-4CE4-BBF8-67353A907BD0}.Debug|Any CPU.ActiveCfg = Debug|Any CPU
		{4670DA92-06CF-4CE4-BBF8-67353A907BD0}.Debug|Any CPU.Build.0 = Debug|Any CPU
		{4670DA92-06CF-4CE4-BBF8-67353A907BD0}.Debug|x64.ActiveCfg = Debug|Any CPU
		{4670DA92-06CF-4CE4-BBF8-67353A907BD0}.Debug|x64.Build.0 = Debug|Any CPU
		{4670DA92-06CF-4CE4-BBF8-67353A907BD0}.Release|Any CPU.ActiveCfg = Release|Any CPU
		{4670DA92-06CF-4CE4-BBF8-67353A907BD0}.Release|Any CPU.Build.0 = Release|Any CPU
		{4670DA92-06CF-4CE4-BBF8-67353A907BD0}.Release|x64.ActiveCfg = Release|Any CPU
		{4670DA92-06CF-4CE4-BBF8-67353A907BD0}.Release|x64.Build.0 = Release|Any CPU
		{506B3655-4706-42F8-87F1-FB13869AA4C1}.Debug|Any CPU.ActiveCfg = Debug|Any CPU
		{506B3655-4706-42F8-87F1-FB13869AA4C1}.Debug|Any CPU.Build.0 = Debug|Any CPU
		{506B3655-4706-42F8-87F1-FB13869AA4C1}.Debug|x64.ActiveCfg = Debug|Any CPU
		{506B3655-4706-42F8-87F1-FB13869AA4C1}.Debug|x64.Build.0 = Debug|Any CPU
		{506B3655-4706-42F8-87F1-FB13869AA4C1}.Release|Any CPU.ActiveCfg = Release|Any CPU
		{506B3655-4706-42F8-87F1-FB13869AA4C1}.Release|Any CPU.Build.0 = Release|Any CPU
		{506B3655-4706-42F8-87F1-FB13869AA4C1}.Release|x64.ActiveCfg = Release|Any CPU
		{506B3655-4706-42F8-87F1-FB13869AA4C1}.Release|x64.Build.0 = Release|Any CPU
		{40EBB60E-FE75-40C7-94FA-DDBADA32F58C}.Debug|Any CPU.ActiveCfg = Debug|Any CPU
		{40EBB60E-FE75-40C7-94FA-DDBADA32F58C}.Debug|Any CPU.Build.0 = Debug|Any CPU
		{40EBB60E-FE75-40C7-94FA-DDBADA32F58C}.Debug|x64.ActiveCfg = Debug|Any CPU
		{40EBB60E-FE75-40C7-94FA-DDBADA32F58C}.Debug|x64.Build.0 = Debug|Any CPU
		{40EBB60E-FE75-40C7-94FA-DDBADA32F58C}.Release|Any CPU.ActiveCfg = Release|Any CPU
		{40EBB60E-FE75-40C7-94FA-DDBADA32F58C}.Release|Any CPU.Build.0 = Release|Any CPU
		{40EBB60E-FE75-40C7-94FA-DDBADA32F58C}.Release|x64.ActiveCfg = Release|Any CPU
		{40EBB60E-FE75-40C7-94FA-DDBADA32F58C}.Release|x64.Build.0 = Release|Any CPU
		{D3CFFBA9-C232-4C8D-BACD-5A30DED686D2}.Debug|Any CPU.ActiveCfg = Debug|Any CPU
		{D3CFFBA9-C232-4C8D-BACD-5A30DED686D2}.Debug|Any CPU.Build.0 = Debug|Any CPU
		{D3CFFBA9-C232-4C8D-BACD-5A30DED686D2}.Debug|x64.ActiveCfg = Debug|Any CPU
		{D3CFFBA9-C232-4C8D-BACD-5A30DED686D2}.Debug|x64.Build.0 = Debug|Any CPU
		{D3CFFBA9-C232-4C8D-BACD-5A30DED686D2}.Release|Any CPU.ActiveCfg = Release|Any CPU
		{D3CFFBA9-C232-4C8D-BACD-5A30DED686D2}.Release|Any CPU.Build.0 = Release|Any CPU
		{D3CFFBA9-C232-4C8D-BACD-5A30DED686D2}.Release|x64.ActiveCfg = Release|Any CPU
		{D3CFFBA9-C232-4C8D-BACD-5A30DED686D2}.Release|x64.Build.0 = Release|Any CPU
		{2C2B4FDF-FF87-49B5-8080-DA8A5715710A}.Debug|Any CPU.ActiveCfg = Debug|Any CPU
		{2C2B4FDF-FF87-49B5-8080-DA8A5715710A}.Debug|Any CPU.Build.0 = Debug|Any CPU
		{2C2B4FDF-FF87-49B5-8080-DA8A5715710A}.Debug|x64.ActiveCfg = Debug|Any CPU
		{2C2B4FDF-FF87-49B5-8080-DA8A5715710A}.Debug|x64.Build.0 = Debug|Any CPU
		{2C2B4FDF-FF87-49B5-8080-DA8A5715710A}.Release|Any CPU.ActiveCfg = Release|Any CPU
		{2C2B4FDF-FF87-49B5-8080-DA8A5715710A}.Release|Any CPU.Build.0 = Release|Any CPU
		{2C2B4FDF-FF87-49B5-8080-DA8A5715710A}.Release|x64.ActiveCfg = Release|Any CPU
		{2C2B4FDF-FF87-49B5-8080-DA8A5715710A}.Release|x64.Build.0 = Release|Any CPU
		{20D45626-3779-4FC8-A55A-1C919D95649E}.Debug|Any CPU.ActiveCfg = Debug|Any CPU
		{20D45626-3779-4FC8-A55A-1C919D95649E}.Debug|Any CPU.Build.0 = Debug|Any CPU
		{20D45626-3779-4FC8-A55A-1C919D95649E}.Debug|x64.ActiveCfg = Debug|Any CPU
		{20D45626-3779-4FC8-A55A-1C919D95649E}.Debug|x64.Build.0 = Debug|Any CPU
		{20D45626-3779-4FC8-A55A-1C919D95649E}.Release|Any CPU.ActiveCfg = Release|Any CPU
		{20D45626-3779-4FC8-A55A-1C919D95649E}.Release|Any CPU.Build.0 = Release|Any CPU
		{20D45626-3779-4FC8-A55A-1C919D95649E}.Release|x64.ActiveCfg = Release|Any CPU
		{20D45626-3779-4FC8-A55A-1C919D95649E}.Release|x64.Build.0 = Release|Any CPU
		{98E79B80-3176-4CAD-B7BA-B5CAA6752FAB}.Debug|Any CPU.ActiveCfg = Debug|Any CPU
		{98E79B80-3176-4CAD-B7BA-B5CAA6752FAB}.Debug|Any CPU.Build.0 = Debug|Any CPU
		{98E79B80-3176-4CAD-B7BA-B5CAA6752FAB}.Debug|x64.ActiveCfg = Debug|Any CPU
		{98E79B80-3176-4CAD-B7BA-B5CAA6752FAB}.Debug|x64.Build.0 = Debug|Any CPU
		{98E79B80-3176-4CAD-B7BA-B5CAA6752FAB}.Release|Any CPU.ActiveCfg = Release|Any CPU
		{98E79B80-3176-4CAD-B7BA-B5CAA6752FAB}.Release|Any CPU.Build.0 = Release|Any CPU
		{98E79B80-3176-4CAD-B7BA-B5CAA6752FAB}.Release|x64.ActiveCfg = Release|Any CPU
		{98E79B80-3176-4CAD-B7BA-B5CAA6752FAB}.Release|x64.Build.0 = Release|Any CPU
		{1389B99F-FF39-4671-9789-D2E1AA91527C}.Debug|Any CPU.ActiveCfg = Debug|Any CPU
		{1389B99F-FF39-4671-9789-D2E1AA91527C}.Debug|Any CPU.Build.0 = Debug|Any CPU
		{1389B99F-FF39-4671-9789-D2E1AA91527C}.Debug|x64.ActiveCfg = Debug|Any CPU
		{1389B99F-FF39-4671-9789-D2E1AA91527C}.Debug|x64.Build.0 = Debug|Any CPU
		{1389B99F-FF39-4671-9789-D2E1AA91527C}.Release|Any CPU.ActiveCfg = Release|Any CPU
		{1389B99F-FF39-4671-9789-D2E1AA91527C}.Release|Any CPU.Build.0 = Release|Any CPU
		{1389B99F-FF39-4671-9789-D2E1AA91527C}.Release|x64.ActiveCfg = Release|Any CPU
		{1389B99F-FF39-4671-9789-D2E1AA91527C}.Release|x64.Build.0 = Release|Any CPU
		{153006DA-1F99-4D33-B490-D3A87E7DFD03}.Debug|Any CPU.ActiveCfg = Debug|Any CPU
		{153006DA-1F99-4D33-B490-D3A87E7DFD03}.Debug|Any CPU.Build.0 = Debug|Any CPU
		{153006DA-1F99-4D33-B490-D3A87E7DFD03}.Debug|x64.ActiveCfg = Debug|Any CPU
		{153006DA-1F99-4D33-B490-D3A87E7DFD03}.Debug|x64.Build.0 = Debug|Any CPU
		{153006DA-1F99-4D33-B490-D3A87E7DFD03}.Release|Any CPU.ActiveCfg = Release|Any CPU
		{153006DA-1F99-4D33-B490-D3A87E7DFD03}.Release|Any CPU.Build.0 = Release|Any CPU
		{153006DA-1F99-4D33-B490-D3A87E7DFD03}.Release|x64.ActiveCfg = Release|Any CPU
		{153006DA-1F99-4D33-B490-D3A87E7DFD03}.Release|x64.Build.0 = Release|Any CPU
		{AA445E89-A706-4A2A-B28E-EDBAE056652B}.Debug|Any CPU.ActiveCfg = Debug|Any CPU
		{AA445E89-A706-4A2A-B28E-EDBAE056652B}.Debug|Any CPU.Build.0 = Debug|Any CPU
		{AA445E89-A706-4A2A-B28E-EDBAE056652B}.Debug|x64.ActiveCfg = Debug|Any CPU
		{AA445E89-A706-4A2A-B28E-EDBAE056652B}.Debug|x64.Build.0 = Debug|Any CPU
		{AA445E89-A706-4A2A-B28E-EDBAE056652B}.Release|Any CPU.ActiveCfg = Release|Any CPU
		{AA445E89-A706-4A2A-B28E-EDBAE056652B}.Release|Any CPU.Build.0 = Release|Any CPU
		{AA445E89-A706-4A2A-B28E-EDBAE056652B}.Release|x64.ActiveCfg = Release|Any CPU
		{AA445E89-A706-4A2A-B28E-EDBAE056652B}.Release|x64.Build.0 = Release|Any CPU
		{B551E073-CC82-4B4E-ABA5-A183C949496D}.Debug|Any CPU.ActiveCfg = Debug|Any CPU
		{B551E073-CC82-4B4E-ABA5-A183C949496D}.Debug|Any CPU.Build.0 = Debug|Any CPU
		{B551E073-CC82-4B4E-ABA5-A183C949496D}.Debug|x64.ActiveCfg = Debug|Any CPU
		{B551E073-CC82-4B4E-ABA5-A183C949496D}.Debug|x64.Build.0 = Debug|Any CPU
		{B551E073-CC82-4B4E-ABA5-A183C949496D}.Release|Any CPU.ActiveCfg = Release|Any CPU
		{B551E073-CC82-4B4E-ABA5-A183C949496D}.Release|x64.ActiveCfg = Release|Any CPU
		{B551E073-CC82-4B4E-ABA5-A183C949496D}.Release|x64.Build.0 = Release|Any CPU
		{C9D6ED82-ABF9-4585-AA7C-B49FE0BF8EB9}.Debug|Any CPU.ActiveCfg = Debug|Any CPU
		{C9D6ED82-ABF9-4585-AA7C-B49FE0BF8EB9}.Debug|Any CPU.Build.0 = Debug|Any CPU
		{C9D6ED82-ABF9-4585-AA7C-B49FE0BF8EB9}.Debug|x64.ActiveCfg = Debug|Any CPU
		{C9D6ED82-ABF9-4585-AA7C-B49FE0BF8EB9}.Debug|x64.Build.0 = Debug|Any CPU
		{C9D6ED82-ABF9-4585-AA7C-B49FE0BF8EB9}.Release|Any CPU.ActiveCfg = Release|Any CPU
		{C9D6ED82-ABF9-4585-AA7C-B49FE0BF8EB9}.Release|x64.ActiveCfg = Release|Any CPU
		{C9D6ED82-ABF9-4585-AA7C-B49FE0BF8EB9}.Release|x64.Build.0 = Release|Any CPU
		{829D7FF8-518C-4844-B3E0-DC8FFE091775}.Debug|Any CPU.ActiveCfg = Debug|Any CPU
		{829D7FF8-518C-4844-B3E0-DC8FFE091775}.Debug|Any CPU.Build.0 = Debug|Any CPU
		{829D7FF8-518C-4844-B3E0-DC8FFE091775}.Debug|x64.ActiveCfg = Debug|Any CPU
		{829D7FF8-518C-4844-B3E0-DC8FFE091775}.Debug|x64.Build.0 = Debug|Any CPU
		{829D7FF8-518C-4844-B3E0-DC8FFE091775}.Release|Any CPU.ActiveCfg = Release|Any CPU
		{829D7FF8-518C-4844-B3E0-DC8FFE091775}.Release|Any CPU.Build.0 = Release|Any CPU
		{829D7FF8-518C-4844-B3E0-DC8FFE091775}.Release|x64.ActiveCfg = Release|Any CPU
		{829D7FF8-518C-4844-B3E0-DC8FFE091775}.Release|x64.Build.0 = Release|Any CPU
		{7A762E12-0F04-4B0B-A8A4-D888CCD74B28}.Debug|Any CPU.ActiveCfg = Debug|Any CPU
		{7A762E12-0F04-4B0B-A8A4-D888CCD74B28}.Debug|Any CPU.Build.0 = Debug|Any CPU
		{7A762E12-0F04-4B0B-A8A4-D888CCD74B28}.Debug|x64.ActiveCfg = Debug|Any CPU
		{7A762E12-0F04-4B0B-A8A4-D888CCD74B28}.Debug|x64.Build.0 = Debug|Any CPU
		{7A762E12-0F04-4B0B-A8A4-D888CCD74B28}.Release|Any CPU.ActiveCfg = Release|Any CPU
		{7A762E12-0F04-4B0B-A8A4-D888CCD74B28}.Release|x64.ActiveCfg = Release|Any CPU
		{7A762E12-0F04-4B0B-A8A4-D888CCD74B28}.Release|x64.Build.0 = Release|Any CPU
		{09E46AA5-52C9-4D38-A86B-A26BC7846A75}.Debug|Any CPU.ActiveCfg = Debug|Any CPU
		{09E46AA5-52C9-4D38-A86B-A26BC7846A75}.Debug|Any CPU.Build.0 = Debug|Any CPU
		{09E46AA5-52C9-4D38-A86B-A26BC7846A75}.Debug|x64.ActiveCfg = Debug|Any CPU
		{09E46AA5-52C9-4D38-A86B-A26BC7846A75}.Debug|x64.Build.0 = Debug|Any CPU
		{09E46AA5-52C9-4D38-A86B-A26BC7846A75}.Release|Any CPU.ActiveCfg = Release|Any CPU
		{09E46AA5-52C9-4D38-A86B-A26BC7846A75}.Release|Any CPU.Build.0 = Release|Any CPU
		{09E46AA5-52C9-4D38-A86B-A26BC7846A75}.Release|x64.ActiveCfg = Release|Any CPU
		{09E46AA5-52C9-4D38-A86B-A26BC7846A75}.Release|x64.Build.0 = Release|Any CPU
		{CC08C3FA-E295-4C68-B35E-995D4B2D66D0}.Debug|Any CPU.ActiveCfg = Debug|Any CPU
		{CC08C3FA-E295-4C68-B35E-995D4B2D66D0}.Debug|Any CPU.Build.0 = Debug|Any CPU
		{CC08C3FA-E295-4C68-B35E-995D4B2D66D0}.Debug|x64.ActiveCfg = Debug|Any CPU
		{CC08C3FA-E295-4C68-B35E-995D4B2D66D0}.Debug|x64.Build.0 = Debug|Any CPU
		{CC08C3FA-E295-4C68-B35E-995D4B2D66D0}.Release|Any CPU.ActiveCfg = Release|Any CPU
		{CC08C3FA-E295-4C68-B35E-995D4B2D66D0}.Release|Any CPU.Build.0 = Release|Any CPU
		{CC08C3FA-E295-4C68-B35E-995D4B2D66D0}.Release|x64.ActiveCfg = Release|Any CPU
		{CC08C3FA-E295-4C68-B35E-995D4B2D66D0}.Release|x64.Build.0 = Release|Any CPU
		{B44EAF91-883A-4BB5-B9E8-FEA420AFCCA3}.Debug|Any CPU.ActiveCfg = Debug|Any CPU
		{B44EAF91-883A-4BB5-B9E8-FEA420AFCCA3}.Debug|Any CPU.Build.0 = Debug|Any CPU
		{B44EAF91-883A-4BB5-B9E8-FEA420AFCCA3}.Debug|x64.ActiveCfg = Debug|Any CPU
		{B44EAF91-883A-4BB5-B9E8-FEA420AFCCA3}.Debug|x64.Build.0 = Debug|Any CPU
		{B44EAF91-883A-4BB5-B9E8-FEA420AFCCA3}.Release|Any CPU.ActiveCfg = Release|Any CPU
		{B44EAF91-883A-4BB5-B9E8-FEA420AFCCA3}.Release|Any CPU.Build.0 = Release|Any CPU
		{B44EAF91-883A-4BB5-B9E8-FEA420AFCCA3}.Release|x64.ActiveCfg = Release|Any CPU
		{B44EAF91-883A-4BB5-B9E8-FEA420AFCCA3}.Release|x64.Build.0 = Release|Any CPU
		{40DB43B1-2836-4495-AF60-E81AC0C96713}.Debug|Any CPU.ActiveCfg = Debug|Any CPU
		{40DB43B1-2836-4495-AF60-E81AC0C96713}.Debug|Any CPU.Build.0 = Debug|Any CPU
		{40DB43B1-2836-4495-AF60-E81AC0C96713}.Debug|x64.ActiveCfg = Debug|Any CPU
		{40DB43B1-2836-4495-AF60-E81AC0C96713}.Debug|x64.Build.0 = Debug|Any CPU
		{40DB43B1-2836-4495-AF60-E81AC0C96713}.Release|Any CPU.ActiveCfg = Release|Any CPU
		{40DB43B1-2836-4495-AF60-E81AC0C96713}.Release|Any CPU.Build.0 = Release|Any CPU
		{40DB43B1-2836-4495-AF60-E81AC0C96713}.Release|x64.ActiveCfg = Release|Any CPU
		{40DB43B1-2836-4495-AF60-E81AC0C96713}.Release|x64.Build.0 = Release|Any CPU
		{714F342F-3838-4088-80E5-A54C4173B0EA}.Debug|Any CPU.ActiveCfg = Debug|Any CPU
		{714F342F-3838-4088-80E5-A54C4173B0EA}.Debug|Any CPU.Build.0 = Debug|Any CPU
		{714F342F-3838-4088-80E5-A54C4173B0EA}.Debug|x64.ActiveCfg = Debug|Any CPU
		{714F342F-3838-4088-80E5-A54C4173B0EA}.Debug|x64.Build.0 = Debug|Any CPU
		{714F342F-3838-4088-80E5-A54C4173B0EA}.Release|Any CPU.ActiveCfg = Release|Any CPU
		{714F342F-3838-4088-80E5-A54C4173B0EA}.Release|Any CPU.Build.0 = Release|Any CPU
		{714F342F-3838-4088-80E5-A54C4173B0EA}.Release|x64.ActiveCfg = Release|Any CPU
		{714F342F-3838-4088-80E5-A54C4173B0EA}.Release|x64.Build.0 = Release|Any CPU
		{E3A7B4C3-AB48-4A3D-87B3-E71508636E99}.Debug|Any CPU.ActiveCfg = Debug|Any CPU
		{E3A7B4C3-AB48-4A3D-87B3-E71508636E99}.Debug|x64.ActiveCfg = Debug|Any CPU
		{E3A7B4C3-AB48-4A3D-87B3-E71508636E99}.Debug|x64.Build.0 = Debug|Any CPU
		{E3A7B4C3-AB48-4A3D-87B3-E71508636E99}.Release|Any CPU.ActiveCfg = Release|Any CPU
		{E3A7B4C3-AB48-4A3D-87B3-E71508636E99}.Release|Any CPU.Build.0 = Release|Any CPU
		{E3A7B4C3-AB48-4A3D-87B3-E71508636E99}.Release|x64.ActiveCfg = Release|Any CPU
		{E3A7B4C3-AB48-4A3D-87B3-E71508636E99}.Release|x64.Build.0 = Release|Any CPU
		{BBEE6FDF-95CE-4549-8D30-28E9B1A1A5BC}.Debug|Any CPU.ActiveCfg = Debug|Any CPU
		{BBEE6FDF-95CE-4549-8D30-28E9B1A1A5BC}.Debug|Any CPU.Build.0 = Debug|Any CPU
		{BBEE6FDF-95CE-4549-8D30-28E9B1A1A5BC}.Debug|x64.ActiveCfg = Debug|x64
		{BBEE6FDF-95CE-4549-8D30-28E9B1A1A5BC}.Debug|x64.Build.0 = Debug|x64
		{BBEE6FDF-95CE-4549-8D30-28E9B1A1A5BC}.Release|Any CPU.ActiveCfg = Release|Any CPU
		{BBEE6FDF-95CE-4549-8D30-28E9B1A1A5BC}.Release|Any CPU.Build.0 = Release|Any CPU
		{BBEE6FDF-95CE-4549-8D30-28E9B1A1A5BC}.Release|x64.ActiveCfg = Release|x64
		{BBEE6FDF-95CE-4549-8D30-28E9B1A1A5BC}.Release|x64.Build.0 = Release|x64
		{FC847D51-2CA1-49DF-A322-A993238EFD4E}.Debug|Any CPU.ActiveCfg = Debug|Any CPU
		{FC847D51-2CA1-49DF-A322-A993238EFD4E}.Debug|Any CPU.Build.0 = Debug|Any CPU
		{FC847D51-2CA1-49DF-A322-A993238EFD4E}.Debug|x64.ActiveCfg = Debug|Any CPU
		{FC847D51-2CA1-49DF-A322-A993238EFD4E}.Debug|x64.Build.0 = Debug|Any CPU
		{FC847D51-2CA1-49DF-A322-A993238EFD4E}.Release|Any CPU.ActiveCfg = Release|Any CPU
		{FC847D51-2CA1-49DF-A322-A993238EFD4E}.Release|Any CPU.Build.0 = Release|Any CPU
		{FC847D51-2CA1-49DF-A322-A993238EFD4E}.Release|x64.ActiveCfg = Release|Any CPU
		{FC847D51-2CA1-49DF-A322-A993238EFD4E}.Release|x64.Build.0 = Release|Any CPU
		{82246780-3611-456E-BEE5-B97855FB0639}.Debug|Any CPU.ActiveCfg = Debug|Any CPU
		{82246780-3611-456E-BEE5-B97855FB0639}.Debug|x64.ActiveCfg = Debug|Any CPU
		{82246780-3611-456E-BEE5-B97855FB0639}.Debug|x64.Build.0 = Debug|Any CPU
		{82246780-3611-456E-BEE5-B97855FB0639}.Release|Any CPU.ActiveCfg = Release|Any CPU
		{82246780-3611-456E-BEE5-B97855FB0639}.Release|Any CPU.Build.0 = Release|Any CPU
		{82246780-3611-456E-BEE5-B97855FB0639}.Release|x64.ActiveCfg = Release|Any CPU
		{82246780-3611-456E-BEE5-B97855FB0639}.Release|x64.Build.0 = Release|Any CPU
		{03A4EA9A-9225-4A61-BE34-E26A2EA22F4B}.Debug|Any CPU.ActiveCfg = Debug|Any CPU
		{03A4EA9A-9225-4A61-BE34-E26A2EA22F4B}.Debug|Any CPU.Build.0 = Debug|Any CPU
		{03A4EA9A-9225-4A61-BE34-E26A2EA22F4B}.Debug|x64.ActiveCfg = Debug|Any CPU
		{03A4EA9A-9225-4A61-BE34-E26A2EA22F4B}.Debug|x64.Build.0 = Debug|Any CPU
		{03A4EA9A-9225-4A61-BE34-E26A2EA22F4B}.Release|Any CPU.ActiveCfg = Release|Any CPU
		{03A4EA9A-9225-4A61-BE34-E26A2EA22F4B}.Release|Any CPU.Build.0 = Release|Any CPU
		{03A4EA9A-9225-4A61-BE34-E26A2EA22F4B}.Release|x64.ActiveCfg = Release|Any CPU
		{03A4EA9A-9225-4A61-BE34-E26A2EA22F4B}.Release|x64.Build.0 = Release|Any CPU
		{291436B1-151E-44AD-9153-3AE2F8F70E0C}.Debug|Any CPU.ActiveCfg = Debug|Any CPU
		{291436B1-151E-44AD-9153-3AE2F8F70E0C}.Debug|x64.ActiveCfg = Debug|Any CPU
		{291436B1-151E-44AD-9153-3AE2F8F70E0C}.Debug|x64.Build.0 = Debug|Any CPU
		{291436B1-151E-44AD-9153-3AE2F8F70E0C}.Release|Any CPU.ActiveCfg = Release|Any CPU
		{291436B1-151E-44AD-9153-3AE2F8F70E0C}.Release|Any CPU.Build.0 = Release|Any CPU
		{291436B1-151E-44AD-9153-3AE2F8F70E0C}.Release|x64.ActiveCfg = Release|Any CPU
		{291436B1-151E-44AD-9153-3AE2F8F70E0C}.Release|x64.Build.0 = Release|Any CPU
		{6D87B586-9D0C-4B2F-9D8A-0D0EBD504421}.Debug|Any CPU.ActiveCfg = Debug|Any CPU
		{6D87B586-9D0C-4B2F-9D8A-0D0EBD504421}.Debug|Any CPU.Build.0 = Debug|Any CPU
		{6D87B586-9D0C-4B2F-9D8A-0D0EBD504421}.Debug|x64.ActiveCfg = Debug|x64
		{6D87B586-9D0C-4B2F-9D8A-0D0EBD504421}.Debug|x64.Build.0 = Debug|x64
		{6D87B586-9D0C-4B2F-9D8A-0D0EBD504421}.Release|Any CPU.ActiveCfg = Release|Any CPU
		{6D87B586-9D0C-4B2F-9D8A-0D0EBD504421}.Release|Any CPU.Build.0 = Release|Any CPU
		{6D87B586-9D0C-4B2F-9D8A-0D0EBD504421}.Release|x64.ActiveCfg = Release|x64
		{6D87B586-9D0C-4B2F-9D8A-0D0EBD504421}.Release|x64.Build.0 = Release|x64
		{D0646810-7C18-4C1D-92D7-CDE38DE1AED6}.Debug|Any CPU.ActiveCfg = Debug|Any CPU
		{D0646810-7C18-4C1D-92D7-CDE38DE1AED6}.Debug|Any CPU.Build.0 = Debug|Any CPU
		{D0646810-7C18-4C1D-92D7-CDE38DE1AED6}.Debug|x64.ActiveCfg = Debug|x64
		{D0646810-7C18-4C1D-92D7-CDE38DE1AED6}.Debug|x64.Build.0 = Debug|x64
		{D0646810-7C18-4C1D-92D7-CDE38DE1AED6}.Release|Any CPU.ActiveCfg = Release|Any CPU
		{D0646810-7C18-4C1D-92D7-CDE38DE1AED6}.Release|Any CPU.Build.0 = Release|Any CPU
		{D0646810-7C18-4C1D-92D7-CDE38DE1AED6}.Release|x64.ActiveCfg = Release|x64
		{D0646810-7C18-4C1D-92D7-CDE38DE1AED6}.Release|x64.Build.0 = Release|x64
	EndGlobalSection
	GlobalSection(SolutionProperties) = preSolution
		HideSolutionNode = FALSE
	EndGlobalSection
	GlobalSection(NestedProjects) = preSolution
		{A7B201AE-3748-4946-BFC8-4F86AC1FE72C} = {21E7E276-6012-498E-A58D-B5A0D0286465}
		{4670DA92-06CF-4CE4-BBF8-67353A907BD0} = {A7B201AE-3748-4946-BFC8-4F86AC1FE72C}
		{506B3655-4706-42F8-87F1-FB13869AA4C1} = {A7B201AE-3748-4946-BFC8-4F86AC1FE72C}
		{40EBB60E-FE75-40C7-94FA-DDBADA32F58C} = {A7B201AE-3748-4946-BFC8-4F86AC1FE72C}
		{B7711BCE-372E-4E96-89D1-61E9624EB633} = {21E7E276-6012-498E-A58D-B5A0D0286465}
		{8489C394-6CB0-4100-A850-702CF94BAE52} = {21E7E276-6012-498E-A58D-B5A0D0286465}
		{D3CFFBA9-C232-4C8D-BACD-5A30DED686D2} = {E3FF213C-828B-4A2B-AA4C-C6975B88B797}
		{2C2B4FDF-FF87-49B5-8080-DA8A5715710A} = {DF9CA18E-B7D0-4718-A421-2F2022AA9878}
		{20D45626-3779-4FC8-A55A-1C919D95649E} = {DF9CA18E-B7D0-4718-A421-2F2022AA9878}
		{98E79B80-3176-4CAD-B7BA-B5CAA6752FAB} = {DF9CA18E-B7D0-4718-A421-2F2022AA9878}
		{1389B99F-FF39-4671-9789-D2E1AA91527C} = {DF9CA18E-B7D0-4718-A421-2F2022AA9878}
		{153006DA-1F99-4D33-B490-D3A87E7DFD03} = {DF9CA18E-B7D0-4718-A421-2F2022AA9878}
		{EB682B5B-04B4-4401-BDCF-DED2F6CE83D2} = {21E7E276-6012-498E-A58D-B5A0D0286465}
		{D6ABFCC0-41D6-441D-9CB0-9729127FC5BC} = {21E7E276-6012-498E-A58D-B5A0D0286465}
		{AA445E89-A706-4A2A-B28E-EDBAE056652B} = {D6ABFCC0-41D6-441D-9CB0-9729127FC5BC}
		{63B2DE19-0D82-4671-8371-2FCD60E49357} = {21E7E276-6012-498E-A58D-B5A0D0286465}
		{B551E073-CC82-4B4E-ABA5-A183C949496D} = {CB59302C-D181-4944-A702-167FE7D81CB7}
		{C9D6ED82-ABF9-4585-AA7C-B49FE0BF8EB9} = {CB59302C-D181-4944-A702-167FE7D81CB7}
		{CB59302C-D181-4944-A702-167FE7D81CB7} = {EB682B5B-04B4-4401-BDCF-DED2F6CE83D2}
		{0497EBF9-0192-40AE-AA53-2A256FCBEDB0} = {21E7E276-6012-498E-A58D-B5A0D0286465}
		{829D7FF8-518C-4844-B3E0-DC8FFE091775} = {0497EBF9-0192-40AE-AA53-2A256FCBEDB0}
		{395AD4CE-F673-4D90-85F2-50D701AE7C0A} = {21E7E276-6012-498E-A58D-B5A0D0286465}
		{AE94C3B3-3576-42C1-98FD-A7DCEF480CF5} = {21E7E276-6012-498E-A58D-B5A0D0286465}
		{7A762E12-0F04-4B0B-A8A4-D888CCD74B28} = {AE94C3B3-3576-42C1-98FD-A7DCEF480CF5}
		{6FCC7E98-38E6-424B-B827-AF35140C6BD3} = {21E7E276-6012-498E-A58D-B5A0D0286465}
		{09E46AA5-52C9-4D38-A86B-A26BC7846A75} = {6FCC7E98-38E6-424B-B827-AF35140C6BD3}
		{00BA3C1B-8A9B-496B-8BDD-9A5774A1B442} = {B7711BCE-372E-4E96-89D1-61E9624EB633}
		{CC08C3FA-E295-4C68-B35E-995D4B2D66D0} = {00BA3C1B-8A9B-496B-8BDD-9A5774A1B442}
		{B44EAF91-883A-4BB5-B9E8-FEA420AFCCA3} = {0497EBF9-0192-40AE-AA53-2A256FCBEDB0}
		{B9B440AC-36B8-404C-AB0C-74DBD5770F2C} = {63B2DE19-0D82-4671-8371-2FCD60E49357}
		{04D085DB-BB60-4C7F-923F-050CCD2FBAD3} = {21E7E276-6012-498E-A58D-B5A0D0286465}
		{4613EA7F-1451-43AC-85CF-2D569D780F25} = {21E7E276-6012-498E-A58D-B5A0D0286465}
		{40DB43B1-2836-4495-AF60-E81AC0C96713} = {0497EBF9-0192-40AE-AA53-2A256FCBEDB0}
		{714F342F-3838-4088-80E5-A54C4173B0EA} = {0497EBF9-0192-40AE-AA53-2A256FCBEDB0}
		{E3A7B4C3-AB48-4A3D-87B3-E71508636E99} = {B9B440AC-36B8-404C-AB0C-74DBD5770F2C}
		{BBEE6FDF-95CE-4549-8D30-28E9B1A1A5BC} = {0497EBF9-0192-40AE-AA53-2A256FCBEDB0}
		{FC847D51-2CA1-49DF-A322-A993238EFD4E} = {EB682B5B-04B4-4401-BDCF-DED2F6CE83D2}
		{82246780-3611-456E-BEE5-B97855FB0639} = {63B2DE19-0D82-4671-8371-2FCD60E49357}
		{03A4EA9A-9225-4A61-BE34-E26A2EA22F4B} = {D6ABFCC0-41D6-441D-9CB0-9729127FC5BC}
		{291436B1-151E-44AD-9153-3AE2F8F70E0C} = {8489C394-6CB0-4100-A850-702CF94BAE52}
		{6D87B586-9D0C-4B2F-9D8A-0D0EBD504421} = {00BA3C1B-8A9B-496B-8BDD-9A5774A1B442}
		{D0646810-7C18-4C1D-92D7-CDE38DE1AED6} = {0497EBF9-0192-40AE-AA53-2A256FCBEDB0}
	EndGlobalSection
	GlobalSection(ExtensibilityGlobals) = postSolution
		SolutionGuid = {5098ACB0-865F-4136-B16E-747897FBA792}
	EndGlobalSection
EndGlobal
