
Microsoft Visual Studio Solution File, Format Version 12.00
# Visual Studio 15
VisualStudioVersion = 15.0.28010.2046
MinimumVisualStudioVersion = 10.0.40219.1
Project("{2150E333-8FDC-42A3-9474-1A3956D46DE8}") = "01 DataModels", "01 DataModels", "{4A13259C-B624-4527-ABD7-DC4CD3C884E3}"
EndProject
Project("{FAE04EC0-301F-11D3-BF4B-00C04F79EFBC}") = "Atdi.DataModels", "DataModels\Atdi.DataModels\Atdi.DataModels.csproj", "{506B3655-4706-42F8-87F1-FB13869AA4C1}"
EndProject
Project("{FAE04EC0-301F-11D3-BF4B-00C04F79EFBC}") = "Atdi.DataModels.Sdrn.CalcServer.Entities", "DataModels\Atdi.DataModels.Sdrn.CalcServer.Entities\Atdi.DataModels.Sdrn.CalcServer.Entities.csproj", "{6A72E0C5-F8A4-412F-9395-13ABE07367B1}"
EndProject
Project("{FAE04EC0-301F-11D3-BF4B-00C04F79EFBC}") = "Atdi.DataModels.EntityOrm", "DataModels\Atdi.DataModels.EntityOrm\Atdi.DataModels.EntityOrm.csproj", "{73C8791E-3FC5-4C91-84E5-C19C98096F10}"
EndProject
Project("{2150E333-8FDC-42A3-9474-1A3956D46DE8}") = "02 Contracts", "02 Contracts", "{866FB49D-FC44-4DC8-AD01-C7BB4E4EBF60}"
EndProject
Project("{FAE04EC0-301F-11D3-BF4B-00C04F79EFBC}") = "Atdi.Contracts.Api.EntityOrm.WebClient", "Contracts\Api\Atdi.Contracts.Api.EntityOrm.WebClient\Atdi.Contracts.Api.EntityOrm.WebClient.csproj", "{A252D199-1162-484D-B50A-8C44A4EDD670}"
EndProject
Project("{FAE04EC0-301F-11D3-BF4B-00C04F79EFBC}") = "Atdi.DataModels.Api.EntityOrm.WebClient", "DataModels\Atdi.DataModels.Api.EntityOrm.WebClient\Atdi.DataModels.Api.EntityOrm.WebClient.csproj", "{36AE7031-FC14-4305-BD04-87C70FDA0F25}"
EndProject
Project("{2150E333-8FDC-42A3-9474-1A3956D46DE8}") = "04 API", "04 API", "{B37CECA7-84FB-4347-A95C-2C6DCD7EEC83}"
EndProject
Project("{FAE04EC0-301F-11D3-BF4B-00C04F79EFBC}") = "Atdi.Api.EntityOrm.WebClient", "Api\Atdi.Api.EntityOrm.WebClient\Atdi.Api.EntityOrm.WebClient.csproj", "{48ACE960-6BA0-4A99-B060-4DBB8A182206}"
EndProject
Project("{2150E333-8FDC-42A3-9474-1A3956D46DE8}") = "05 Plugins", "05 Plugins", "{38410CE7-1CAF-4D77-9EFA-E0339A6CC1F1}"
EndProject
Project("{FAE04EC0-301F-11D3-BF4B-00C04F79EFBC}") = "Atdi.Icsm.Plugins.SdrnCalcServerClient", "IcsmPlugins\Atdi.Icsm.Plugins.SdrnCalcServerClient\Atdi.Icsm.Plugins.SdrnCalcServerClient.csproj", "{6F90D378-968F-49BC-89EF-F6FEB12E7332}"
EndProject
Global
	GlobalSection(SolutionConfigurationPlatforms) = preSolution
		Debug|Any CPU = Debug|Any CPU
		Debug|x64 = Debug|x64
		Release|Any CPU = Release|Any CPU
		Release|x64 = Release|x64
	EndGlobalSection
	GlobalSection(ProjectConfigurationPlatforms) = postSolution
		{506B3655-4706-42F8-87F1-FB13869AA4C1}.Debug|Any CPU.ActiveCfg = Debug|Any CPU
		{506B3655-4706-42F8-87F1-FB13869AA4C1}.Debug|Any CPU.Build.0 = Debug|Any CPU
		{506B3655-4706-42F8-87F1-FB13869AA4C1}.Debug|x64.ActiveCfg = Debug|x64
		{506B3655-4706-42F8-87F1-FB13869AA4C1}.Debug|x64.Build.0 = Debug|x64
		{506B3655-4706-42F8-87F1-FB13869AA4C1}.Release|Any CPU.ActiveCfg = Release|Any CPU
		{506B3655-4706-42F8-87F1-FB13869AA4C1}.Release|Any CPU.Build.0 = Release|Any CPU
		{506B3655-4706-42F8-87F1-FB13869AA4C1}.Release|x64.ActiveCfg = Release|x64
		{506B3655-4706-42F8-87F1-FB13869AA4C1}.Release|x64.Build.0 = Release|x64
		{6A72E0C5-F8A4-412F-9395-13ABE07367B1}.Debug|Any CPU.ActiveCfg = Debug|Any CPU
		{6A72E0C5-F8A4-412F-9395-13ABE07367B1}.Debug|Any CPU.Build.0 = Debug|Any CPU
		{6A72E0C5-F8A4-412F-9395-13ABE07367B1}.Debug|x64.ActiveCfg = Debug|Any CPU
		{6A72E0C5-F8A4-412F-9395-13ABE07367B1}.Debug|x64.Build.0 = Debug|Any CPU
		{6A72E0C5-F8A4-412F-9395-13ABE07367B1}.Release|Any CPU.ActiveCfg = Release|Any CPU
		{6A72E0C5-F8A4-412F-9395-13ABE07367B1}.Release|Any CPU.Build.0 = Release|Any CPU
		{6A72E0C5-F8A4-412F-9395-13ABE07367B1}.Release|x64.ActiveCfg = Release|Any CPU
		{6A72E0C5-F8A4-412F-9395-13ABE07367B1}.Release|x64.Build.0 = Release|Any CPU
		{73C8791E-3FC5-4C91-84E5-C19C98096F10}.Debug|Any CPU.ActiveCfg = Debug|Any CPU
		{73C8791E-3FC5-4C91-84E5-C19C98096F10}.Debug|Any CPU.Build.0 = Debug|Any CPU
		{73C8791E-3FC5-4C91-84E5-C19C98096F10}.Debug|x64.ActiveCfg = Debug|Any CPU
		{73C8791E-3FC5-4C91-84E5-C19C98096F10}.Debug|x64.Build.0 = Debug|Any CPU
		{73C8791E-3FC5-4C91-84E5-C19C98096F10}.Release|Any CPU.ActiveCfg = Release|Any CPU
		{73C8791E-3FC5-4C91-84E5-C19C98096F10}.Release|Any CPU.Build.0 = Release|Any CPU
		{73C8791E-3FC5-4C91-84E5-C19C98096F10}.Release|x64.ActiveCfg = Release|Any CPU
		{73C8791E-3FC5-4C91-84E5-C19C98096F10}.Release|x64.Build.0 = Release|Any CPU
		{A252D199-1162-484D-B50A-8C44A4EDD670}.Debug|Any CPU.ActiveCfg = Debug|Any CPU
		{A252D199-1162-484D-B50A-8C44A4EDD670}.Debug|Any CPU.Build.0 = Debug|Any CPU
		{A252D199-1162-484D-B50A-8C44A4EDD670}.Debug|x64.ActiveCfg = Debug|Any CPU
		{A252D199-1162-484D-B50A-8C44A4EDD670}.Debug|x64.Build.0 = Debug|Any CPU
		{A252D199-1162-484D-B50A-8C44A4EDD670}.Release|Any CPU.ActiveCfg = Release|Any CPU
		{A252D199-1162-484D-B50A-8C44A4EDD670}.Release|Any CPU.Build.0 = Release|Any CPU
		{A252D199-1162-484D-B50A-8C44A4EDD670}.Release|x64.ActiveCfg = Release|Any CPU
		{A252D199-1162-484D-B50A-8C44A4EDD670}.Release|x64.Build.0 = Release|Any CPU
		{36AE7031-FC14-4305-BD04-87C70FDA0F25}.Debug|Any CPU.ActiveCfg = Debug|Any CPU
		{36AE7031-FC14-4305-BD04-87C70FDA0F25}.Debug|Any CPU.Build.0 = Debug|Any CPU
		{36AE7031-FC14-4305-BD04-87C70FDA0F25}.Debug|x64.ActiveCfg = Debug|Any CPU
		{36AE7031-FC14-4305-BD04-87C70FDA0F25}.Debug|x64.Build.0 = Debug|Any CPU
		{36AE7031-FC14-4305-BD04-87C70FDA0F25}.Release|Any CPU.ActiveCfg = Release|Any CPU
		{36AE7031-FC14-4305-BD04-87C70FDA0F25}.Release|Any CPU.Build.0 = Release|Any CPU
		{36AE7031-FC14-4305-BD04-87C70FDA0F25}.Release|x64.ActiveCfg = Release|Any CPU
		{36AE7031-FC14-4305-BD04-87C70FDA0F25}.Release|x64.Build.0 = Release|Any CPU
		{48ACE960-6BA0-4A99-B060-4DBB8A182206}.Debug|Any CPU.ActiveCfg = Debug|Any CPU
		{48ACE960-6BA0-4A99-B060-4DBB8A182206}.Debug|Any CPU.Build.0 = Debug|Any CPU
		{48ACE960-6BA0-4A99-B060-4DBB8A182206}.Debug|x64.ActiveCfg = Debug|Any CPU
		{48ACE960-6BA0-4A99-B060-4DBB8A182206}.Debug|x64.Build.0 = Debug|Any CPU
		{48ACE960-6BA0-4A99-B060-4DBB8A182206}.Release|Any CPU.ActiveCfg = Release|Any CPU
		{48ACE960-6BA0-4A99-B060-4DBB8A182206}.Release|Any CPU.Build.0 = Release|Any CPU
		{48ACE960-6BA0-4A99-B060-4DBB8A182206}.Release|x64.ActiveCfg = Release|Any CPU
		{48ACE960-6BA0-4A99-B060-4DBB8A182206}.Release|x64.Build.0 = Release|Any CPU
		{6F90D378-968F-49BC-89EF-F6FEB12E7332}.Debug|Any CPU.ActiveCfg = Debug|Any CPU
		{6F90D378-968F-49BC-89EF-F6FEB12E7332}.Debug|Any CPU.Build.0 = Debug|Any CPU
		{6F90D378-968F-49BC-89EF-F6FEB12E7332}.Debug|x64.ActiveCfg = Debug|Any CPU
		{6F90D378-968F-49BC-89EF-F6FEB12E7332}.Debug|x64.Build.0 = Debug|Any CPU
		{6F90D378-968F-49BC-89EF-F6FEB12E7332}.Release|Any CPU.ActiveCfg = Release|Any CPU
		{6F90D378-968F-49BC-89EF-F6FEB12E7332}.Release|Any CPU.Build.0 = Release|Any CPU
		{6F90D378-968F-49BC-89EF-F6FEB12E7332}.Release|x64.ActiveCfg = Release|Any CPU
		{6F90D378-968F-49BC-89EF-F6FEB12E7332}.Release|x64.Build.0 = Release|Any CPU
	EndGlobalSection
	GlobalSection(SolutionProperties) = preSolution
		HideSolutionNode = FALSE
	EndGlobalSection
	GlobalSection(NestedProjects) = preSolution
		{506B3655-4706-42F8-87F1-FB13869AA4C1} = {4A13259C-B624-4527-ABD7-DC4CD3C884E3}
		{6A72E0C5-F8A4-412F-9395-13ABE07367B1} = {4A13259C-B624-4527-ABD7-DC4CD3C884E3}
		{73C8791E-3FC5-4C91-84E5-C19C98096F10} = {4A13259C-B624-4527-ABD7-DC4CD3C884E3}
		{A252D199-1162-484D-B50A-8C44A4EDD670} = {866FB49D-FC44-4DC8-AD01-C7BB4E4EBF60}
		{36AE7031-FC14-4305-BD04-87C70FDA0F25} = {4A13259C-B624-4527-ABD7-DC4CD3C884E3}
		{48ACE960-6BA0-4A99-B060-4DBB8A182206} = {B37CECA7-84FB-4347-A95C-2C6DCD7EEC83}
		{6F90D378-968F-49BC-89EF-F6FEB12E7332} = {38410CE7-1CAF-4D77-9EFA-E0339A6CC1F1}
	EndGlobalSection
	GlobalSection(ExtensibilityGlobals) = postSolution
		SolutionGuid = {4A6950CE-7CEF-49B6-9721-5634131A14B4}
	EndGlobalSection
EndGlobal
