
Microsoft Visual Studio Solution File, Format Version 12.00
# Visual Studio 15
VisualStudioVersion = 15.0.26730.3
MinimumVisualStudioVersion = 10.0.40219.1
Project("{2150E333-8FDC-42A3-9474-1A3956D46DE8}") = "00 Common", "00 Common", "{BA9FB078-79D3-4580-86BF-EABB45C96ACD}"
EndProject
Project("{2150E333-8FDC-42A3-9474-1A3956D46DE8}") = "01 Platform", "01 Platform", "{7AF2EEE1-1C56-4B92-9BF6-46B625F1AE1E}"
EndProject
Project("{FAE04EC0-301F-11D3-BF4B-00C04F79EFBC}") = "Atdi.Common", "Common\Atdi.Common\Atdi.Common.csproj", "{D3CFFBA9-C232-4C8D-BACD-5A30DED686D2}"
EndProject
Project("{FAE04EC0-301F-11D3-BF4B-00C04F79EFBC}") = "Atdi.Platform", "Platform\Atdi.Platform\Atdi.Platform.csproj", "{2C2B4FDF-FF87-49B5-8080-DA8A5715710A}"
EndProject
Project("{FAE04EC0-301F-11D3-BF4B-00C04F79EFBC}") = "Atdi.Platform.Configurator", "Platform\Atdi.Platform.Configurator\Atdi.Platform.Configurator.csproj", "{98E79B80-3176-4CAD-B7BA-B5CAA6752FAB}"
EndProject
Project("{FAE04EC0-301F-11D3-BF4B-00C04F79EFBC}") = "Atdi.Platform.ServicesContainer", "Platform\Atdi.Platform.ServicesContainer\Atdi.Platform.ServicesContainer.csproj", "{153006DA-1F99-4D33-B490-D3A87E7DFD03}"
EndProject
Project("{FAE04EC0-301F-11D3-BF4B-00C04F79EFBC}") = "Atdi.Platform.Logging", "Platform\Atdi.Platform.Logging\Atdi.Platform.Logging.csproj", "{1389B99F-FF39-4671-9789-D2E1AA91527C}"
EndProject
Project("{2150E333-8FDC-42A3-9474-1A3956D46DE8}") = "06 Core Services", "06 Core Services", "{FDBA4F26-82FF-4942-BAE8-DB213EBA9738}"
EndProject
Project("{2150E333-8FDC-42A3-9474-1A3956D46DE8}") = "03 Contracts", "03 Contracts", "{C61148FE-6ABF-42AA-87C9-40C59D283EB6}"
EndProject
Project("{FAE04EC0-301F-11D3-BF4B-00C04F79EFBC}") = "Atdi.Platform.AppServer", "Platform\Atdi.Platform.AppServer\Atdi.Platform.AppServer.csproj", "{20D45626-3779-4FC8-A55A-1C919D95649E}"
EndProject
Project("{FAE04EC0-301F-11D3-BF4B-00C04F79EFBC}") = "Atdi.CoreServices.DataLayer", "CoreServices\Atdi.CoreServices.DataLayer\Atdi.CoreServices.DataLayer.csproj", "{EDDA5CCC-25B7-4B50-A8D7-CCB617727497}"
EndProject
Project("{2150E333-8FDC-42A3-9474-1A3956D46DE8}") = "10 Hosts", "10 Hosts", "{1CECFCEF-507F-4E26-B5B3-15D4FD81FA41}"
EndProject
Project("{FAE04EC0-301F-11D3-BF4B-00C04F79EFBC}") = "Atdi.AppServer.WebQuery.Console", "Hosts\Atdi.AppServer.WebQuery.Console\Atdi.AppServer.WebQuery.Console.csproj", "{67019ADF-3361-47A2-ABA7-48C730A53001}"
EndProject
Project("{2150E333-8FDC-42A3-9474-1A3956D46DE8}") = "02 DataModels", "02 DataModels", "{87DDE9BC-6E58-48FB-ACDC-247532740169}"
EndProject
Project("{FAE04EC0-301F-11D3-BF4B-00C04F79EFBC}") = "Atdi.DataModels", "DataModels\Atdi.DataModels\Atdi.DataModels.csproj", "{506B3655-4706-42F8-87F1-FB13869AA4C1}"
EndProject
Project("{FAE04EC0-301F-11D3-BF4B-00C04F79EFBC}") = "Atdi.DataModels.WebQuery", "DataModels\Atdi.DataModels.WebQuery\Atdi.DataModels.WebQuery.csproj", "{EC0F3654-091A-4E1C-A16D-B11EA75A2B02}"
EndProject
Project("{2150E333-8FDC-42A3-9474-1A3956D46DE8}") = "01 WcfServices", "01 WcfServices", "{B3B5DE98-39A9-4F1C-AE1B-B7ADB288EEFC}"
EndProject
Project("{2150E333-8FDC-42A3-9474-1A3956D46DE8}") = "03 AppServices", "03 AppServices", "{69620474-8D77-47F0-8440-C4C6830B4899}"
EndProject
Project("{FAE04EC0-301F-11D3-BF4B-00C04F79EFBC}") = "Atdi.Contracts.WcfServices.WebQuery", "Contracts\WcfServices\Atdi.Contracts.WcfServices.WebQuery\Atdi.Contracts.WcfServices.WebQuery.csproj", "{773A95CE-0A1C-4629-849D-23F65D6C59E4}"
EndProject
Project("{FAE04EC0-301F-11D3-BF4B-00C04F79EFBC}") = "Atdi.Contracts.AppServices.WebQuery", "Contracts\AppServices\Atdi.Contracts.AppServices.WebQuery\Atdi.Contracts.AppServices.WebQuery.csproj", "{012B0214-AC04-43B0-B87F-A0C1E991CA8F}"
EndProject
Project("{FAE04EC0-301F-11D3-BF4B-00C04F79EFBC}") = "Atdi.DataModels.Identity", "DataModels\Atdi.DataModels.Identity\Atdi.DataModels.Identity.csproj", "{B0A9F81C-CF24-4899-A069-CBF63C4483E6}"
EndProject
Project("{FAE04EC0-301F-11D3-BF4B-00C04F79EFBC}") = "Atdi.Contracts.WcfServices.Identity", "Contracts\WcfServices\Atdi.Contracts.WcfServices.Identity\Atdi.Contracts.WcfServices.Identity.csproj", "{CAE762CE-A933-426C-9E31-656EB66A0F9A}"
EndProject
Project("{2150E333-8FDC-42A3-9474-1A3956D46DE8}") = "04 WCF Services", "04 WCF Services", "{E847F100-CE7C-4890-B4C3-314F8A0A62A0}"
EndProject
Project("{FAE04EC0-301F-11D3-BF4B-00C04F79EFBC}") = "Atdi.WcfServices", "WcfServices\Atdi.WcfServices\Atdi.WcfServices.csproj", "{1554F596-9B1C-4E35-8D9A-E9A0232790A5}"
EndProject
Project("{FAE04EC0-301F-11D3-BF4B-00C04F79EFBC}") = "Atdi.WcfServices.Identity", "WcfServices\Atdi.WcfServices.Identity\Atdi.WcfServices.Identity.csproj", "{56055003-FC93-4FF2-8E1E-6BE6B84D1589}"
EndProject
Project("{2150E333-8FDC-42A3-9474-1A3956D46DE8}") = "11 Test", "11 Test", "{BADAA79A-4E3D-4C46-BB6F-0040221AA099}"
EndProject
Project("{FAE04EC0-301F-11D3-BF4B-00C04F79EFBC}") = "Atdi.Test.WebQuery.Console", "Test\Atdi.Test.WebQuery.Console\Atdi.Test.WebQuery.Console.csproj", "{177D0BDE-4141-47A5-8418-CF578106DBAA}"
EndProject
Project("{2150E333-8FDC-42A3-9474-1A3956D46DE8}") = "07 App Services", "07 App Services", "{1F8738A3-124F-4671-B5C1-8CE17B2B133C}"
EndProject
Project("{FAE04EC0-301F-11D3-BF4B-00C04F79EFBC}") = "Atdi.AppServices", "AppServices\Atdi.AppServices\Atdi.AppServices.csproj", "{0EAB226D-AA8D-4671-88CF-0F1049560535}"
EndProject
Project("{FAE04EC0-301F-11D3-BF4B-00C04F79EFBC}") = "Atdi.AppServices.WebQuery", "AppServices\Atdi.AppServices.WebQuery\Atdi.AppServices.WebQuery.csproj", "{D1F7D966-035F-4E29-A420-5FD1F44F6C19}"
EndProject
Project("{FAE04EC0-301F-11D3-BF4B-00C04F79EFBC}") = "Atdi.CoreServices.Identity", "CoreServices\Atdi.CoreServices.Identity\Atdi.CoreServices.Identity.csproj", "{3FFE283D-4233-4E63-8A27-260A8AEB353C}"
EndProject
Project("{2150E333-8FDC-42A3-9474-1A3956D46DE8}") = "02 CoreServices", "02 CoreServices", "{210E189B-908C-434F-A689-DCC1619D2649}"
EndProject
Project("{FAE04EC0-301F-11D3-BF4B-00C04F79EFBC}") = "Atdi.Contracts.CoreServices.Identity", "Contracts\CoreServices\Atdi.Contracts.CoreServices.Identity\Atdi.Contracts.CoreServices.Identity.csproj", "{A63EA00F-5648-42B0-B35A-897998F8850F}"
EndProject
Project("{FAE04EC0-301F-11D3-BF4B-00C04F79EFBC}") = "Atdi.WcfServices.WebQuery", "WcfServices\Atdi.WcfServices.WebQuery\Atdi.WcfServices.WebQuery.csproj", "{D55BD0A1-1610-4135-8516-239EC6E3F1F5}"
EndProject
Project("{FAE04EC0-301F-11D3-BF4B-00C04F79EFBC}") = "Atdi.Contracts.CoreServices.DataLayer", "Contracts\CoreServices\Atdi.Contracts.CoreServices.DataLayer\Atdi.Contracts.CoreServices.DataLayer.csproj", "{E5011DD5-16C5-4CD0-ADA3-D783F11C7C61}"
EndProject
Project("{2150E333-8FDC-42A3-9474-1A3956D46DE8}") = "04 LegacyServices", "04 LegacyServices", "{6D656558-A6D4-4D6F-ADBF-BB84231BB5FB}"
EndProject
Project("{FAE04EC0-301F-11D3-BF4B-00C04F79EFBC}") = "Atdi.Contracts.LegacyServices.Icsm", "Contracts\LegacyServices\Atdi.Contracts.LegacyServices.Icsm\Atdi.Contracts.LegacyServices.Icsm.csproj", "{DA81F383-7154-4061-9EAC-1F841AF9B277}"
EndProject
Project("{FAE04EC0-301F-11D3-BF4B-00C04F79EFBC}") = "Atdi.DataModels.Icsm", "DataModels\Atdi.DataModels.Icsm\Atdi.DataModels.Icsm.csproj", "{C9A6722B-F13A-4C7A-B389-9958B2ABFB27}"
EndProject
Project("{2150E333-8FDC-42A3-9474-1A3956D46DE8}") = "08 Legacy Services", "08 Legacy Services", "{89F97BB0-6400-4A9E-A077-D195FF5BE4C5}"
EndProject
Project("{FAE04EC0-301F-11D3-BF4B-00C04F79EFBC}") = "Atdi.LegacyServices.Icsm", "LegacyServices\Atdi.LegacyServices.Icsm\Atdi.LegacyServices.Icsm.csproj", "{B06CF99E-314F-485B-9E0D-5289147D5552}"
EndProject
Project("{2150E333-8FDC-42A3-9474-1A3956D46DE8}") = "05 WebApi Services", "05 WebApi Services", "{92F03EAB-C3E9-4923-9A1F-EC3FDFFCBB93}"
EndProject
Project("{FAE04EC0-301F-11D3-BF4B-00C04F79EFBC}") = "Atdi.WebApiServices", "WebApiServices\Atdi.WebApiServices\Atdi.WebApiServices.csproj", "{4803AE0C-1A06-4FC5-9BE7-6AFFC943EE7C}"
EndProject
Project("{FAE04EC0-301F-11D3-BF4B-00C04F79EFBC}") = "Atdi.WebApiServices.SelfHost", "WebApiServices\Atdi.WebApiServices.SelfHost\Atdi.WebApiServices.SelfHost.csproj", "{CA3F294B-9C66-433F-84B3-D27CE3AB40F1}"
EndProject
Project("{FAE04EC0-301F-11D3-BF4B-00C04F79EFBC}") = "Atdi.AppServer.Svchost", "Hosts\Atdi.AppServer.Svchost\Atdi.AppServer.Svchost.csproj", "{C9D6ED82-ABF9-4585-AA7C-B49FE0BF8EB9}"
EndProject
Project("{2150E333-8FDC-42A3-9474-1A3956D46DE8}") = "12 Build", "12 Build", "{B509088D-4C7E-4955-9FB3-6D607143FFEB}"
EndProject
Project("{FAE04EC0-301F-11D3-BF4B-00C04F79EFBC}") = "Atdi.Build.WebQuery", "Build\Atdi.Build.WebQuery\Atdi.Build.WebQuery.csproj", "{1386E2B2-D67A-4033-8DD0-1CA3D7466A90}"
EndProject
Project("{FAE04EC0-301F-11D3-BF4B-00C04F79EFBC}") = "Atdi.AppServer.Console", "Hosts\Atdi.AppServer.Console\Atdi.AppServer.Console.csproj", "{B551E073-CC82-4B4E-ABA5-A183C949496D}"
EndProject
Project("{FAE04EC0-301F-11D3-BF4B-00C04F79EFBC}") = "Atdi.WebApiServices.Identity", "WebApiServices\Atdi.WebApiServices.Identity\Atdi.WebApiServices.Identity.csproj", "{C61C88B0-306F-4C54-A372-80CB97124504}"
EndProject
Project("{FAE04EC0-301F-11D3-BF4B-00C04F79EFBC}") = "Atdi.WebApiServices.WebQuery", "WebApiServices\Atdi.WebApiServices.WebQuery\Atdi.WebApiServices.WebQuery.csproj", "{A589C230-DDBE-42B2-B54E-3D0139CE853D}"
EndProject
Project("{2150E333-8FDC-42A3-9474-1A3956D46DE8}") = "Common", "Common", "{0547AB8B-343F-4C88-99F1-A710DB0CCDD2}"
EndProject
Project("{2150E333-8FDC-42A3-9474-1A3956D46DE8}") = "09 Web Portals", "09 Web Portals", "{9893588C-49A7-42B9-95C7-624E5852941B}"
EndProject
Project("{9A19103F-16F7-4668-BE54-9A1E7A4F7556}") = "Atdi.WebPortal.WebQuery", "WebPortals\Atdi.WebPortal.WebQuery\Atdi.WebPortal.WebQuery.csproj", "{3A0E4F1A-92B5-487F-9C92-A80102600B81}"
EndProject
Project("{2150E333-8FDC-42A3-9474-1A3956D46DE8}") = "08 Modules", "08 Modules", "{636F7B60-42CF-48D7-A2EF-0B0A3850DF63}"
EndProject
Project("{FAE04EC0-301F-11D3-BF4B-00C04F79EFBC}") = "Atdi.Modules.Licensing", "Modules\Atdi.Modules.Licensing\Atdi.Modules.Licensing.csproj", "{829D7FF8-518C-4844-B3E0-DC8FFE091775}"
EndProject
Project("{2150E333-8FDC-42A3-9474-1A3956D46DE8}") = "09 Tools", "09 Tools", "{E14118AA-A9B0-484D-84D2-3276A4A7B4D9}"
EndProject
Project("{FAE04EC0-301F-11D3-BF4B-00C04F79EFBC}") = "Atdi.Tools.LicenseAnalyzer", "Tools\Atdi.Tools.LicenseAnalyzer\Atdi.Tools.LicenseAnalyzer.csproj", "{7A762E12-0F04-4B0B-A8A4-D888CCD74B28}"
EndProject
Project("{FAE04EC0-301F-11D3-BF4B-00C04F79EFBC}") = "Atdi.CoreServices.DataLayer.Oracle", "CoreServices\Atdi.CoreServices.DataLayer.Oracle\Atdi.CoreServices.DataLayer.Oracle.csproj", "{73F74F27-6F16-4A46-81FC-F959EA6F1AD7}"
EndProject
Project("{FAE04EC0-301F-11D3-BF4B-00C04F79EFBC}") = "Atdi.CoreServices.DataLayer.SqlServer", "CoreServices\Atdi.CoreServices.DataLayer.SqlServer\Atdi.CoreServices.DataLayer.SqlServer.csproj", "{A65DC15A-E0DA-4D33-ADBB-B1BCC0758873}"
EndProject
Global
	GlobalSection(SolutionConfigurationPlatforms) = preSolution
		Debug|Any CPU = Debug|Any CPU
		Debug|x64 = Debug|x64
		Debug|x86 = Debug|x86
		Release|Any CPU = Release|Any CPU
		Release|x64 = Release|x64
		Release|x86 = Release|x86
	EndGlobalSection
	GlobalSection(ProjectConfigurationPlatforms) = postSolution
		{D3CFFBA9-C232-4C8D-BACD-5A30DED686D2}.Debug|Any CPU.ActiveCfg = Debug|Any CPU
		{D3CFFBA9-C232-4C8D-BACD-5A30DED686D2}.Debug|Any CPU.Build.0 = Debug|Any CPU
		{D3CFFBA9-C232-4C8D-BACD-5A30DED686D2}.Debug|x64.ActiveCfg = Debug|Any CPU
		{D3CFFBA9-C232-4C8D-BACD-5A30DED686D2}.Debug|x64.Build.0 = Debug|Any CPU
		{D3CFFBA9-C232-4C8D-BACD-5A30DED686D2}.Debug|x86.ActiveCfg = Debug|Any CPU
		{D3CFFBA9-C232-4C8D-BACD-5A30DED686D2}.Debug|x86.Build.0 = Debug|Any CPU
		{D3CFFBA9-C232-4C8D-BACD-5A30DED686D2}.Release|Any CPU.ActiveCfg = Release|Any CPU
		{D3CFFBA9-C232-4C8D-BACD-5A30DED686D2}.Release|Any CPU.Build.0 = Release|Any CPU
		{D3CFFBA9-C232-4C8D-BACD-5A30DED686D2}.Release|x64.ActiveCfg = Release|Any CPU
		{D3CFFBA9-C232-4C8D-BACD-5A30DED686D2}.Release|x64.Build.0 = Release|Any CPU
		{D3CFFBA9-C232-4C8D-BACD-5A30DED686D2}.Release|x86.ActiveCfg = Release|Any CPU
		{D3CFFBA9-C232-4C8D-BACD-5A30DED686D2}.Release|x86.Build.0 = Release|Any CPU
		{2C2B4FDF-FF87-49B5-8080-DA8A5715710A}.Debug|Any CPU.ActiveCfg = Debug|Any CPU
		{2C2B4FDF-FF87-49B5-8080-DA8A5715710A}.Debug|Any CPU.Build.0 = Debug|Any CPU
		{2C2B4FDF-FF87-49B5-8080-DA8A5715710A}.Debug|x64.ActiveCfg = Debug|Any CPU
		{2C2B4FDF-FF87-49B5-8080-DA8A5715710A}.Debug|x64.Build.0 = Debug|Any CPU
		{2C2B4FDF-FF87-49B5-8080-DA8A5715710A}.Debug|x86.ActiveCfg = Debug|Any CPU
		{2C2B4FDF-FF87-49B5-8080-DA8A5715710A}.Debug|x86.Build.0 = Debug|Any CPU
		{2C2B4FDF-FF87-49B5-8080-DA8A5715710A}.Release|Any CPU.ActiveCfg = Release|Any CPU
		{2C2B4FDF-FF87-49B5-8080-DA8A5715710A}.Release|Any CPU.Build.0 = Release|Any CPU
		{2C2B4FDF-FF87-49B5-8080-DA8A5715710A}.Release|x64.ActiveCfg = Release|Any CPU
		{2C2B4FDF-FF87-49B5-8080-DA8A5715710A}.Release|x64.Build.0 = Release|Any CPU
		{2C2B4FDF-FF87-49B5-8080-DA8A5715710A}.Release|x86.ActiveCfg = Release|Any CPU
		{2C2B4FDF-FF87-49B5-8080-DA8A5715710A}.Release|x86.Build.0 = Release|Any CPU
		{98E79B80-3176-4CAD-B7BA-B5CAA6752FAB}.Debug|Any CPU.ActiveCfg = Debug|Any CPU
		{98E79B80-3176-4CAD-B7BA-B5CAA6752FAB}.Debug|Any CPU.Build.0 = Debug|Any CPU
		{98E79B80-3176-4CAD-B7BA-B5CAA6752FAB}.Debug|x64.ActiveCfg = Debug|Any CPU
		{98E79B80-3176-4CAD-B7BA-B5CAA6752FAB}.Debug|x64.Build.0 = Debug|Any CPU
		{98E79B80-3176-4CAD-B7BA-B5CAA6752FAB}.Debug|x86.ActiveCfg = Debug|Any CPU
		{98E79B80-3176-4CAD-B7BA-B5CAA6752FAB}.Debug|x86.Build.0 = Debug|Any CPU
		{98E79B80-3176-4CAD-B7BA-B5CAA6752FAB}.Release|Any CPU.ActiveCfg = Release|Any CPU
		{98E79B80-3176-4CAD-B7BA-B5CAA6752FAB}.Release|Any CPU.Build.0 = Release|Any CPU
		{98E79B80-3176-4CAD-B7BA-B5CAA6752FAB}.Release|x64.ActiveCfg = Release|Any CPU
		{98E79B80-3176-4CAD-B7BA-B5CAA6752FAB}.Release|x64.Build.0 = Release|Any CPU
		{98E79B80-3176-4CAD-B7BA-B5CAA6752FAB}.Release|x86.ActiveCfg = Release|Any CPU
		{98E79B80-3176-4CAD-B7BA-B5CAA6752FAB}.Release|x86.Build.0 = Release|Any CPU
		{153006DA-1F99-4D33-B490-D3A87E7DFD03}.Debug|Any CPU.ActiveCfg = Debug|Any CPU
		{153006DA-1F99-4D33-B490-D3A87E7DFD03}.Debug|Any CPU.Build.0 = Debug|Any CPU
		{153006DA-1F99-4D33-B490-D3A87E7DFD03}.Debug|x64.ActiveCfg = Debug|Any CPU
		{153006DA-1F99-4D33-B490-D3A87E7DFD03}.Debug|x64.Build.0 = Debug|Any CPU
		{153006DA-1F99-4D33-B490-D3A87E7DFD03}.Debug|x86.ActiveCfg = Debug|Any CPU
		{153006DA-1F99-4D33-B490-D3A87E7DFD03}.Debug|x86.Build.0 = Debug|Any CPU
		{153006DA-1F99-4D33-B490-D3A87E7DFD03}.Release|Any CPU.ActiveCfg = Release|Any CPU
		{153006DA-1F99-4D33-B490-D3A87E7DFD03}.Release|Any CPU.Build.0 = Release|Any CPU
		{153006DA-1F99-4D33-B490-D3A87E7DFD03}.Release|x64.ActiveCfg = Release|Any CPU
		{153006DA-1F99-4D33-B490-D3A87E7DFD03}.Release|x64.Build.0 = Release|Any CPU
		{153006DA-1F99-4D33-B490-D3A87E7DFD03}.Release|x86.ActiveCfg = Release|Any CPU
		{153006DA-1F99-4D33-B490-D3A87E7DFD03}.Release|x86.Build.0 = Release|Any CPU
		{1389B99F-FF39-4671-9789-D2E1AA91527C}.Debug|Any CPU.ActiveCfg = Debug|Any CPU
		{1389B99F-FF39-4671-9789-D2E1AA91527C}.Debug|Any CPU.Build.0 = Debug|Any CPU
		{1389B99F-FF39-4671-9789-D2E1AA91527C}.Debug|x64.ActiveCfg = Debug|Any CPU
		{1389B99F-FF39-4671-9789-D2E1AA91527C}.Debug|x64.Build.0 = Debug|Any CPU
		{1389B99F-FF39-4671-9789-D2E1AA91527C}.Debug|x86.ActiveCfg = Debug|Any CPU
		{1389B99F-FF39-4671-9789-D2E1AA91527C}.Debug|x86.Build.0 = Debug|Any CPU
		{1389B99F-FF39-4671-9789-D2E1AA91527C}.Release|Any CPU.ActiveCfg = Release|Any CPU
		{1389B99F-FF39-4671-9789-D2E1AA91527C}.Release|Any CPU.Build.0 = Release|Any CPU
		{1389B99F-FF39-4671-9789-D2E1AA91527C}.Release|x64.ActiveCfg = Release|Any CPU
		{1389B99F-FF39-4671-9789-D2E1AA91527C}.Release|x64.Build.0 = Release|Any CPU
		{1389B99F-FF39-4671-9789-D2E1AA91527C}.Release|x86.ActiveCfg = Release|Any CPU
		{1389B99F-FF39-4671-9789-D2E1AA91527C}.Release|x86.Build.0 = Release|Any CPU
		{20D45626-3779-4FC8-A55A-1C919D95649E}.Debug|Any CPU.ActiveCfg = Debug|Any CPU
		{20D45626-3779-4FC8-A55A-1C919D95649E}.Debug|Any CPU.Build.0 = Debug|Any CPU
		{20D45626-3779-4FC8-A55A-1C919D95649E}.Debug|x64.ActiveCfg = Debug|Any CPU
		{20D45626-3779-4FC8-A55A-1C919D95649E}.Debug|x64.Build.0 = Debug|Any CPU
		{20D45626-3779-4FC8-A55A-1C919D95649E}.Debug|x86.ActiveCfg = Debug|Any CPU
		{20D45626-3779-4FC8-A55A-1C919D95649E}.Debug|x86.Build.0 = Debug|Any CPU
		{20D45626-3779-4FC8-A55A-1C919D95649E}.Release|Any CPU.ActiveCfg = Release|Any CPU
		{20D45626-3779-4FC8-A55A-1C919D95649E}.Release|Any CPU.Build.0 = Release|Any CPU
		{20D45626-3779-4FC8-A55A-1C919D95649E}.Release|x64.ActiveCfg = Release|Any CPU
		{20D45626-3779-4FC8-A55A-1C919D95649E}.Release|x64.Build.0 = Release|Any CPU
		{20D45626-3779-4FC8-A55A-1C919D95649E}.Release|x86.ActiveCfg = Release|Any CPU
		{20D45626-3779-4FC8-A55A-1C919D95649E}.Release|x86.Build.0 = Release|Any CPU
		{EDDA5CCC-25B7-4B50-A8D7-CCB617727497}.Debug|Any CPU.ActiveCfg = Debug|Any CPU
		{EDDA5CCC-25B7-4B50-A8D7-CCB617727497}.Debug|Any CPU.Build.0 = Debug|Any CPU
		{EDDA5CCC-25B7-4B50-A8D7-CCB617727497}.Debug|x64.ActiveCfg = Debug|Any CPU
		{EDDA5CCC-25B7-4B50-A8D7-CCB617727497}.Debug|x64.Build.0 = Debug|Any CPU
		{EDDA5CCC-25B7-4B50-A8D7-CCB617727497}.Debug|x86.ActiveCfg = Debug|Any CPU
		{EDDA5CCC-25B7-4B50-A8D7-CCB617727497}.Debug|x86.Build.0 = Debug|Any CPU
		{EDDA5CCC-25B7-4B50-A8D7-CCB617727497}.Release|Any CPU.ActiveCfg = Release|Any CPU
		{EDDA5CCC-25B7-4B50-A8D7-CCB617727497}.Release|Any CPU.Build.0 = Release|Any CPU
		{EDDA5CCC-25B7-4B50-A8D7-CCB617727497}.Release|x64.ActiveCfg = Release|Any CPU
		{EDDA5CCC-25B7-4B50-A8D7-CCB617727497}.Release|x64.Build.0 = Release|Any CPU
		{EDDA5CCC-25B7-4B50-A8D7-CCB617727497}.Release|x86.ActiveCfg = Release|Any CPU
		{EDDA5CCC-25B7-4B50-A8D7-CCB617727497}.Release|x86.Build.0 = Release|Any CPU
		{67019ADF-3361-47A2-ABA7-48C730A53001}.Debug|Any CPU.ActiveCfg = Debug|Any CPU
		{67019ADF-3361-47A2-ABA7-48C730A53001}.Debug|Any CPU.Build.0 = Debug|Any CPU
		{67019ADF-3361-47A2-ABA7-48C730A53001}.Debug|x64.ActiveCfg = Debug|Any CPU
		{67019ADF-3361-47A2-ABA7-48C730A53001}.Debug|x64.Build.0 = Debug|Any CPU
		{67019ADF-3361-47A2-ABA7-48C730A53001}.Debug|x86.ActiveCfg = Debug|Any CPU
		{67019ADF-3361-47A2-ABA7-48C730A53001}.Debug|x86.Build.0 = Debug|Any CPU
		{67019ADF-3361-47A2-ABA7-48C730A53001}.Release|Any CPU.ActiveCfg = Release|Any CPU
		{67019ADF-3361-47A2-ABA7-48C730A53001}.Release|Any CPU.Build.0 = Release|Any CPU
		{67019ADF-3361-47A2-ABA7-48C730A53001}.Release|x64.ActiveCfg = Release|Any CPU
		{67019ADF-3361-47A2-ABA7-48C730A53001}.Release|x64.Build.0 = Release|Any CPU
		{67019ADF-3361-47A2-ABA7-48C730A53001}.Release|x86.ActiveCfg = Release|Any CPU
		{67019ADF-3361-47A2-ABA7-48C730A53001}.Release|x86.Build.0 = Release|Any CPU
		{506B3655-4706-42F8-87F1-FB13869AA4C1}.Debug|Any CPU.ActiveCfg = Debug|Any CPU
		{506B3655-4706-42F8-87F1-FB13869AA4C1}.Debug|Any CPU.Build.0 = Debug|Any CPU
		{506B3655-4706-42F8-87F1-FB13869AA4C1}.Debug|x64.ActiveCfg = Debug|Any CPU
		{506B3655-4706-42F8-87F1-FB13869AA4C1}.Debug|x64.Build.0 = Debug|Any CPU
		{506B3655-4706-42F8-87F1-FB13869AA4C1}.Debug|x86.ActiveCfg = Debug|Any CPU
		{506B3655-4706-42F8-87F1-FB13869AA4C1}.Debug|x86.Build.0 = Debug|Any CPU
		{506B3655-4706-42F8-87F1-FB13869AA4C1}.Release|Any CPU.ActiveCfg = Release|Any CPU
		{506B3655-4706-42F8-87F1-FB13869AA4C1}.Release|Any CPU.Build.0 = Release|Any CPU
		{506B3655-4706-42F8-87F1-FB13869AA4C1}.Release|x64.ActiveCfg = Release|Any CPU
		{506B3655-4706-42F8-87F1-FB13869AA4C1}.Release|x64.Build.0 = Release|Any CPU
		{506B3655-4706-42F8-87F1-FB13869AA4C1}.Release|x86.ActiveCfg = Release|Any CPU
		{506B3655-4706-42F8-87F1-FB13869AA4C1}.Release|x86.Build.0 = Release|Any CPU
		{EC0F3654-091A-4E1C-A16D-B11EA75A2B02}.Debug|Any CPU.ActiveCfg = Debug|Any CPU
		{EC0F3654-091A-4E1C-A16D-B11EA75A2B02}.Debug|Any CPU.Build.0 = Debug|Any CPU
		{EC0F3654-091A-4E1C-A16D-B11EA75A2B02}.Debug|x64.ActiveCfg = Debug|Any CPU
		{EC0F3654-091A-4E1C-A16D-B11EA75A2B02}.Debug|x64.Build.0 = Debug|Any CPU
		{EC0F3654-091A-4E1C-A16D-B11EA75A2B02}.Debug|x86.ActiveCfg = Debug|Any CPU
		{EC0F3654-091A-4E1C-A16D-B11EA75A2B02}.Debug|x86.Build.0 = Debug|Any CPU
		{EC0F3654-091A-4E1C-A16D-B11EA75A2B02}.Release|Any CPU.ActiveCfg = Release|Any CPU
		{EC0F3654-091A-4E1C-A16D-B11EA75A2B02}.Release|Any CPU.Build.0 = Release|Any CPU
		{EC0F3654-091A-4E1C-A16D-B11EA75A2B02}.Release|x64.ActiveCfg = Release|Any CPU
		{EC0F3654-091A-4E1C-A16D-B11EA75A2B02}.Release|x64.Build.0 = Release|Any CPU
		{EC0F3654-091A-4E1C-A16D-B11EA75A2B02}.Release|x86.ActiveCfg = Release|Any CPU
		{EC0F3654-091A-4E1C-A16D-B11EA75A2B02}.Release|x86.Build.0 = Release|Any CPU
		{773A95CE-0A1C-4629-849D-23F65D6C59E4}.Debug|Any CPU.ActiveCfg = Debug|Any CPU
		{773A95CE-0A1C-4629-849D-23F65D6C59E4}.Debug|Any CPU.Build.0 = Debug|Any CPU
		{773A95CE-0A1C-4629-849D-23F65D6C59E4}.Debug|x64.ActiveCfg = Debug|Any CPU
		{773A95CE-0A1C-4629-849D-23F65D6C59E4}.Debug|x64.Build.0 = Debug|Any CPU
		{773A95CE-0A1C-4629-849D-23F65D6C59E4}.Debug|x86.ActiveCfg = Debug|Any CPU
		{773A95CE-0A1C-4629-849D-23F65D6C59E4}.Debug|x86.Build.0 = Debug|Any CPU
		{773A95CE-0A1C-4629-849D-23F65D6C59E4}.Release|Any CPU.ActiveCfg = Release|Any CPU
		{773A95CE-0A1C-4629-849D-23F65D6C59E4}.Release|Any CPU.Build.0 = Release|Any CPU
		{773A95CE-0A1C-4629-849D-23F65D6C59E4}.Release|x64.ActiveCfg = Release|Any CPU
		{773A95CE-0A1C-4629-849D-23F65D6C59E4}.Release|x64.Build.0 = Release|Any CPU
		{773A95CE-0A1C-4629-849D-23F65D6C59E4}.Release|x86.ActiveCfg = Release|Any CPU
		{773A95CE-0A1C-4629-849D-23F65D6C59E4}.Release|x86.Build.0 = Release|Any CPU
		{012B0214-AC04-43B0-B87F-A0C1E991CA8F}.Debug|Any CPU.ActiveCfg = Debug|Any CPU
		{012B0214-AC04-43B0-B87F-A0C1E991CA8F}.Debug|Any CPU.Build.0 = Debug|Any CPU
		{012B0214-AC04-43B0-B87F-A0C1E991CA8F}.Debug|x64.ActiveCfg = Debug|Any CPU
		{012B0214-AC04-43B0-B87F-A0C1E991CA8F}.Debug|x64.Build.0 = Debug|Any CPU
		{012B0214-AC04-43B0-B87F-A0C1E991CA8F}.Debug|x86.ActiveCfg = Debug|Any CPU
		{012B0214-AC04-43B0-B87F-A0C1E991CA8F}.Debug|x86.Build.0 = Debug|Any CPU
		{012B0214-AC04-43B0-B87F-A0C1E991CA8F}.Release|Any CPU.ActiveCfg = Release|Any CPU
		{012B0214-AC04-43B0-B87F-A0C1E991CA8F}.Release|Any CPU.Build.0 = Release|Any CPU
		{012B0214-AC04-43B0-B87F-A0C1E991CA8F}.Release|x64.ActiveCfg = Release|Any CPU
		{012B0214-AC04-43B0-B87F-A0C1E991CA8F}.Release|x64.Build.0 = Release|Any CPU
		{012B0214-AC04-43B0-B87F-A0C1E991CA8F}.Release|x86.ActiveCfg = Release|Any CPU
		{012B0214-AC04-43B0-B87F-A0C1E991CA8F}.Release|x86.Build.0 = Release|Any CPU
		{B0A9F81C-CF24-4899-A069-CBF63C4483E6}.Debug|Any CPU.ActiveCfg = Debug|Any CPU
		{B0A9F81C-CF24-4899-A069-CBF63C4483E6}.Debug|Any CPU.Build.0 = Debug|Any CPU
		{B0A9F81C-CF24-4899-A069-CBF63C4483E6}.Debug|x64.ActiveCfg = Debug|Any CPU
		{B0A9F81C-CF24-4899-A069-CBF63C4483E6}.Debug|x64.Build.0 = Debug|Any CPU
		{B0A9F81C-CF24-4899-A069-CBF63C4483E6}.Debug|x86.ActiveCfg = Debug|Any CPU
		{B0A9F81C-CF24-4899-A069-CBF63C4483E6}.Debug|x86.Build.0 = Debug|Any CPU
		{B0A9F81C-CF24-4899-A069-CBF63C4483E6}.Release|Any CPU.ActiveCfg = Release|Any CPU
		{B0A9F81C-CF24-4899-A069-CBF63C4483E6}.Release|Any CPU.Build.0 = Release|Any CPU
		{B0A9F81C-CF24-4899-A069-CBF63C4483E6}.Release|x64.ActiveCfg = Release|Any CPU
		{B0A9F81C-CF24-4899-A069-CBF63C4483E6}.Release|x64.Build.0 = Release|Any CPU
		{B0A9F81C-CF24-4899-A069-CBF63C4483E6}.Release|x86.ActiveCfg = Release|Any CPU
		{B0A9F81C-CF24-4899-A069-CBF63C4483E6}.Release|x86.Build.0 = Release|Any CPU
		{CAE762CE-A933-426C-9E31-656EB66A0F9A}.Debug|Any CPU.ActiveCfg = Debug|Any CPU
		{CAE762CE-A933-426C-9E31-656EB66A0F9A}.Debug|Any CPU.Build.0 = Debug|Any CPU
		{CAE762CE-A933-426C-9E31-656EB66A0F9A}.Debug|x64.ActiveCfg = Debug|Any CPU
		{CAE762CE-A933-426C-9E31-656EB66A0F9A}.Debug|x64.Build.0 = Debug|Any CPU
		{CAE762CE-A933-426C-9E31-656EB66A0F9A}.Debug|x86.ActiveCfg = Debug|Any CPU
		{CAE762CE-A933-426C-9E31-656EB66A0F9A}.Debug|x86.Build.0 = Debug|Any CPU
		{CAE762CE-A933-426C-9E31-656EB66A0F9A}.Release|Any CPU.ActiveCfg = Release|Any CPU
		{CAE762CE-A933-426C-9E31-656EB66A0F9A}.Release|Any CPU.Build.0 = Release|Any CPU
		{CAE762CE-A933-426C-9E31-656EB66A0F9A}.Release|x64.ActiveCfg = Release|Any CPU
		{CAE762CE-A933-426C-9E31-656EB66A0F9A}.Release|x64.Build.0 = Release|Any CPU
		{CAE762CE-A933-426C-9E31-656EB66A0F9A}.Release|x86.ActiveCfg = Release|Any CPU
		{CAE762CE-A933-426C-9E31-656EB66A0F9A}.Release|x86.Build.0 = Release|Any CPU
		{1554F596-9B1C-4E35-8D9A-E9A0232790A5}.Debug|Any CPU.ActiveCfg = Debug|Any CPU
		{1554F596-9B1C-4E35-8D9A-E9A0232790A5}.Debug|Any CPU.Build.0 = Debug|Any CPU
		{1554F596-9B1C-4E35-8D9A-E9A0232790A5}.Debug|x64.ActiveCfg = Debug|Any CPU
		{1554F596-9B1C-4E35-8D9A-E9A0232790A5}.Debug|x64.Build.0 = Debug|Any CPU
		{1554F596-9B1C-4E35-8D9A-E9A0232790A5}.Debug|x86.ActiveCfg = Debug|Any CPU
		{1554F596-9B1C-4E35-8D9A-E9A0232790A5}.Debug|x86.Build.0 = Debug|Any CPU
		{1554F596-9B1C-4E35-8D9A-E9A0232790A5}.Release|Any CPU.ActiveCfg = Release|Any CPU
		{1554F596-9B1C-4E35-8D9A-E9A0232790A5}.Release|Any CPU.Build.0 = Release|Any CPU
		{1554F596-9B1C-4E35-8D9A-E9A0232790A5}.Release|x64.ActiveCfg = Release|Any CPU
		{1554F596-9B1C-4E35-8D9A-E9A0232790A5}.Release|x64.Build.0 = Release|Any CPU
		{1554F596-9B1C-4E35-8D9A-E9A0232790A5}.Release|x86.ActiveCfg = Release|Any CPU
		{1554F596-9B1C-4E35-8D9A-E9A0232790A5}.Release|x86.Build.0 = Release|Any CPU
		{56055003-FC93-4FF2-8E1E-6BE6B84D1589}.Debug|Any CPU.ActiveCfg = Debug|Any CPU
		{56055003-FC93-4FF2-8E1E-6BE6B84D1589}.Debug|Any CPU.Build.0 = Debug|Any CPU
		{56055003-FC93-4FF2-8E1E-6BE6B84D1589}.Debug|x64.ActiveCfg = Debug|Any CPU
		{56055003-FC93-4FF2-8E1E-6BE6B84D1589}.Debug|x64.Build.0 = Debug|Any CPU
		{56055003-FC93-4FF2-8E1E-6BE6B84D1589}.Debug|x86.ActiveCfg = Debug|Any CPU
		{56055003-FC93-4FF2-8E1E-6BE6B84D1589}.Debug|x86.Build.0 = Debug|Any CPU
		{56055003-FC93-4FF2-8E1E-6BE6B84D1589}.Release|Any CPU.ActiveCfg = Release|Any CPU
		{56055003-FC93-4FF2-8E1E-6BE6B84D1589}.Release|Any CPU.Build.0 = Release|Any CPU
		{56055003-FC93-4FF2-8E1E-6BE6B84D1589}.Release|x64.ActiveCfg = Release|Any CPU
		{56055003-FC93-4FF2-8E1E-6BE6B84D1589}.Release|x64.Build.0 = Release|Any CPU
		{56055003-FC93-4FF2-8E1E-6BE6B84D1589}.Release|x86.ActiveCfg = Release|Any CPU
		{56055003-FC93-4FF2-8E1E-6BE6B84D1589}.Release|x86.Build.0 = Release|Any CPU
		{177D0BDE-4141-47A5-8418-CF578106DBAA}.Debug|Any CPU.ActiveCfg = Debug|Any CPU
		{177D0BDE-4141-47A5-8418-CF578106DBAA}.Debug|x64.ActiveCfg = Debug|Any CPU
		{177D0BDE-4141-47A5-8418-CF578106DBAA}.Debug|x64.Build.0 = Debug|Any CPU
		{177D0BDE-4141-47A5-8418-CF578106DBAA}.Debug|x86.ActiveCfg = Debug|Any CPU
		{177D0BDE-4141-47A5-8418-CF578106DBAA}.Debug|x86.Build.0 = Debug|Any CPU
		{177D0BDE-4141-47A5-8418-CF578106DBAA}.Release|Any CPU.ActiveCfg = Release|Any CPU
		{177D0BDE-4141-47A5-8418-CF578106DBAA}.Release|x64.ActiveCfg = Release|Any CPU
		{177D0BDE-4141-47A5-8418-CF578106DBAA}.Release|x64.Build.0 = Release|Any CPU
		{177D0BDE-4141-47A5-8418-CF578106DBAA}.Release|x86.ActiveCfg = Release|Any CPU
		{177D0BDE-4141-47A5-8418-CF578106DBAA}.Release|x86.Build.0 = Release|Any CPU
		{0EAB226D-AA8D-4671-88CF-0F1049560535}.Debug|Any CPU.ActiveCfg = Debug|Any CPU
		{0EAB226D-AA8D-4671-88CF-0F1049560535}.Debug|Any CPU.Build.0 = Debug|Any CPU
		{0EAB226D-AA8D-4671-88CF-0F1049560535}.Debug|x64.ActiveCfg = Debug|Any CPU
		{0EAB226D-AA8D-4671-88CF-0F1049560535}.Debug|x64.Build.0 = Debug|Any CPU
		{0EAB226D-AA8D-4671-88CF-0F1049560535}.Debug|x86.ActiveCfg = Debug|Any CPU
		{0EAB226D-AA8D-4671-88CF-0F1049560535}.Debug|x86.Build.0 = Debug|Any CPU
		{0EAB226D-AA8D-4671-88CF-0F1049560535}.Release|Any CPU.ActiveCfg = Release|Any CPU
		{0EAB226D-AA8D-4671-88CF-0F1049560535}.Release|Any CPU.Build.0 = Release|Any CPU
		{0EAB226D-AA8D-4671-88CF-0F1049560535}.Release|x64.ActiveCfg = Release|Any CPU
		{0EAB226D-AA8D-4671-88CF-0F1049560535}.Release|x64.Build.0 = Release|Any CPU
		{0EAB226D-AA8D-4671-88CF-0F1049560535}.Release|x86.ActiveCfg = Release|Any CPU
		{0EAB226D-AA8D-4671-88CF-0F1049560535}.Release|x86.Build.0 = Release|Any CPU
		{D1F7D966-035F-4E29-A420-5FD1F44F6C19}.Debug|Any CPU.ActiveCfg = Debug|Any CPU
		{D1F7D966-035F-4E29-A420-5FD1F44F6C19}.Debug|Any CPU.Build.0 = Debug|Any CPU
		{D1F7D966-035F-4E29-A420-5FD1F44F6C19}.Debug|x64.ActiveCfg = Debug|Any CPU
		{D1F7D966-035F-4E29-A420-5FD1F44F6C19}.Debug|x64.Build.0 = Debug|Any CPU
		{D1F7D966-035F-4E29-A420-5FD1F44F6C19}.Debug|x86.ActiveCfg = Debug|Any CPU
		{D1F7D966-035F-4E29-A420-5FD1F44F6C19}.Debug|x86.Build.0 = Debug|Any CPU
		{D1F7D966-035F-4E29-A420-5FD1F44F6C19}.Release|Any CPU.ActiveCfg = Release|Any CPU
		{D1F7D966-035F-4E29-A420-5FD1F44F6C19}.Release|Any CPU.Build.0 = Release|Any CPU
		{D1F7D966-035F-4E29-A420-5FD1F44F6C19}.Release|x64.ActiveCfg = Release|Any CPU
		{D1F7D966-035F-4E29-A420-5FD1F44F6C19}.Release|x64.Build.0 = Release|Any CPU
		{D1F7D966-035F-4E29-A420-5FD1F44F6C19}.Release|x86.ActiveCfg = Release|Any CPU
		{D1F7D966-035F-4E29-A420-5FD1F44F6C19}.Release|x86.Build.0 = Release|Any CPU
		{3FFE283D-4233-4E63-8A27-260A8AEB353C}.Debug|Any CPU.ActiveCfg = Debug|Any CPU
		{3FFE283D-4233-4E63-8A27-260A8AEB353C}.Debug|Any CPU.Build.0 = Debug|Any CPU
		{3FFE283D-4233-4E63-8A27-260A8AEB353C}.Debug|x64.ActiveCfg = Debug|Any CPU
		{3FFE283D-4233-4E63-8A27-260A8AEB353C}.Debug|x64.Build.0 = Debug|Any CPU
		{3FFE283D-4233-4E63-8A27-260A8AEB353C}.Debug|x86.ActiveCfg = Debug|Any CPU
		{3FFE283D-4233-4E63-8A27-260A8AEB353C}.Debug|x86.Build.0 = Debug|Any CPU
		{3FFE283D-4233-4E63-8A27-260A8AEB353C}.Release|Any CPU.ActiveCfg = Release|Any CPU
		{3FFE283D-4233-4E63-8A27-260A8AEB353C}.Release|Any CPU.Build.0 = Release|Any CPU
		{3FFE283D-4233-4E63-8A27-260A8AEB353C}.Release|x64.ActiveCfg = Release|Any CPU
		{3FFE283D-4233-4E63-8A27-260A8AEB353C}.Release|x64.Build.0 = Release|Any CPU
		{3FFE283D-4233-4E63-8A27-260A8AEB353C}.Release|x86.ActiveCfg = Release|Any CPU
		{3FFE283D-4233-4E63-8A27-260A8AEB353C}.Release|x86.Build.0 = Release|Any CPU
		{A63EA00F-5648-42B0-B35A-897998F8850F}.Debug|Any CPU.ActiveCfg = Debug|Any CPU
		{A63EA00F-5648-42B0-B35A-897998F8850F}.Debug|Any CPU.Build.0 = Debug|Any CPU
		{A63EA00F-5648-42B0-B35A-897998F8850F}.Debug|x64.ActiveCfg = Debug|Any CPU
		{A63EA00F-5648-42B0-B35A-897998F8850F}.Debug|x64.Build.0 = Debug|Any CPU
		{A63EA00F-5648-42B0-B35A-897998F8850F}.Debug|x86.ActiveCfg = Debug|Any CPU
		{A63EA00F-5648-42B0-B35A-897998F8850F}.Debug|x86.Build.0 = Debug|Any CPU
		{A63EA00F-5648-42B0-B35A-897998F8850F}.Release|Any CPU.ActiveCfg = Release|Any CPU
		{A63EA00F-5648-42B0-B35A-897998F8850F}.Release|Any CPU.Build.0 = Release|Any CPU
		{A63EA00F-5648-42B0-B35A-897998F8850F}.Release|x64.ActiveCfg = Release|Any CPU
		{A63EA00F-5648-42B0-B35A-897998F8850F}.Release|x64.Build.0 = Release|Any CPU
		{A63EA00F-5648-42B0-B35A-897998F8850F}.Release|x86.ActiveCfg = Release|Any CPU
		{A63EA00F-5648-42B0-B35A-897998F8850F}.Release|x86.Build.0 = Release|Any CPU
		{D55BD0A1-1610-4135-8516-239EC6E3F1F5}.Debug|Any CPU.ActiveCfg = Debug|Any CPU
		{D55BD0A1-1610-4135-8516-239EC6E3F1F5}.Debug|Any CPU.Build.0 = Debug|Any CPU
		{D55BD0A1-1610-4135-8516-239EC6E3F1F5}.Debug|x64.ActiveCfg = Debug|Any CPU
		{D55BD0A1-1610-4135-8516-239EC6E3F1F5}.Debug|x64.Build.0 = Debug|Any CPU
		{D55BD0A1-1610-4135-8516-239EC6E3F1F5}.Debug|x86.ActiveCfg = Debug|Any CPU
		{D55BD0A1-1610-4135-8516-239EC6E3F1F5}.Debug|x86.Build.0 = Debug|Any CPU
		{D55BD0A1-1610-4135-8516-239EC6E3F1F5}.Release|Any CPU.ActiveCfg = Release|Any CPU
		{D55BD0A1-1610-4135-8516-239EC6E3F1F5}.Release|Any CPU.Build.0 = Release|Any CPU
		{D55BD0A1-1610-4135-8516-239EC6E3F1F5}.Release|x64.ActiveCfg = Release|Any CPU
		{D55BD0A1-1610-4135-8516-239EC6E3F1F5}.Release|x64.Build.0 = Release|Any CPU
		{D55BD0A1-1610-4135-8516-239EC6E3F1F5}.Release|x86.ActiveCfg = Release|Any CPU
		{D55BD0A1-1610-4135-8516-239EC6E3F1F5}.Release|x86.Build.0 = Release|Any CPU
		{E5011DD5-16C5-4CD0-ADA3-D783F11C7C61}.Debug|Any CPU.ActiveCfg = Debug|Any CPU
		{E5011DD5-16C5-4CD0-ADA3-D783F11C7C61}.Debug|Any CPU.Build.0 = Debug|Any CPU
		{E5011DD5-16C5-4CD0-ADA3-D783F11C7C61}.Debug|x64.ActiveCfg = Debug|Any CPU
		{E5011DD5-16C5-4CD0-ADA3-D783F11C7C61}.Debug|x64.Build.0 = Debug|Any CPU
		{E5011DD5-16C5-4CD0-ADA3-D783F11C7C61}.Debug|x86.ActiveCfg = Debug|Any CPU
		{E5011DD5-16C5-4CD0-ADA3-D783F11C7C61}.Debug|x86.Build.0 = Debug|Any CPU
		{E5011DD5-16C5-4CD0-ADA3-D783F11C7C61}.Release|Any CPU.ActiveCfg = Release|Any CPU
		{E5011DD5-16C5-4CD0-ADA3-D783F11C7C61}.Release|Any CPU.Build.0 = Release|Any CPU
		{E5011DD5-16C5-4CD0-ADA3-D783F11C7C61}.Release|x64.ActiveCfg = Release|Any CPU
		{E5011DD5-16C5-4CD0-ADA3-D783F11C7C61}.Release|x64.Build.0 = Release|Any CPU
		{E5011DD5-16C5-4CD0-ADA3-D783F11C7C61}.Release|x86.ActiveCfg = Release|Any CPU
		{E5011DD5-16C5-4CD0-ADA3-D783F11C7C61}.Release|x86.Build.0 = Release|Any CPU
		{DA81F383-7154-4061-9EAC-1F841AF9B277}.Debug|Any CPU.ActiveCfg = Debug|Any CPU
		{DA81F383-7154-4061-9EAC-1F841AF9B277}.Debug|Any CPU.Build.0 = Debug|Any CPU
		{DA81F383-7154-4061-9EAC-1F841AF9B277}.Debug|x64.ActiveCfg = Debug|Any CPU
		{DA81F383-7154-4061-9EAC-1F841AF9B277}.Debug|x64.Build.0 = Debug|Any CPU
		{DA81F383-7154-4061-9EAC-1F841AF9B277}.Debug|x86.ActiveCfg = Debug|Any CPU
		{DA81F383-7154-4061-9EAC-1F841AF9B277}.Debug|x86.Build.0 = Debug|Any CPU
		{DA81F383-7154-4061-9EAC-1F841AF9B277}.Release|Any CPU.ActiveCfg = Release|Any CPU
		{DA81F383-7154-4061-9EAC-1F841AF9B277}.Release|Any CPU.Build.0 = Release|Any CPU
		{DA81F383-7154-4061-9EAC-1F841AF9B277}.Release|x64.ActiveCfg = Release|Any CPU
		{DA81F383-7154-4061-9EAC-1F841AF9B277}.Release|x64.Build.0 = Release|Any CPU
		{DA81F383-7154-4061-9EAC-1F841AF9B277}.Release|x86.ActiveCfg = Release|Any CPU
		{DA81F383-7154-4061-9EAC-1F841AF9B277}.Release|x86.Build.0 = Release|Any CPU
		{C9A6722B-F13A-4C7A-B389-9958B2ABFB27}.Debug|Any CPU.ActiveCfg = Debug|Any CPU
		{C9A6722B-F13A-4C7A-B389-9958B2ABFB27}.Debug|Any CPU.Build.0 = Debug|Any CPU
		{C9A6722B-F13A-4C7A-B389-9958B2ABFB27}.Debug|x64.ActiveCfg = Debug|Any CPU
		{C9A6722B-F13A-4C7A-B389-9958B2ABFB27}.Debug|x64.Build.0 = Debug|Any CPU
		{C9A6722B-F13A-4C7A-B389-9958B2ABFB27}.Debug|x86.ActiveCfg = Debug|Any CPU
		{C9A6722B-F13A-4C7A-B389-9958B2ABFB27}.Debug|x86.Build.0 = Debug|Any CPU
		{C9A6722B-F13A-4C7A-B389-9958B2ABFB27}.Release|Any CPU.ActiveCfg = Release|Any CPU
		{C9A6722B-F13A-4C7A-B389-9958B2ABFB27}.Release|Any CPU.Build.0 = Release|Any CPU
		{C9A6722B-F13A-4C7A-B389-9958B2ABFB27}.Release|x64.ActiveCfg = Release|Any CPU
		{C9A6722B-F13A-4C7A-B389-9958B2ABFB27}.Release|x64.Build.0 = Release|Any CPU
		{C9A6722B-F13A-4C7A-B389-9958B2ABFB27}.Release|x86.ActiveCfg = Release|Any CPU
		{C9A6722B-F13A-4C7A-B389-9958B2ABFB27}.Release|x86.Build.0 = Release|Any CPU
		{B06CF99E-314F-485B-9E0D-5289147D5552}.Debug|Any CPU.ActiveCfg = Debug|Any CPU
		{B06CF99E-314F-485B-9E0D-5289147D5552}.Debug|Any CPU.Build.0 = Debug|Any CPU
		{B06CF99E-314F-485B-9E0D-5289147D5552}.Debug|x64.ActiveCfg = Debug|Any CPU
		{B06CF99E-314F-485B-9E0D-5289147D5552}.Debug|x64.Build.0 = Debug|Any CPU
		{B06CF99E-314F-485B-9E0D-5289147D5552}.Debug|x86.ActiveCfg = Debug|Any CPU
		{B06CF99E-314F-485B-9E0D-5289147D5552}.Debug|x86.Build.0 = Debug|Any CPU
		{B06CF99E-314F-485B-9E0D-5289147D5552}.Release|Any CPU.ActiveCfg = Release|Any CPU
		{B06CF99E-314F-485B-9E0D-5289147D5552}.Release|Any CPU.Build.0 = Release|Any CPU
		{B06CF99E-314F-485B-9E0D-5289147D5552}.Release|x64.ActiveCfg = Release|Any CPU
		{B06CF99E-314F-485B-9E0D-5289147D5552}.Release|x64.Build.0 = Release|Any CPU
		{B06CF99E-314F-485B-9E0D-5289147D5552}.Release|x86.ActiveCfg = Release|Any CPU
		{B06CF99E-314F-485B-9E0D-5289147D5552}.Release|x86.Build.0 = Release|Any CPU
		{4803AE0C-1A06-4FC5-9BE7-6AFFC943EE7C}.Debug|Any CPU.ActiveCfg = Debug|Any CPU
		{4803AE0C-1A06-4FC5-9BE7-6AFFC943EE7C}.Debug|Any CPU.Build.0 = Debug|Any CPU
		{4803AE0C-1A06-4FC5-9BE7-6AFFC943EE7C}.Debug|x64.ActiveCfg = Debug|Any CPU
		{4803AE0C-1A06-4FC5-9BE7-6AFFC943EE7C}.Debug|x64.Build.0 = Debug|Any CPU
		{4803AE0C-1A06-4FC5-9BE7-6AFFC943EE7C}.Debug|x86.ActiveCfg = Debug|Any CPU
		{4803AE0C-1A06-4FC5-9BE7-6AFFC943EE7C}.Debug|x86.Build.0 = Debug|Any CPU
		{4803AE0C-1A06-4FC5-9BE7-6AFFC943EE7C}.Release|Any CPU.ActiveCfg = Release|Any CPU
		{4803AE0C-1A06-4FC5-9BE7-6AFFC943EE7C}.Release|Any CPU.Build.0 = Release|Any CPU
		{4803AE0C-1A06-4FC5-9BE7-6AFFC943EE7C}.Release|x64.ActiveCfg = Release|Any CPU
		{4803AE0C-1A06-4FC5-9BE7-6AFFC943EE7C}.Release|x64.Build.0 = Release|Any CPU
		{4803AE0C-1A06-4FC5-9BE7-6AFFC943EE7C}.Release|x86.ActiveCfg = Release|Any CPU
		{4803AE0C-1A06-4FC5-9BE7-6AFFC943EE7C}.Release|x86.Build.0 = Release|Any CPU
		{CA3F294B-9C66-433F-84B3-D27CE3AB40F1}.Debug|Any CPU.ActiveCfg = Debug|Any CPU
		{CA3F294B-9C66-433F-84B3-D27CE3AB40F1}.Debug|Any CPU.Build.0 = Debug|Any CPU
		{CA3F294B-9C66-433F-84B3-D27CE3AB40F1}.Debug|x64.ActiveCfg = Debug|Any CPU
		{CA3F294B-9C66-433F-84B3-D27CE3AB40F1}.Debug|x64.Build.0 = Debug|Any CPU
		{CA3F294B-9C66-433F-84B3-D27CE3AB40F1}.Debug|x86.ActiveCfg = Debug|Any CPU
		{CA3F294B-9C66-433F-84B3-D27CE3AB40F1}.Debug|x86.Build.0 = Debug|Any CPU
		{CA3F294B-9C66-433F-84B3-D27CE3AB40F1}.Release|Any CPU.ActiveCfg = Release|Any CPU
		{CA3F294B-9C66-433F-84B3-D27CE3AB40F1}.Release|Any CPU.Build.0 = Release|Any CPU
		{CA3F294B-9C66-433F-84B3-D27CE3AB40F1}.Release|x64.ActiveCfg = Release|Any CPU
		{CA3F294B-9C66-433F-84B3-D27CE3AB40F1}.Release|x64.Build.0 = Release|Any CPU
		{CA3F294B-9C66-433F-84B3-D27CE3AB40F1}.Release|x86.ActiveCfg = Release|Any CPU
		{CA3F294B-9C66-433F-84B3-D27CE3AB40F1}.Release|x86.Build.0 = Release|Any CPU
		{C9D6ED82-ABF9-4585-AA7C-B49FE0BF8EB9}.Debug|Any CPU.ActiveCfg = Debug|Any CPU
		{C9D6ED82-ABF9-4585-AA7C-B49FE0BF8EB9}.Debug|Any CPU.Build.0 = Debug|Any CPU
		{C9D6ED82-ABF9-4585-AA7C-B49FE0BF8EB9}.Debug|x64.ActiveCfg = Debug|Any CPU
		{C9D6ED82-ABF9-4585-AA7C-B49FE0BF8EB9}.Debug|x64.Build.0 = Debug|Any CPU
		{C9D6ED82-ABF9-4585-AA7C-B49FE0BF8EB9}.Debug|x86.ActiveCfg = Debug|Any CPU
		{C9D6ED82-ABF9-4585-AA7C-B49FE0BF8EB9}.Debug|x86.Build.0 = Debug|Any CPU
		{C9D6ED82-ABF9-4585-AA7C-B49FE0BF8EB9}.Release|Any CPU.ActiveCfg = Release|Any CPU
		{C9D6ED82-ABF9-4585-AA7C-B49FE0BF8EB9}.Release|Any CPU.Build.0 = Release|Any CPU
		{C9D6ED82-ABF9-4585-AA7C-B49FE0BF8EB9}.Release|x64.ActiveCfg = Release|Any CPU
		{C9D6ED82-ABF9-4585-AA7C-B49FE0BF8EB9}.Release|x64.Build.0 = Release|Any CPU
		{C9D6ED82-ABF9-4585-AA7C-B49FE0BF8EB9}.Release|x86.ActiveCfg = Release|Any CPU
		{C9D6ED82-ABF9-4585-AA7C-B49FE0BF8EB9}.Release|x86.Build.0 = Release|Any CPU
		{1386E2B2-D67A-4033-8DD0-1CA3D7466A90}.Debug|Any CPU.ActiveCfg = Debug|Any CPU
		{1386E2B2-D67A-4033-8DD0-1CA3D7466A90}.Debug|x64.ActiveCfg = Debug|Any CPU
		{1386E2B2-D67A-4033-8DD0-1CA3D7466A90}.Debug|x64.Build.0 = Debug|Any CPU
		{1386E2B2-D67A-4033-8DD0-1CA3D7466A90}.Debug|x86.ActiveCfg = Debug|Any CPU
		{1386E2B2-D67A-4033-8DD0-1CA3D7466A90}.Debug|x86.Build.0 = Debug|Any CPU
		{1386E2B2-D67A-4033-8DD0-1CA3D7466A90}.Release|Any CPU.ActiveCfg = Release|Any CPU
		{1386E2B2-D67A-4033-8DD0-1CA3D7466A90}.Release|x64.ActiveCfg = Release|Any CPU
		{1386E2B2-D67A-4033-8DD0-1CA3D7466A90}.Release|x64.Build.0 = Release|Any CPU
		{1386E2B2-D67A-4033-8DD0-1CA3D7466A90}.Release|x86.ActiveCfg = Release|Any CPU
		{1386E2B2-D67A-4033-8DD0-1CA3D7466A90}.Release|x86.Build.0 = Release|Any CPU
		{B551E073-CC82-4B4E-ABA5-A183C949496D}.Debug|Any CPU.ActiveCfg = Debug|Any CPU
		{B551E073-CC82-4B4E-ABA5-A183C949496D}.Debug|Any CPU.Build.0 = Debug|Any CPU
		{B551E073-CC82-4B4E-ABA5-A183C949496D}.Debug|x64.ActiveCfg = Debug|Any CPU
		{B551E073-CC82-4B4E-ABA5-A183C949496D}.Debug|x64.Build.0 = Debug|Any CPU
		{B551E073-CC82-4B4E-ABA5-A183C949496D}.Debug|x86.ActiveCfg = Debug|Any CPU
		{B551E073-CC82-4B4E-ABA5-A183C949496D}.Debug|x86.Build.0 = Debug|Any CPU
		{B551E073-CC82-4B4E-ABA5-A183C949496D}.Release|Any CPU.ActiveCfg = Release|Any CPU
		{B551E073-CC82-4B4E-ABA5-A183C949496D}.Release|Any CPU.Build.0 = Release|Any CPU
		{B551E073-CC82-4B4E-ABA5-A183C949496D}.Release|x64.ActiveCfg = Release|Any CPU
		{B551E073-CC82-4B4E-ABA5-A183C949496D}.Release|x64.Build.0 = Release|Any CPU
		{B551E073-CC82-4B4E-ABA5-A183C949496D}.Release|x86.ActiveCfg = Release|Any CPU
		{B551E073-CC82-4B4E-ABA5-A183C949496D}.Release|x86.Build.0 = Release|Any CPU
		{C61C88B0-306F-4C54-A372-80CB97124504}.Debug|Any CPU.ActiveCfg = Debug|Any CPU
		{C61C88B0-306F-4C54-A372-80CB97124504}.Debug|Any CPU.Build.0 = Debug|Any CPU
		{C61C88B0-306F-4C54-A372-80CB97124504}.Debug|x64.ActiveCfg = Debug|Any CPU
		{C61C88B0-306F-4C54-A372-80CB97124504}.Debug|x64.Build.0 = Debug|Any CPU
		{C61C88B0-306F-4C54-A372-80CB97124504}.Debug|x86.ActiveCfg = Debug|Any CPU
		{C61C88B0-306F-4C54-A372-80CB97124504}.Debug|x86.Build.0 = Debug|Any CPU
		{C61C88B0-306F-4C54-A372-80CB97124504}.Release|Any CPU.ActiveCfg = Release|Any CPU
		{C61C88B0-306F-4C54-A372-80CB97124504}.Release|Any CPU.Build.0 = Release|Any CPU
		{C61C88B0-306F-4C54-A372-80CB97124504}.Release|x64.ActiveCfg = Release|Any CPU
		{C61C88B0-306F-4C54-A372-80CB97124504}.Release|x64.Build.0 = Release|Any CPU
		{C61C88B0-306F-4C54-A372-80CB97124504}.Release|x86.ActiveCfg = Release|Any CPU
		{C61C88B0-306F-4C54-A372-80CB97124504}.Release|x86.Build.0 = Release|Any CPU
		{A589C230-DDBE-42B2-B54E-3D0139CE853D}.Debug|Any CPU.ActiveCfg = Debug|Any CPU
		{A589C230-DDBE-42B2-B54E-3D0139CE853D}.Debug|Any CPU.Build.0 = Debug|Any CPU
		{A589C230-DDBE-42B2-B54E-3D0139CE853D}.Debug|x64.ActiveCfg = Debug|Any CPU
		{A589C230-DDBE-42B2-B54E-3D0139CE853D}.Debug|x64.Build.0 = Debug|Any CPU
		{A589C230-DDBE-42B2-B54E-3D0139CE853D}.Debug|x86.ActiveCfg = Debug|Any CPU
		{A589C230-DDBE-42B2-B54E-3D0139CE853D}.Debug|x86.Build.0 = Debug|Any CPU
		{A589C230-DDBE-42B2-B54E-3D0139CE853D}.Release|Any CPU.ActiveCfg = Release|Any CPU
		{A589C230-DDBE-42B2-B54E-3D0139CE853D}.Release|Any CPU.Build.0 = Release|Any CPU
		{A589C230-DDBE-42B2-B54E-3D0139CE853D}.Release|x64.ActiveCfg = Release|Any CPU
		{A589C230-DDBE-42B2-B54E-3D0139CE853D}.Release|x64.Build.0 = Release|Any CPU
		{A589C230-DDBE-42B2-B54E-3D0139CE853D}.Release|x86.ActiveCfg = Release|Any CPU
		{A589C230-DDBE-42B2-B54E-3D0139CE853D}.Release|x86.Build.0 = Release|Any CPU
		{3A0E4F1A-92B5-487F-9C92-A80102600B81}.Debug|Any CPU.ActiveCfg = Debug|Any CPU
		{3A0E4F1A-92B5-487F-9C92-A80102600B81}.Debug|Any CPU.Build.0 = Debug|Any CPU
		{3A0E4F1A-92B5-487F-9C92-A80102600B81}.Debug|x64.ActiveCfg = Debug|Any CPU
		{3A0E4F1A-92B5-487F-9C92-A80102600B81}.Debug|x64.Build.0 = Debug|Any CPU
		{3A0E4F1A-92B5-487F-9C92-A80102600B81}.Debug|x86.ActiveCfg = Debug|Any CPU
		{3A0E4F1A-92B5-487F-9C92-A80102600B81}.Debug|x86.Build.0 = Debug|Any CPU
		{3A0E4F1A-92B5-487F-9C92-A80102600B81}.Release|Any CPU.ActiveCfg = Release|Any CPU
		{3A0E4F1A-92B5-487F-9C92-A80102600B81}.Release|Any CPU.Build.0 = Release|Any CPU
		{3A0E4F1A-92B5-487F-9C92-A80102600B81}.Release|x64.ActiveCfg = Release|Any CPU
		{3A0E4F1A-92B5-487F-9C92-A80102600B81}.Release|x64.Build.0 = Release|Any CPU
		{3A0E4F1A-92B5-487F-9C92-A80102600B81}.Release|x86.ActiveCfg = Release|Any CPU
		{3A0E4F1A-92B5-487F-9C92-A80102600B81}.Release|x86.Build.0 = Release|Any CPU
		{829D7FF8-518C-4844-B3E0-DC8FFE091775}.Debug|Any CPU.ActiveCfg = Debug|Any CPU
		{829D7FF8-518C-4844-B3E0-DC8FFE091775}.Debug|Any CPU.Build.0 = Debug|Any CPU
		{829D7FF8-518C-4844-B3E0-DC8FFE091775}.Debug|x64.ActiveCfg = Debug|Any CPU
		{829D7FF8-518C-4844-B3E0-DC8FFE091775}.Debug|x64.Build.0 = Debug|Any CPU
		{829D7FF8-518C-4844-B3E0-DC8FFE091775}.Debug|x86.ActiveCfg = Debug|Any CPU
		{829D7FF8-518C-4844-B3E0-DC8FFE091775}.Debug|x86.Build.0 = Debug|Any CPU
		{829D7FF8-518C-4844-B3E0-DC8FFE091775}.Release|Any CPU.ActiveCfg = Release|Any CPU
		{829D7FF8-518C-4844-B3E0-DC8FFE091775}.Release|Any CPU.Build.0 = Release|Any CPU
		{829D7FF8-518C-4844-B3E0-DC8FFE091775}.Release|x64.ActiveCfg = Release|Any CPU
		{829D7FF8-518C-4844-B3E0-DC8FFE091775}.Release|x64.Build.0 = Release|Any CPU
		{829D7FF8-518C-4844-B3E0-DC8FFE091775}.Release|x86.ActiveCfg = Release|Any CPU
		{829D7FF8-518C-4844-B3E0-DC8FFE091775}.Release|x86.Build.0 = Release|Any CPU
		{7A762E12-0F04-4B0B-A8A4-D888CCD74B28}.Debug|Any CPU.ActiveCfg = Debug|Any CPU
		{7A762E12-0F04-4B0B-A8A4-D888CCD74B28}.Debug|Any CPU.Build.0 = Debug|Any CPU
		{7A762E12-0F04-4B0B-A8A4-D888CCD74B28}.Debug|x64.ActiveCfg = Debug|Any CPU
		{7A762E12-0F04-4B0B-A8A4-D888CCD74B28}.Debug|x64.Build.0 = Debug|Any CPU
		{7A762E12-0F04-4B0B-A8A4-D888CCD74B28}.Debug|x86.ActiveCfg = Debug|Any CPU
		{7A762E12-0F04-4B0B-A8A4-D888CCD74B28}.Debug|x86.Build.0 = Debug|Any CPU
		{7A762E12-0F04-4B0B-A8A4-D888CCD74B28}.Release|Any CPU.ActiveCfg = Release|Any CPU
		{7A762E12-0F04-4B0B-A8A4-D888CCD74B28}.Release|Any CPU.Build.0 = Release|Any CPU
		{7A762E12-0F04-4B0B-A8A4-D888CCD74B28}.Release|x64.ActiveCfg = Release|Any CPU
		{7A762E12-0F04-4B0B-A8A4-D888CCD74B28}.Release|x64.Build.0 = Release|Any CPU
		{7A762E12-0F04-4B0B-A8A4-D888CCD74B28}.Release|x86.ActiveCfg = Release|Any CPU
		{7A762E12-0F04-4B0B-A8A4-D888CCD74B28}.Release|x86.Build.0 = Release|Any CPU
		{73F74F27-6F16-4A46-81FC-F959EA6F1AD7}.Debug|Any CPU.ActiveCfg = Debug|Any CPU
		{73F74F27-6F16-4A46-81FC-F959EA6F1AD7}.Debug|Any CPU.Build.0 = Debug|Any CPU
		{73F74F27-6F16-4A46-81FC-F959EA6F1AD7}.Debug|x64.ActiveCfg = Debug|Any CPU
		{73F74F27-6F16-4A46-81FC-F959EA6F1AD7}.Debug|x64.Build.0 = Debug|Any CPU
		{73F74F27-6F16-4A46-81FC-F959EA6F1AD7}.Debug|x86.ActiveCfg = Debug|Any CPU
		{73F74F27-6F16-4A46-81FC-F959EA6F1AD7}.Debug|x86.Build.0 = Debug|Any CPU
		{73F74F27-6F16-4A46-81FC-F959EA6F1AD7}.Release|Any CPU.ActiveCfg = Release|Any CPU
		{73F74F27-6F16-4A46-81FC-F959EA6F1AD7}.Release|Any CPU.Build.0 = Release|Any CPU
		{73F74F27-6F16-4A46-81FC-F959EA6F1AD7}.Release|x64.ActiveCfg = Release|Any CPU
		{73F74F27-6F16-4A46-81FC-F959EA6F1AD7}.Release|x64.Build.0 = Release|Any CPU
		{73F74F27-6F16-4A46-81FC-F959EA6F1AD7}.Release|x86.ActiveCfg = Release|Any CPU
		{73F74F27-6F16-4A46-81FC-F959EA6F1AD7}.Release|x86.Build.0 = Release|Any CPU
		{A65DC15A-E0DA-4D33-ADBB-B1BCC0758873}.Debug|Any CPU.ActiveCfg = Debug|Any CPU
		{A65DC15A-E0DA-4D33-ADBB-B1BCC0758873}.Debug|Any CPU.Build.0 = Debug|Any CPU
		{A65DC15A-E0DA-4D33-ADBB-B1BCC0758873}.Debug|x64.ActiveCfg = Debug|Any CPU
		{A65DC15A-E0DA-4D33-ADBB-B1BCC0758873}.Debug|x64.Build.0 = Debug|Any CPU
		{A65DC15A-E0DA-4D33-ADBB-B1BCC0758873}.Debug|x86.ActiveCfg = Debug|Any CPU
		{A65DC15A-E0DA-4D33-ADBB-B1BCC0758873}.Debug|x86.Build.0 = Debug|Any CPU
		{A65DC15A-E0DA-4D33-ADBB-B1BCC0758873}.Release|Any CPU.ActiveCfg = Release|Any CPU
		{A65DC15A-E0DA-4D33-ADBB-B1BCC0758873}.Release|Any CPU.Build.0 = Release|Any CPU
		{A65DC15A-E0DA-4D33-ADBB-B1BCC0758873}.Release|x64.ActiveCfg = Release|Any CPU
		{A65DC15A-E0DA-4D33-ADBB-B1BCC0758873}.Release|x64.Build.0 = Release|Any CPU
		{A65DC15A-E0DA-4D33-ADBB-B1BCC0758873}.Release|x86.ActiveCfg = Release|Any CPU
		{A65DC15A-E0DA-4D33-ADBB-B1BCC0758873}.Release|x86.Build.0 = Release|Any CPU
	EndGlobalSection
	GlobalSection(SolutionProperties) = preSolution
		HideSolutionNode = FALSE
	EndGlobalSection
	GlobalSection(NestedProjects) = preSolution
		{D3CFFBA9-C232-4C8D-BACD-5A30DED686D2} = {BA9FB078-79D3-4580-86BF-EABB45C96ACD}
		{2C2B4FDF-FF87-49B5-8080-DA8A5715710A} = {7AF2EEE1-1C56-4B92-9BF6-46B625F1AE1E}
		{98E79B80-3176-4CAD-B7BA-B5CAA6752FAB} = {7AF2EEE1-1C56-4B92-9BF6-46B625F1AE1E}
		{153006DA-1F99-4D33-B490-D3A87E7DFD03} = {7AF2EEE1-1C56-4B92-9BF6-46B625F1AE1E}
		{1389B99F-FF39-4671-9789-D2E1AA91527C} = {7AF2EEE1-1C56-4B92-9BF6-46B625F1AE1E}
		{20D45626-3779-4FC8-A55A-1C919D95649E} = {7AF2EEE1-1C56-4B92-9BF6-46B625F1AE1E}
		{EDDA5CCC-25B7-4B50-A8D7-CCB617727497} = {FDBA4F26-82FF-4942-BAE8-DB213EBA9738}
		{67019ADF-3361-47A2-ABA7-48C730A53001} = {1CECFCEF-507F-4E26-B5B3-15D4FD81FA41}
		{506B3655-4706-42F8-87F1-FB13869AA4C1} = {87DDE9BC-6E58-48FB-ACDC-247532740169}
		{EC0F3654-091A-4E1C-A16D-B11EA75A2B02} = {87DDE9BC-6E58-48FB-ACDC-247532740169}
		{B3B5DE98-39A9-4F1C-AE1B-B7ADB288EEFC} = {C61148FE-6ABF-42AA-87C9-40C59D283EB6}
		{69620474-8D77-47F0-8440-C4C6830B4899} = {C61148FE-6ABF-42AA-87C9-40C59D283EB6}
		{773A95CE-0A1C-4629-849D-23F65D6C59E4} = {B3B5DE98-39A9-4F1C-AE1B-B7ADB288EEFC}
		{012B0214-AC04-43B0-B87F-A0C1E991CA8F} = {69620474-8D77-47F0-8440-C4C6830B4899}
		{B0A9F81C-CF24-4899-A069-CBF63C4483E6} = {87DDE9BC-6E58-48FB-ACDC-247532740169}
		{CAE762CE-A933-426C-9E31-656EB66A0F9A} = {B3B5DE98-39A9-4F1C-AE1B-B7ADB288EEFC}
		{1554F596-9B1C-4E35-8D9A-E9A0232790A5} = {E847F100-CE7C-4890-B4C3-314F8A0A62A0}
		{56055003-FC93-4FF2-8E1E-6BE6B84D1589} = {E847F100-CE7C-4890-B4C3-314F8A0A62A0}
		{177D0BDE-4141-47A5-8418-CF578106DBAA} = {BADAA79A-4E3D-4C46-BB6F-0040221AA099}
		{0EAB226D-AA8D-4671-88CF-0F1049560535} = {1F8738A3-124F-4671-B5C1-8CE17B2B133C}
		{D1F7D966-035F-4E29-A420-5FD1F44F6C19} = {1F8738A3-124F-4671-B5C1-8CE17B2B133C}
		{3FFE283D-4233-4E63-8A27-260A8AEB353C} = {FDBA4F26-82FF-4942-BAE8-DB213EBA9738}
		{210E189B-908C-434F-A689-DCC1619D2649} = {C61148FE-6ABF-42AA-87C9-40C59D283EB6}
		{A63EA00F-5648-42B0-B35A-897998F8850F} = {210E189B-908C-434F-A689-DCC1619D2649}
		{D55BD0A1-1610-4135-8516-239EC6E3F1F5} = {E847F100-CE7C-4890-B4C3-314F8A0A62A0}
		{E5011DD5-16C5-4CD0-ADA3-D783F11C7C61} = {210E189B-908C-434F-A689-DCC1619D2649}
		{6D656558-A6D4-4D6F-ADBF-BB84231BB5FB} = {C61148FE-6ABF-42AA-87C9-40C59D283EB6}
		{DA81F383-7154-4061-9EAC-1F841AF9B277} = {6D656558-A6D4-4D6F-ADBF-BB84231BB5FB}
		{C9A6722B-F13A-4C7A-B389-9958B2ABFB27} = {87DDE9BC-6E58-48FB-ACDC-247532740169}
		{B06CF99E-314F-485B-9E0D-5289147D5552} = {89F97BB0-6400-4A9E-A077-D195FF5BE4C5}
		{4803AE0C-1A06-4FC5-9BE7-6AFFC943EE7C} = {92F03EAB-C3E9-4923-9A1F-EC3FDFFCBB93}
		{CA3F294B-9C66-433F-84B3-D27CE3AB40F1} = {92F03EAB-C3E9-4923-9A1F-EC3FDFFCBB93}
		{C9D6ED82-ABF9-4585-AA7C-B49FE0BF8EB9} = {0547AB8B-343F-4C88-99F1-A710DB0CCDD2}
		{1386E2B2-D67A-4033-8DD0-1CA3D7466A90} = {B509088D-4C7E-4955-9FB3-6D607143FFEB}
		{B551E073-CC82-4B4E-ABA5-A183C949496D} = {0547AB8B-343F-4C88-99F1-A710DB0CCDD2}
		{C61C88B0-306F-4C54-A372-80CB97124504} = {92F03EAB-C3E9-4923-9A1F-EC3FDFFCBB93}
		{A589C230-DDBE-42B2-B54E-3D0139CE853D} = {92F03EAB-C3E9-4923-9A1F-EC3FDFFCBB93}
		{0547AB8B-343F-4C88-99F1-A710DB0CCDD2} = {1CECFCEF-507F-4E26-B5B3-15D4FD81FA41}
		{3A0E4F1A-92B5-487F-9C92-A80102600B81} = {9893588C-49A7-42B9-95C7-624E5852941B}
		{829D7FF8-518C-4844-B3E0-DC8FFE091775} = {636F7B60-42CF-48D7-A2EF-0B0A3850DF63}
		{7A762E12-0F04-4B0B-A8A4-D888CCD74B28} = {E14118AA-A9B0-484D-84D2-3276A4A7B4D9}
		{73F74F27-6F16-4A46-81FC-F959EA6F1AD7} = {FDBA4F26-82FF-4942-BAE8-DB213EBA9738}
		{A65DC15A-E0DA-4D33-ADBB-B1BCC0758873} = {FDBA4F26-82FF-4942-BAE8-DB213EBA9738}
	EndGlobalSection
	GlobalSection(ExtensibilityGlobals) = postSolution
		SolutionGuid = {2D40073F-3D0F-47FC-B9C7-D3E192D6D6DE}
	EndGlobalSection
EndGlobal
