
Microsoft Visual Studio Solution File, Format Version 12.00
# Visual Studio 14
VisualStudioVersion = 14.0.25420.1
MinimumVisualStudioVersion = 10.0.40219.1
Project("{FAE04EC0-301F-11D3-BF4B-00C04F79EFBC}") = "ControlU", "ControlU\ControlU.csproj", "{AC02473D-87E7-4F55-81E7-43A953F7BCF5}"
EndProject
Project("{FAE04EC0-301F-11D3-BF4B-00C04F79EFBC}") = "MapControl", "..\Rel_v3\MapControl\MapControl.csproj", "{53C9EA7E-D66A-4E17-B54D-E6E0B3947EFA}"
EndProject
Project("{FAE04EC0-301F-11D3-BF4B-00C04F79EFBC}") = "SharpGL.WPF", "..\sharpgl-master\source\SharpGL\Core\SharpGL.WPF\SharpGL.WPF.csproj", "{53E67055-13D2-4467-BB57-79589AFAC2CD}"
EndProject
Project("{FAE04EC0-301F-11D3-BF4B-00C04F79EFBC}") = "SharpGL.SceneGraph", "..\sharpgl-master\source\SharpGL\Core\SharpGL.SceneGraph\SharpGL.SceneGraph.csproj", "{47BCAA39-EDAD-4404-B6BD-4742B0ABB523}"
EndProject
Project("{FAE04EC0-301F-11D3-BF4B-00C04F79EFBC}") = "SharpGL", "..\sharpgl-master\source\SharpGL\Core\SharpGL\SharpGL.csproj", "{5EF45533-E2C7-46F2-B4A3-B8F36CD406E0}"
EndProject
Project("{2150E333-8FDC-42A3-9474-1A3956D46DE8}") = "ATDI", "ATDI", "{901E9B4A-9239-4A50-AEB2-1D4B3795CCD7}"
EndProject
Project("{FAE04EC0-301F-11D3-BF4B-00C04F79EFBC}") = "Atdi.Api.Sdrn.Device.BusController", "..\---==ATDI==---\API_v2\Atdi.Api.Sdrn.Device.BusController\Atdi.Api.Sdrn.Device.BusController.csproj", "{09E46AA5-52C9-4D38-A86B-A26BC7846A75}"
EndProject
Project("{FAE04EC0-301F-11D3-BF4B-00C04F79EFBC}") = "Atdi.Contracts.Api.Sdrn.MessageBus", "..\---==ATDI==---\API_v2\Atdi.Contracts.Api.Sdrn.MessageBus\Atdi.Contracts.Api.Sdrn.MessageBus.csproj", "{CC08C3FA-E295-4C68-B35E-995D4B2D66D0}"
EndProject
Project("{FAE04EC0-301F-11D3-BF4B-00C04F79EFBC}") = "Atdi.DataModels", "..\---==ATDI==---\API_v2\Atdi.DataModels\Atdi.DataModels.csproj", "{506B3655-4706-42F8-87F1-FB13869AA4C1}"
EndProject
Project("{FAE04EC0-301F-11D3-BF4B-00C04F79EFBC}") = "Atdi.DataModels.Sdrns", "..\---==ATDI==---\API_v2\Atdi.DataModels.Sdrns\Atdi.DataModels.Sdrns.csproj", "{40EBB60E-FE75-40C7-94FA-DDBADA32F58C}"
EndProject
Project("{FAE04EC0-301F-11D3-BF4B-00C04F79EFBC}") = "Atdi.DataModels.Sdrns.Device", "..\---==ATDI==---\API_v2\Atdi.DataModels.Sdrns.Device\Atdi.DataModels.Sdrns.Device.csproj", "{4670DA92-06CF-4CE4-BBF8-67353A907BD0}"
EndProject
Global
	GlobalSection(SolutionConfigurationPlatforms) = preSolution
		Debug|Any CPU = Debug|Any CPU
		Debug|x64 = Debug|x64
		Debug|x86 = Debug|x86
		Release|Any CPU = Release|Any CPU
		Release|x64 = Release|x64
		Release|x86 = Release|x86
	EndGlobalSection
	GlobalSection(ProjectConfigurationPlatforms) = postSolution
		{AC02473D-87E7-4F55-81E7-43A953F7BCF5}.Debug|Any CPU.ActiveCfg = Debug|Any CPU
		{AC02473D-87E7-4F55-81E7-43A953F7BCF5}.Debug|Any CPU.Build.0 = Debug|Any CPU
		{AC02473D-87E7-4F55-81E7-43A953F7BCF5}.Debug|x64.ActiveCfg = Debug|x64
		{AC02473D-87E7-4F55-81E7-43A953F7BCF5}.Debug|x64.Build.0 = Debug|x64
		{AC02473D-87E7-4F55-81E7-43A953F7BCF5}.Debug|x86.ActiveCfg = Debug|Any CPU
		{AC02473D-87E7-4F55-81E7-43A953F7BCF5}.Debug|x86.Build.0 = Debug|Any CPU
		{AC02473D-87E7-4F55-81E7-43A953F7BCF5}.Release|Any CPU.ActiveCfg = Release|Any CPU
		{AC02473D-87E7-4F55-81E7-43A953F7BCF5}.Release|Any CPU.Build.0 = Release|Any CPU
		{AC02473D-87E7-4F55-81E7-43A953F7BCF5}.Release|x64.ActiveCfg = Release|x64
		{AC02473D-87E7-4F55-81E7-43A953F7BCF5}.Release|x64.Build.0 = Release|x64
		{AC02473D-87E7-4F55-81E7-43A953F7BCF5}.Release|x86.ActiveCfg = Release|Any CPU
		{AC02473D-87E7-4F55-81E7-43A953F7BCF5}.Release|x86.Build.0 = Release|Any CPU
		{53C9EA7E-D66A-4E17-B54D-E6E0B3947EFA}.Debug|Any CPU.ActiveCfg = Debug|Any CPU
		{53C9EA7E-D66A-4E17-B54D-E6E0B3947EFA}.Debug|Any CPU.Build.0 = Debug|Any CPU
		{53C9EA7E-D66A-4E17-B54D-E6E0B3947EFA}.Debug|x64.ActiveCfg = Debug|Any CPU
		{53C9EA7E-D66A-4E17-B54D-E6E0B3947EFA}.Debug|x64.Build.0 = Debug|Any CPU
		{53C9EA7E-D66A-4E17-B54D-E6E0B3947EFA}.Debug|x86.ActiveCfg = Debug|x86
		{53C9EA7E-D66A-4E17-B54D-E6E0B3947EFA}.Debug|x86.Build.0 = Debug|x86
		{53C9EA7E-D66A-4E17-B54D-E6E0B3947EFA}.Release|Any CPU.ActiveCfg = Release|Any CPU
		{53C9EA7E-D66A-4E17-B54D-E6E0B3947EFA}.Release|Any CPU.Build.0 = Release|Any CPU
		{53C9EA7E-D66A-4E17-B54D-E6E0B3947EFA}.Release|x64.ActiveCfg = Release|Any CPU
		{53C9EA7E-D66A-4E17-B54D-E6E0B3947EFA}.Release|x64.Build.0 = Release|Any CPU
		{53C9EA7E-D66A-4E17-B54D-E6E0B3947EFA}.Release|x86.ActiveCfg = Release|x86
		{53C9EA7E-D66A-4E17-B54D-E6E0B3947EFA}.Release|x86.Build.0 = Release|x86
		{53E67055-13D2-4467-BB57-79589AFAC2CD}.Debug|Any CPU.ActiveCfg = Debug|Any CPU
		{53E67055-13D2-4467-BB57-79589AFAC2CD}.Debug|Any CPU.Build.0 = Debug|Any CPU
		{53E67055-13D2-4467-BB57-79589AFAC2CD}.Debug|x64.ActiveCfg = Debug|Any CPU
		{53E67055-13D2-4467-BB57-79589AFAC2CD}.Debug|x64.Build.0 = Debug|Any CPU
		{53E67055-13D2-4467-BB57-79589AFAC2CD}.Debug|x86.ActiveCfg = Debug|Any CPU
		{53E67055-13D2-4467-BB57-79589AFAC2CD}.Debug|x86.Build.0 = Debug|Any CPU
		{53E67055-13D2-4467-BB57-79589AFAC2CD}.Release|Any CPU.ActiveCfg = Release|Any CPU
		{53E67055-13D2-4467-BB57-79589AFAC2CD}.Release|Any CPU.Build.0 = Release|Any CPU
		{53E67055-13D2-4467-BB57-79589AFAC2CD}.Release|x64.ActiveCfg = Release|Any CPU
		{53E67055-13D2-4467-BB57-79589AFAC2CD}.Release|x64.Build.0 = Release|Any CPU
		{53E67055-13D2-4467-BB57-79589AFAC2CD}.Release|x86.ActiveCfg = Release|Any CPU
		{53E67055-13D2-4467-BB57-79589AFAC2CD}.Release|x86.Build.0 = Release|Any CPU
		{47BCAA39-EDAD-4404-B6BD-4742B0ABB523}.Debug|Any CPU.ActiveCfg = Debug|Any CPU
		{47BCAA39-EDAD-4404-B6BD-4742B0ABB523}.Debug|Any CPU.Build.0 = Debug|Any CPU
		{47BCAA39-EDAD-4404-B6BD-4742B0ABB523}.Debug|x64.ActiveCfg = Debug|Any CPU
		{47BCAA39-EDAD-4404-B6BD-4742B0ABB523}.Debug|x64.Build.0 = Debug|Any CPU
		{47BCAA39-EDAD-4404-B6BD-4742B0ABB523}.Debug|x86.ActiveCfg = Debug|Any CPU
		{47BCAA39-EDAD-4404-B6BD-4742B0ABB523}.Debug|x86.Build.0 = Debug|Any CPU
		{47BCAA39-EDAD-4404-B6BD-4742B0ABB523}.Release|Any CPU.ActiveCfg = Release|Any CPU
		{47BCAA39-EDAD-4404-B6BD-4742B0ABB523}.Release|Any CPU.Build.0 = Release|Any CPU
		{47BCAA39-EDAD-4404-B6BD-4742B0ABB523}.Release|x64.ActiveCfg = Release|Any CPU
		{47BCAA39-EDAD-4404-B6BD-4742B0ABB523}.Release|x64.Build.0 = Release|Any CPU
		{47BCAA39-EDAD-4404-B6BD-4742B0ABB523}.Release|x86.ActiveCfg = Release|Any CPU
		{47BCAA39-EDAD-4404-B6BD-4742B0ABB523}.Release|x86.Build.0 = Release|Any CPU
		{5EF45533-E2C7-46F2-B4A3-B8F36CD406E0}.Debug|Any CPU.ActiveCfg = Debug|Any CPU
		{5EF45533-E2C7-46F2-B4A3-B8F36CD406E0}.Debug|Any CPU.Build.0 = Debug|Any CPU
		{5EF45533-E2C7-46F2-B4A3-B8F36CD406E0}.Debug|x64.ActiveCfg = Debug|Any CPU
		{5EF45533-E2C7-46F2-B4A3-B8F36CD406E0}.Debug|x64.Build.0 = Debug|Any CPU
		{5EF45533-E2C7-46F2-B4A3-B8F36CD406E0}.Debug|x86.ActiveCfg = Debug|Any CPU
		{5EF45533-E2C7-46F2-B4A3-B8F36CD406E0}.Debug|x86.Build.0 = Debug|Any CPU
		{5EF45533-E2C7-46F2-B4A3-B8F36CD406E0}.Release|Any CPU.ActiveCfg = Release|Any CPU
		{5EF45533-E2C7-46F2-B4A3-B8F36CD406E0}.Release|Any CPU.Build.0 = Release|Any CPU
		{5EF45533-E2C7-46F2-B4A3-B8F36CD406E0}.Release|x64.ActiveCfg = Release|Any CPU
		{5EF45533-E2C7-46F2-B4A3-B8F36CD406E0}.Release|x64.Build.0 = Release|Any CPU
		{5EF45533-E2C7-46F2-B4A3-B8F36CD406E0}.Release|x86.ActiveCfg = Release|Any CPU
		{5EF45533-E2C7-46F2-B4A3-B8F36CD406E0}.Release|x86.Build.0 = Release|Any CPU
		{09E46AA5-52C9-4D38-A86B-A26BC7846A75}.Debug|Any CPU.ActiveCfg = Debug|Any CPU
		{09E46AA5-52C9-4D38-A86B-A26BC7846A75}.Debug|Any CPU.Build.0 = Debug|Any CPU
		{09E46AA5-52C9-4D38-A86B-A26BC7846A75}.Debug|x64.ActiveCfg = Debug|Any CPU
		{09E46AA5-52C9-4D38-A86B-A26BC7846A75}.Debug|x64.Build.0 = Debug|Any CPU
		{09E46AA5-52C9-4D38-A86B-A26BC7846A75}.Debug|x86.ActiveCfg = Debug|Any CPU
		{09E46AA5-52C9-4D38-A86B-A26BC7846A75}.Debug|x86.Build.0 = Debug|Any CPU
		{09E46AA5-52C9-4D38-A86B-A26BC7846A75}.Release|Any CPU.ActiveCfg = Release|Any CPU
		{09E46AA5-52C9-4D38-A86B-A26BC7846A75}.Release|Any CPU.Build.0 = Release|Any CPU
		{09E46AA5-52C9-4D38-A86B-A26BC7846A75}.Release|x64.ActiveCfg = Release|Any CPU
		{09E46AA5-52C9-4D38-A86B-A26BC7846A75}.Release|x64.Build.0 = Release|Any CPU
		{09E46AA5-52C9-4D38-A86B-A26BC7846A75}.Release|x86.ActiveCfg = Release|Any CPU
		{09E46AA5-52C9-4D38-A86B-A26BC7846A75}.Release|x86.Build.0 = Release|Any CPU
		{CC08C3FA-E295-4C68-B35E-995D4B2D66D0}.Debug|Any CPU.ActiveCfg = Debug|Any CPU
		{CC08C3FA-E295-4C68-B35E-995D4B2D66D0}.Debug|Any CPU.Build.0 = Debug|Any CPU
		{CC08C3FA-E295-4C68-B35E-995D4B2D66D0}.Debug|x64.ActiveCfg = Debug|Any CPU
		{CC08C3FA-E295-4C68-B35E-995D4B2D66D0}.Debug|x64.Build.0 = Debug|Any CPU
		{CC08C3FA-E295-4C68-B35E-995D4B2D66D0}.Debug|x86.ActiveCfg = Debug|Any CPU
		{CC08C3FA-E295-4C68-B35E-995D4B2D66D0}.Debug|x86.Build.0 = Debug|Any CPU
		{CC08C3FA-E295-4C68-B35E-995D4B2D66D0}.Release|Any CPU.ActiveCfg = Release|Any CPU
		{CC08C3FA-E295-4C68-B35E-995D4B2D66D0}.Release|Any CPU.Build.0 = Release|Any CPU
		{CC08C3FA-E295-4C68-B35E-995D4B2D66D0}.Release|x64.ActiveCfg = Release|Any CPU
		{CC08C3FA-E295-4C68-B35E-995D4B2D66D0}.Release|x64.Build.0 = Release|Any CPU
		{CC08C3FA-E295-4C68-B35E-995D4B2D66D0}.Release|x86.ActiveCfg = Release|Any CPU
		{CC08C3FA-E295-4C68-B35E-995D4B2D66D0}.Release|x86.Build.0 = Release|Any CPU
		{506B3655-4706-42F8-87F1-FB13869AA4C1}.Debug|Any CPU.ActiveCfg = Debug|Any CPU
		{506B3655-4706-42F8-87F1-FB13869AA4C1}.Debug|Any CPU.Build.0 = Debug|Any CPU
		{506B3655-4706-42F8-87F1-FB13869AA4C1}.Debug|x64.ActiveCfg = Debug|Any CPU
		{506B3655-4706-42F8-87F1-FB13869AA4C1}.Debug|x64.Build.0 = Debug|Any CPU
		{506B3655-4706-42F8-87F1-FB13869AA4C1}.Debug|x86.ActiveCfg = Debug|Any CPU
		{506B3655-4706-42F8-87F1-FB13869AA4C1}.Debug|x86.Build.0 = Debug|Any CPU
		{506B3655-4706-42F8-87F1-FB13869AA4C1}.Release|Any CPU.ActiveCfg = Release|Any CPU
		{506B3655-4706-42F8-87F1-FB13869AA4C1}.Release|Any CPU.Build.0 = Release|Any CPU
		{506B3655-4706-42F8-87F1-FB13869AA4C1}.Release|x64.ActiveCfg = Release|Any CPU
		{506B3655-4706-42F8-87F1-FB13869AA4C1}.Release|x64.Build.0 = Release|Any CPU
		{506B3655-4706-42F8-87F1-FB13869AA4C1}.Release|x86.ActiveCfg = Release|Any CPU
		{506B3655-4706-42F8-87F1-FB13869AA4C1}.Release|x86.Build.0 = Release|Any CPU
		{40EBB60E-FE75-40C7-94FA-DDBADA32F58C}.Debug|Any CPU.ActiveCfg = Debug|Any CPU
		{40EBB60E-FE75-40C7-94FA-DDBADA32F58C}.Debug|Any CPU.Build.0 = Debug|Any CPU
		{40EBB60E-FE75-40C7-94FA-DDBADA32F58C}.Debug|x64.ActiveCfg = Debug|Any CPU
		{40EBB60E-FE75-40C7-94FA-DDBADA32F58C}.Debug|x64.Build.0 = Debug|Any CPU
		{40EBB60E-FE75-40C7-94FA-DDBADA32F58C}.Debug|x86.ActiveCfg = Debug|Any CPU
		{40EBB60E-FE75-40C7-94FA-DDBADA32F58C}.Debug|x86.Build.0 = Debug|Any CPU
		{40EBB60E-FE75-40C7-94FA-DDBADA32F58C}.Release|Any CPU.ActiveCfg = Release|Any CPU
		{40EBB60E-FE75-40C7-94FA-DDBADA32F58C}.Release|Any CPU.Build.0 = Release|Any CPU
		{40EBB60E-FE75-40C7-94FA-DDBADA32F58C}.Release|x64.ActiveCfg = Release|Any CPU
		{40EBB60E-FE75-40C7-94FA-DDBADA32F58C}.Release|x64.Build.0 = Release|Any CPU
		{40EBB60E-FE75-40C7-94FA-DDBADA32F58C}.Release|x86.ActiveCfg = Release|Any CPU
		{40EBB60E-FE75-40C7-94FA-DDBADA32F58C}.Release|x86.Build.0 = Release|Any CPU
		{4670DA92-06CF-4CE4-BBF8-67353A907BD0}.Debug|Any CPU.ActiveCfg = Debug|Any CPU
		{4670DA92-06CF-4CE4-BBF8-67353A907BD0}.Debug|Any CPU.Build.0 = Debug|Any CPU
		{4670DA92-06CF-4CE4-BBF8-67353A907BD0}.Debug|x64.ActiveCfg = Debug|Any CPU
		{4670DA92-06CF-4CE4-BBF8-67353A907BD0}.Debug|x64.Build.0 = Debug|Any CPU
		{4670DA92-06CF-4CE4-BBF8-67353A907BD0}.Debug|x86.ActiveCfg = Debug|Any CPU
		{4670DA92-06CF-4CE4-BBF8-67353A907BD0}.Debug|x86.Build.0 = Debug|Any CPU
		{4670DA92-06CF-4CE4-BBF8-67353A907BD0}.Release|Any CPU.ActiveCfg = Release|Any CPU
		{4670DA92-06CF-4CE4-BBF8-67353A907BD0}.Release|Any CPU.Build.0 = Release|Any CPU
		{4670DA92-06CF-4CE4-BBF8-67353A907BD0}.Release|x64.ActiveCfg = Release|Any CPU
		{4670DA92-06CF-4CE4-BBF8-67353A907BD0}.Release|x64.Build.0 = Release|Any CPU
		{4670DA92-06CF-4CE4-BBF8-67353A907BD0}.Release|x86.ActiveCfg = Release|Any CPU
		{4670DA92-06CF-4CE4-BBF8-67353A907BD0}.Release|x86.Build.0 = Release|Any CPU
	EndGlobalSection
	GlobalSection(SolutionProperties) = preSolution
		HideSolutionNode = FALSE
	EndGlobalSection
	GlobalSection(NestedProjects) = preSolution
		{09E46AA5-52C9-4D38-A86B-A26BC7846A75} = {901E9B4A-9239-4A50-AEB2-1D4B3795CCD7}
		{CC08C3FA-E295-4C68-B35E-995D4B2D66D0} = {901E9B4A-9239-4A50-AEB2-1D4B3795CCD7}
		{506B3655-4706-42F8-87F1-FB13869AA4C1} = {901E9B4A-9239-4A50-AEB2-1D4B3795CCD7}
		{40EBB60E-FE75-40C7-94FA-DDBADA32F58C} = {901E9B4A-9239-4A50-AEB2-1D4B3795CCD7}
		{4670DA92-06CF-4CE4-BBF8-67353A907BD0} = {901E9B4A-9239-4A50-AEB2-1D4B3795CCD7}
	EndGlobalSection
EndGlobal
